{"SurveyEntry":{"SurveyID":"SV_3Je0vrVlnsVtqD3","SurveyName":"Attribute Spacing Heuristic Accuracy","SurveyDescription":null,"SurveyOwnerID":"URH_dnm0MTuAZukYnYg","SurveyBrandID":"osu","DivisionID":"DV_ebAsorNWF7UuYux","SurveyLanguage":"EN","SurveyActiveResponseSet":"RS_8IAM3E6cpCBpCf3","SurveyStatus":"Active","SurveyStartDate":"0000-00-00 00:00:00","SurveyExpirationDate":"0000-00-00 00:00:00","SurveyCreationDate":"2014-12-04 11:23:01","CreatorID":"URH_dnm0MTuAZukYnYg","LastModified":"2020-03-20 09:25:12","LastAccessed":"0000-00-00 00:00:00","LastActivated":"2015-01-09 13:35:07","Deleted":null},"SurveyElements":[{"SurveyID":"SV_3Je0vrVlnsVtqD3","Element":"BL","PrimaryAttribute":"Survey Blocks","SecondaryAttribute":null,"TertiaryAttribute":null,"Payload":{"1":{"Type":"Trash","Description":"Trash \/ Unused Questions","ID":"BL_d4D69rb4UH4oYAZ","BlockElements":[]},"4":{"Type":"Standard","Description":"Intro","ID":"BL_bHLc4k7jgtEU49D","BlockElements":[{"Type":"Question","QuestionID":"QID43"}]},"30":{"Type":"Standard","Description":"Manipulations","ID":"BL_eeod6RftPLZf2uh","BlockElements":[{"Type":"Question","QuestionID":"QID575"},{"Type":"Question","QuestionID":"QID627"},{"Type":"Question","QuestionID":"QID628"},{"Type":"Question","QuestionID":"QID629"},{"Type":"Question","QuestionID":"QID630"}],"Options":{"BlockLocking":"false","RandomizeQuestions":"Advanced","Randomization":{"EvenPresentation":true,"Advanced":{"FixedOrder":["{~SubSet~}"],"RandomizeAll":[],"RandomSubSet":["QID575","QID627","QID628","QID629","QID630"],"Undisplayed":[],"TotalRandSubset":1,"QuestionsPerPage":"1"}}}},"35":{"Type":"Standard","Description":"End","ID":"BL_cCoacOSMm0zKoPr","BlockElements":[{"Type":"Question","QuestionID":"QID47"},{"Type":"Question","QuestionID":"QID49"},{"Type":"Question","QuestionID":"QID50"},{"Type":"Question","QuestionID":"QID51"},{"Type":"Question","QuestionID":"QID52"},{"Type":"Question","QuestionID":"QID53"},{"Type":"Question","QuestionID":"QID55"},{"Type":"Page Break"},{"Type":"Question","QuestionID":"QID233"}]}}},{"SurveyID":"SV_3Je0vrVlnsVtqD3","Element":"BR","PrimaryAttribute":"BL_eeod6RftPLZf2uh","SecondaryAttribute":null,"TertiaryAttribute":null,"Payload":{"QID575":8,"QID630":10,"QID629":3,"QID628":6,"QID627":7}},{"SurveyID":"SV_3Je0vrVlnsVtqD3","Element":"FL","PrimaryAttribute":"Survey Flow","SecondaryAttribute":null,"TertiaryAttribute":null,"Payload":{"Type":"Root","FlowID":"FL_1","Flow":[{"Type":"WebService","FlowID":"FL_42","URL":"http:\/\/reporting.qualtrics.com\/projects\/randomNumGen.php","RequestParams":[{"key":"min","value":"1"},{"key":"max","value":"99999"}],"ResponseMap":[{"key":"random","value":"mturkcode"}]},{"Type":"Standard","ID":"BL_bHLc4k7jgtEU49D","FlowID":"FL_6"},{"Type":"Block","ID":"BL_eeod6RftPLZf2uh","FlowID":"FL_124"},{"Type":"Standard","ID":"BL_cCoacOSMm0zKoPr","FlowID":"FL_120"}],"Properties":{"Count":124}}},{"SurveyID":"SV_3Je0vrVlnsVtqD3","Element":"SO","PrimaryAttribute":"Survey Options","SecondaryAttribute":null,"TertiaryAttribute":null,"Payload":{"BackButton":"false","SaveAndContinue":"true","SurveyProtection":"PublicSurvey","BallotBoxStuffingPrevention":"true","OneCompletePerIP":"false","SurveyExpiration":null,"SurveyTermination":"DisplayMessage","Header":"","Footer":"","ProgressBarDisplay":"None","PartialData":"+1 week","ValidationMessage":null,"PreviousButton":"  <<  ","NextButton":"  >>  ","SkinLibrary":"casosu","SkinType":"MQ","Skin":"skin1","GradingCategories":null,"ScoringCategoryMap":null,"ScoringCategoryCounter":null,"DefaultScoringCategory":null,"ExternalCSS":null,"CustomStyles":{"errorStyles":{"selector":".Skin .ValidationError","styles":{"color":null,"backgroundColor":null,"borderColor":null}},"errorStylesBG":{"selector":".Skin .HeaderValidationError, .Skin .HeaderValidationError li a","styles":{"color":null,"backgroundColor":null}},"pageStyles":{"selector":"#SurveyEngineBody","styles":{"backgroundColor":null}},"textStyles":{"selector":".SkinInner","styles":{"fontFamily":"times new roman, times, serif","fontSize":"100%","fontWeight":null,"fontStyle":null,"textDecoration":null,"color":null}},"questionStyles":{"selector":".Skin .QuestionText","styles":{"fontFamily":"times new roman, times, serif","fontSize":"12pt","fontWeight":"normal","fontStyle":"normal","textDecoration":"none","color":null}},"choiceStyles":{"selector":".Skin .horizontalbar th.ylabel, .Skin .Matrix table td, .Skin .Matrix table th, .Skin .Matrix table thead th, .Skin .Matrix table thead td, .Skin .PGR .DragAndDrop .Items label, .Skin .QuestionBody ul.ChoiceStructure, .Skin .PGR .DragAndDrop .Group ul, .Skin .PGR .DragAndDrop .Group h2, .Skin .PGR .DragAndDrop .Items ul, .Skin .PGR .DragAndDrop .Items h2, .Skin .DD .QuestionBody table.ChoiceStructure, .Skin .PGR .DragAndDrop .NoColumns td.groupsContainerTd div ul, .Skin .PGR .DragAndDrop .NoColumns td.groupsContainerTd div h2, .Skin .SBS thead th, .Skin .SBS td, .Skin .SBS .Answers td, .Skin .SBS .Answers th, .SBS table.ChoiceStructure, .Skin .horizontalbar thead table.LabelDescriptions tr td, .Skin .horizontalbar thead tr td.NotApplicable, .QuestionBody th, .Skin .QuestionBody .MC .MAVR label, .Skin .QuestionBody .MC .SAVR label, .Skin .SBS thead th, .Skin .SBS td, .Skin .RO .DND ul li, .Skin .reg, .SkinInner .ChoiceStructure, .Skin thead, .Skin .GAP .ChoiceStructure thead th, .Skin .GAP .ChoiceStructure .c4, .Skin .GAP .ChoiceStructure th, .Skin .GAP .ChoiceStructure .WhyText, .SkinInner .ChoiceStructure .LightBG, .Skin .QuestionOuter.Highlight .Inner .reg, .Skin .QuestionOuter.Highlight .Inner .alt, .Skin .QuestionOuter.Highlight .Inner .ReadableAlt       ","styles":{"fontFamily":"times new roman, times, serif","fontSize":"12pt","fontWeight":"normal","fontStyle":"normal","textDecoration":"none","color":null}},"headerStyles":{"selector":".Skin div#Header","styles":{"color":null}},"footerStyles":{"selector":".Skin #Footer","styles":{"color":null}},"questionSeparatorStyles":{"selector":".Skin .Separator","styles":{"backgroundColor":null,"display":null}},"highlightStyles":{"selector":".Skin .QuestionOuter.Highlight .Inner, .Skin .QuestionOuter.Highlight .Inner .reg, .Skin .QuestionOuter.Highlight .Inner .alt, .Skin .QuestionOuter.Highlight .Inner .ReadableAlt","styles":{"backgroundColor":null}},"highlightStylesAlt":{"selector":".Skin .QuestionOuter.Highlight .Inner .ReadableAlt, .Skin .QuestionOuter.Highlight .Inner .LightBG","styles":{"backgroundColor":null}},"textEntryStyles":{"selector":".Skin select, .Skin .InputText","styles":{"color":null}},"borderStyles":{"selector":".Skin .CS .horizontalbar table.sliderGrid tr.xlabel th, .Skin .CS .horizontalbar .ylabel, .Skin .CS .horizontalbar table.sliderGrid tr td.value, .Skin .Slider .horizontalbar table.sliderGrid tr.xlabel th, .Skin .BorderColor, .Skin .DarkBorderColor, .Skin .Slider .horizontalbar table.sliderGrid tr td.value, .Skin thead, .Skin .GAP .ChoiceStructure thead th  ","styles":{"borderColor":null}},"altRowStyles":{"selector":".Skin .ReadableAlt, .Skin .LightBG","styles":{"backgroundColor":null}},"customCSS":null},"libraryId":"","nextButtonMid":"","previousButtonMid":"","headerMid":"","footerMid":"","QuestionsPerPage":"","HighlightQuestions":"off","EOSMessage":"MS_80t9AZEi3AfXeTz","ShowExportTags":"false","SurveyTitle":" Survey","SurveyMetaDescription":"Survey Software, Enterprise Survey software for enterprise feedback management and CRM solutions.  Enables high-quality data collection, panel management and results analysis. Perfect for market research or CRM solution (Customer Relationship Management) integration.  Free trial and consultation.","PasswordProtection":"No","AnonymizeResponse":"No","Password":"","RefererCheck":"No","NoIndex":"No","RefererURL":"http:\/\/","EOSMessageLibrary":"URH_dnm0MTuAZukYnYg","EOSRedirectURL":"http:\/\/","EmailThankYou":"false","ThankYouEmailMessageLibrary":null,"ThankYouEmailMessage":null,"ValidateMessage":"false","ValidationMessageLibrary":null,"InactiveSurvey":"DefaultMessage","InactiveMessageLibrary":"","InactiveMessage":"","AvailableLanguages":{"EN":[]},"SkinQuestionWidth":700,"SurveyCreationDate":"2013-01-07 08:38:49","NewScoring":1,"ProtectSelectionIds":true,"SurveyName":"Attribute Spacing Heuristic Accuracy"}},{"SurveyID":"SV_3Je0vrVlnsVtqD3","Element":"SCO","PrimaryAttribute":"Scoring","SecondaryAttribute":null,"TertiaryAttribute":null,"Payload":{"ScoringCategories":[],"ScoringCategoryGroups":[],"ScoringSummaryCategory":null,"ScoringSummaryAfterQuestions":false,"ScoringSummaryAfterSurvey":false,"NextCategoryId":1,"NextGroupId":1,"DefaultScoringCategory":null,"ID":"Scoring"}},{"SurveyID":"SV_3Je0vrVlnsVtqD3","Element":"STAT","PrimaryAttribute":"Survey Statistics","SecondaryAttribute":null,"TertiaryAttribute":null,"Payload":{"MobileCompatible":true,"ID":"Survey Statistics"}},{"SurveyID":"SV_3Je0vrVlnsVtqD3","Element":"PROJ","PrimaryAttribute":"CORE","SecondaryAttribute":"1.0.0","TertiaryAttribute":null,"Payload":null},{"SurveyID":"SV_3Je0vrVlnsVtqD3","Element":"QC","PrimaryAttribute":"Survey Question Count","SecondaryAttribute":"630","TertiaryAttribute":null,"Payload":null},{"SurveyID":"SV_3Je0vrVlnsVtqD3","Element":"RS","PrimaryAttribute":"RS_8IAM3E6cpCBpCf3","SecondaryAttribute":"Default Response Set","TertiaryAttribute":null,"Payload":null},{"SurveyID":"SV_3Je0vrVlnsVtqD3","Element":"SQ","PrimaryAttribute":"QID47","SecondaryAttribute":"Finally, we would like you to answer a few\nquestions about yourself. This information will be very u","TertiaryAttribute":null,"Payload":{"QuestionText":"\n\n<p>Finally, we would like you to answer a few\nquestions about yourself. This information will be very useful in helping us\ndescribe the types of people who participated in our study.<\/p>\n\n","DefaultChoices":false,"DataExportTag":"Q48","QuestionType":"DB","Selector":"TB","Configuration":{"QuestionDescriptionOption":"UseText"},"QuestionDescription":"Finally, we would like you to answer a few\nquestions about yourself. This information will be very u...","ChoiceOrder":[],"Validation":{"Settings":{"Type":"None"}},"GradingData":[],"Language":[],"QuestionID":"QID47"}},{"SurveyID":"SV_3Je0vrVlnsVtqD3","Element":"SQ","PrimaryAttribute":"QID51","SecondaryAttribute":"How would you\ndescribe your race? Please check all\nthat apply.","TertiaryAttribute":null,"Payload":{"QuestionText":"\n\n<p>How would you\ndescribe your race? Please check all\nthat apply.<\/p>\n\n","DataExportTag":"Q56","QuestionType":"MC","Selector":"MAVR","SubSelector":"TX","Configuration":{"QuestionDescriptionOption":"UseText"},"QuestionDescription":"How would you\ndescribe your race? Please check all\nthat apply.","Choices":{"1":{"Display":"American Indian or Alaska Native"},"2":{"Display":"Asian"},"3":{"Display":"Black or African American"},"4":{"Display":"Native Hawaiian or Other Pacific Islander"},"5":{"Display":"White"},"6":{"Display":"Other"}},"ChoiceOrder":[1,2,3,4,5,6],"Validation":{"Settings":{"ForceResponse":"OFF","ForceResponseType":"ON","Type":"None"}},"Language":[],"QuestionID":"QID51"}},{"SurveyID":"SV_3Je0vrVlnsVtqD3","Element":"SQ","PrimaryAttribute":"QID575","SecondaryAttribute":"Imagine that\nyou are at a local coffee shop.\n \n\n The coffee\n shop offers coffees in three sizes:...","TertiaryAttribute":null,"Payload":{"QuestionText":"<font face=\"times new roman, times, serif\" size=\"3\">Imagine that you are at a local coffee shop.<\/font><div><font face=\"times new roman, times, serif\" size=\"3\"><br><\/font><\/div><div><font face=\"times new roman, times, serif\" size=\"3\">The coffee shop offers coffees in three sizes: 10 ounces, 12 ounces, and 20 ounces.<\/font><\/div><div><font face=\"times new roman, times, serif\" size=\"3\"><br><\/font><\/div><div><font face=\"times new roman, times, serif\" size=\"3\">How much would you be willing to pay for each coffee option?<\/font><\/div>","DefaultChoices":false,"DataExportTag":"Q575","QuestionID":"QID575","QuestionType":"TE","Selector":"FORM","Configuration":{"QuestionDescriptionOption":"UseText","TextPosition":"inline"},"QuestionDescription":"Imagine that\nyou are at a local coffee shop.\n \n\n The coffee\n shop offers coffees in three sizes:...","Choices":{"1":{"Display":"20 ounces &nbsp; &nbsp; &nbsp; &nbsp; &nbsp; &nbsp; &nbsp; &nbsp; &nbsp; &nbsp; &nbsp; &nbsp; &nbsp; &nbsp; &nbsp; $","InputWidth":70,"TextEntry":"on"},"2":{"Display":"12 ounces &nbsp; &nbsp; &nbsp; &nbsp; &nbsp; &nbsp; &nbsp; &nbsp; &nbsp; &nbsp; &nbsp; &nbsp; &nbsp; &nbsp; &nbsp; $","InputWidth":70,"TextEntry":"on"},"3":{"Display":"10 ounces &nbsp; &nbsp; &nbsp; &nbsp; &nbsp; &nbsp; &nbsp; &nbsp; &nbsp; &nbsp; &nbsp; &nbsp; &nbsp; &nbsp; &nbsp; $","InputWidth":70,"TextEntry":"on"}},"ChoiceOrder":[1,2,3],"Validation":{"Settings":{"ForceResponse":"ON","ForceResponseType":"ON","Type":null}},"GradingData":[],"Language":[]}},{"SurveyID":"SV_3Je0vrVlnsVtqD3","Element":"SQ","PrimaryAttribute":"QID627","SecondaryAttribute":"Imagine that\nyou are at a local coffee shop.\n \n\n The coffee\n shop offers coffees in three sizes:...","TertiaryAttribute":null,"Payload":{"QuestionText":"<font face=\"times new roman, times, serif\" size=\"3\">Imagine that you are at a local coffee shop.<\/font><div><font face=\"times new roman, times, serif\" size=\"3\"><br><\/font><\/div><div><font face=\"times new roman, times, serif\" size=\"3\">The coffee shop offers coffees in three sizes: 10 ounces, 14 ounces, and 20 ounces.<\/font><\/div><div><font face=\"times new roman, times, serif\" size=\"3\"><br><\/font><\/div><div><font face=\"times new roman, times, serif\" size=\"3\">How much would you be willing to pay for each coffee option?<\/font><\/div>","DefaultChoices":false,"DataExportTag":"Q19","QuestionType":"TE","Selector":"FORM","Configuration":{"QuestionDescriptionOption":"UseText"},"QuestionDescription":"Imagine that\nyou are at a local coffee shop.\n \n\n The coffee\n shop offers coffees in three sizes:...","Choices":{"1":{"Display":"20 ounces &nbsp; &nbsp; &nbsp; &nbsp; &nbsp; &nbsp; &nbsp; &nbsp; &nbsp; &nbsp; &nbsp; &nbsp; &nbsp; &nbsp; &nbsp; $","TextEntry":"on","InputWidth":70},"2":{"Display":"14 ounces &nbsp; &nbsp; &nbsp; &nbsp; &nbsp; &nbsp; &nbsp; &nbsp; &nbsp; &nbsp; &nbsp; &nbsp; &nbsp; &nbsp; &nbsp; $","TextEntry":"on","InputWidth":70},"3":{"Display":"10 ounces &nbsp; &nbsp; &nbsp; &nbsp; &nbsp; &nbsp; &nbsp; &nbsp; &nbsp; &nbsp; &nbsp; &nbsp; &nbsp; &nbsp; &nbsp; $","TextEntry":"on","InputWidth":70}},"ChoiceOrder":[1,2,3],"Validation":{"Settings":{"ForceResponse":"ON","ForceResponseType":"ON","Type":null}},"GradingData":[],"Language":[],"QuestionID":"QID627"}},{"SurveyID":"SV_3Je0vrVlnsVtqD3","Element":"SQ","PrimaryAttribute":"QID628","SecondaryAttribute":"Imagine that\nyou are at a local coffee shop.\n \n\n The coffee\n shop offers coffees in three sizes:...","TertiaryAttribute":null,"Payload":{"QuestionText":"<font face=\"times new roman, times, serif\" size=\"3\">Imagine that you are at a local coffee shop.<\/font><div><font face=\"times new roman, times, serif\" size=\"3\"><br><\/font><\/div><div><font face=\"times new roman, times, serif\" size=\"3\">The coffee shop offers coffees in three sizes: 10 ounces, 15 ounces, and 20 ounces.<\/font><\/div><div><font face=\"times new roman, times, serif\" size=\"3\"><br><\/font><\/div><div><font face=\"times new roman, times, serif\" size=\"3\">How much would you be willing to pay for each coffee option?<\/font><\/div>","DefaultChoices":false,"DataExportTag":"Q20","QuestionType":"TE","Selector":"FORM","Configuration":{"QuestionDescriptionOption":"UseText"},"QuestionDescription":"Imagine that\nyou are at a local coffee shop.\n \n\n The coffee\n shop offers coffees in three sizes:...","Choices":{"1":{"Display":"20 ounces &nbsp; &nbsp; &nbsp; &nbsp; &nbsp; &nbsp; &nbsp; &nbsp; &nbsp; &nbsp; &nbsp; &nbsp; &nbsp; &nbsp; &nbsp; $","TextEntry":"on","InputWidth":70},"2":{"Display":"15 ounces &nbsp; &nbsp; &nbsp; &nbsp; &nbsp; &nbsp; &nbsp; &nbsp; &nbsp; &nbsp; &nbsp; &nbsp; &nbsp; &nbsp; &nbsp; $","TextEntry":"on","InputWidth":70},"3":{"Display":"10 ounces &nbsp; &nbsp; &nbsp; &nbsp; &nbsp; &nbsp; &nbsp; &nbsp; &nbsp; &nbsp; &nbsp; &nbsp; &nbsp; &nbsp; &nbsp; $","TextEntry":"on","InputWidth":70}},"ChoiceOrder":[1,2,3],"Validation":{"Settings":{"ForceResponse":"ON","ForceResponseType":"ON","Type":null}},"GradingData":[],"Language":[],"QuestionID":"QID628"}},{"SurveyID":"SV_3Je0vrVlnsVtqD3","Element":"SQ","PrimaryAttribute":"QID629","SecondaryAttribute":"Imagine that\nyou are at a local coffee shop.\n \n\n The coffee\n shop offers coffees in three sizes:...","TertiaryAttribute":null,"Payload":{"QuestionText":"<font face=\"times new roman, times, serif\" size=\"3\">Imagine that you are at a local coffee shop.<\/font><div><font face=\"times new roman, times, serif\" size=\"3\"><br><\/font><\/div><div><font face=\"times new roman, times, serif\" size=\"3\">The coffee shop offers coffees in three sizes: 10 ounces, 16 ounces, and 20 ounces.<\/font><\/div><div><font face=\"times new roman, times, serif\" size=\"3\"><br><\/font><\/div><div><font face=\"times new roman, times, serif\" size=\"3\">How much would you be willing to pay for each coffee option?<\/font><\/div>","DefaultChoices":false,"DataExportTag":"Q21","QuestionType":"TE","Selector":"FORM","Configuration":{"QuestionDescriptionOption":"UseText"},"QuestionDescription":"Imagine that\nyou are at a local coffee shop.\n \n\n The coffee\n shop offers coffees in three sizes:...","Choices":{"1":{"Display":"20 ounces &nbsp; &nbsp; &nbsp; &nbsp; &nbsp; &nbsp; &nbsp; &nbsp; &nbsp; &nbsp; &nbsp; &nbsp; &nbsp; &nbsp; &nbsp; $","TextEntry":"on","InputWidth":70},"2":{"Display":"16 ounces &nbsp; &nbsp; &nbsp; &nbsp; &nbsp; &nbsp; &nbsp; &nbsp; &nbsp; &nbsp; &nbsp; &nbsp; &nbsp; &nbsp; &nbsp; $","TextEntry":"on","InputWidth":70},"3":{"Display":"10 ounces &nbsp; &nbsp; &nbsp; &nbsp; &nbsp; &nbsp; &nbsp; &nbsp; &nbsp; &nbsp; &nbsp; &nbsp; &nbsp; &nbsp; &nbsp; $","TextEntry":"on","InputWidth":70}},"ChoiceOrder":[1,2,3],"Validation":{"Settings":{"ForceResponse":"ON","ForceResponseType":"ON","Type":null}},"GradingData":[],"Language":[],"QuestionID":"QID629"}},{"SurveyID":"SV_3Je0vrVlnsVtqD3","Element":"SQ","PrimaryAttribute":"QID630","SecondaryAttribute":"Imagine that\nyou are at a local coffee shop.\n \n\n The coffee\n shop offers coffees in three sizes:...","TertiaryAttribute":null,"Payload":{"QuestionText":"<font face=\"times new roman, times, serif\" size=\"3\">Imagine that you are at a local coffee shop.<\/font><div><font face=\"times new roman, times, serif\" size=\"3\"><br><\/font><\/div><div><font face=\"times new roman, times, serif\" size=\"3\">The coffee shop offers coffees in three sizes: 10 ounces, 18 ounces, and 20 ounces.<\/font><\/div><div><font face=\"times new roman, times, serif\" size=\"3\"><br><\/font><\/div><div><font face=\"times new roman, times, serif\" size=\"3\">How much would you be willing to pay for each coffee option?<\/font><\/div>","DefaultChoices":false,"DataExportTag":"Q22","QuestionType":"TE","Selector":"FORM","Configuration":{"QuestionDescriptionOption":"UseText"},"QuestionDescription":"Imagine that\nyou are at a local coffee shop.\n \n\n The coffee\n shop offers coffees in three sizes:...","Choices":{"1":{"Display":"20 ounces &nbsp; &nbsp; &nbsp; &nbsp; &nbsp; &nbsp; &nbsp; &nbsp; &nbsp; &nbsp; &nbsp; &nbsp; &nbsp; &nbsp; &nbsp; $","TextEntry":"on","InputWidth":70},"2":{"Display":"18 ounces &nbsp; &nbsp; &nbsp; &nbsp; &nbsp; &nbsp; &nbsp; &nbsp; &nbsp; &nbsp; &nbsp; &nbsp; &nbsp; &nbsp; &nbsp; $","TextEntry":"on","InputWidth":70},"3":{"Display":"10 ounces &nbsp; &nbsp; &nbsp; &nbsp; &nbsp; &nbsp; &nbsp; &nbsp; &nbsp; &nbsp; &nbsp; &nbsp; &nbsp; &nbsp; &nbsp; $","TextEntry":"on","InputWidth":70}},"ChoiceOrder":[1,2,3],"Validation":{"Settings":{"ForceResponse":"ON","ForceResponseType":"ON","Type":null}},"GradingData":[],"Language":[],"QuestionID":"QID630"}},{"SurveyID":"SV_3Je0vrVlnsVtqD3","Element":"SQ","PrimaryAttribute":"QID55","SecondaryAttribute":"Is English your first language? Please check one.","TertiaryAttribute":null,"Payload":{"QuestionText":"Is English your first language? Please check one.","DataExportTag":"Q64","QuestionType":"MC","Selector":"SAVR","SubSelector":"TX","Configuration":{"QuestionDescriptionOption":"UseText"},"QuestionDescription":"Is English your first language? Please check one.","Choices":{"1":{"Display":"Yes"},"2":{"Display":"No"}},"ChoiceOrder":[1,2],"Validation":{"Settings":{"ForceResponse":"OFF","ForceResponseType":"ON","Type":"None"}},"Language":[],"QuestionID":"QID55"}},{"SurveyID":"SV_3Je0vrVlnsVtqD3","Element":"SQ","PrimaryAttribute":"QID233","SecondaryAttribute":"Thank you for completing this study.\n \n Your payment code for Mechanical Turk\n is:\u00a0${e:\/\/Field\/mtur","TertiaryAttribute":null,"Payload":{"QuestionText":"Thank you for completing this study.<br>\n<div>\n\t<br>\n\tYour payment code for Mechanical Turk is:&nbsp;${e:\/\/Field\/mturkcode}<br>\n\t<br>\n\tPlease press the \"&gt;&gt;\" to finish up.<br>\n\t<br>\n\tYou MUST press the \"&gt;&gt;\" button or we will not receive your data and you will not receive payment.<\/div>","DefaultChoices":false,"DataExportTag":"Q233","QuestionID":"QID233","QuestionType":"DB","Selector":"TB","Configuration":{"QuestionDescriptionOption":"UseText"},"QuestionDescription":"Thank you for completing this study.\n \n Your payment code for Mechanical Turk\n is:\u00a0${e:\/\/Field\/mturkcode}\n Please press the \" \" to finish up.\n You MUST press the \" \" button or we will not receive y...","ChoiceOrder":[],"Validation":{"Settings":{"Type":"None"}},"GradingData":[],"Language":[]}},{"SurveyID":"SV_3Je0vrVlnsVtqD3","Element":"SQ","PrimaryAttribute":"QID43","SecondaryAttribute":"Welcome to the SchleyLabs survey. The current research is supported by the University of Colorado -.","TertiaryAttribute":null,"Payload":{"QuestionText":"Welcome to the SchleyLabs survey.&nbsp;<div><br><\/div><div>The current research is supported by the University of Colorado - Boulder and the Ohio State University.&nbsp;<div><br><\/div><div>Please read all instructions carefully before answering questions.&nbsp;<\/div><div><br><\/div><div>Thank you for your time and consideration.&nbsp;<\/div><div><br><\/div><div>Please press the \"&gt;&gt;\" button to begin.<\/div><\/div>","DefaultChoices":false,"DataExportTag":"Q44","QuestionType":"DB","Selector":"TB","Configuration":{"QuestionDescriptionOption":"UseText"},"QuestionDescription":"Welcome to the SchleyLabs survey. The current research is supported by the University of Colorado -...","ChoiceOrder":[],"Validation":{"Settings":{"Type":"None"}},"GradingData":[],"Language":[],"QuestionID":"QID43"}},{"SurveyID":"SV_3Je0vrVlnsVtqD3","Element":"SQ","PrimaryAttribute":"QID50","SecondaryAttribute":"What\nis your age in years?","TertiaryAttribute":null,"Payload":{"QuestionText":"What\nis your age in years? ","DefaultChoices":false,"DataExportTag":"Q54","QuestionType":"RO","Selector":"VR","SubSelector":"TX","Configuration":{"QuestionDescriptionOption":"UseText"},"QuestionDescription":"What\nis your age in years?","Choices":{"1":{"Display":"Years"}},"ChoiceOrder":[1],"Validation":{"Settings":{"ForceResponse":"OFF","Type":"None"}},"GradingData":[],"Language":[],"QuestionID":"QID50"}},{"SurveyID":"SV_3Je0vrVlnsVtqD3","Element":"SQ","PrimaryAttribute":"QID52","SecondaryAttribute":"What is your\nhighest level of education completed? Please check one.","TertiaryAttribute":null,"Payload":{"QuestionText":"\n\n<p>What is your\nhighest level of education completed? Please check one.<\/p>\n\n","DataExportTag":"Q58","QuestionType":"MC","Selector":"SAVR","SubSelector":"TX","Configuration":{"QuestionDescriptionOption":"UseText"},"QuestionDescription":"What is your\nhighest level of education completed? Please check one.","Choices":{"1":{"Display":"Some Highschool"},"2":{"Display":"Highschool\/ GED"},"3":{"Display":"Some College\/ 2 Year Degree"},"4":{"Display":"4 Year Degree"},"5":{"Display":"Some Graduate School"},"6":{"Display":"Graduate Degree"}},"ChoiceOrder":[1,2,3,4,5,6],"Validation":{"Settings":{"ForceResponse":"OFF","ForceResponseType":"ON","Type":"None"}},"Language":[],"QuestionID":"QID52"}},{"SurveyID":"SV_3Je0vrVlnsVtqD3","Element":"SQ","PrimaryAttribute":"QID49","SecondaryAttribute":"What is your\nsex? Please check one.","TertiaryAttribute":null,"Payload":{"QuestionText":"\n\n<p>What is your\nsex? Please check one.<\/p>\n\n","DataExportTag":"Q52","QuestionType":"MC","Selector":"SAVR","SubSelector":"TX","Configuration":{"QuestionDescriptionOption":"UseText"},"QuestionDescription":"What is your\nsex? Please check one.","Choices":{"1":{"Display":"Male"},"2":{"Display":"Female"}},"ChoiceOrder":[1,2],"Validation":{"Settings":{"ForceResponse":"OFF","ForceResponseType":"ON","Type":"None"}},"Language":[],"QuestionID":"QID49"}},{"SurveyID":"SV_3Je0vrVlnsVtqD3","Element":"SQ","PrimaryAttribute":"QID53","SecondaryAttribute":"What is your household\nincome? Please check one.","TertiaryAttribute":null,"Payload":{"QuestionText":"\n\n<p>What is your household\nincome? Please check one.<\/p>\n\n","DataExportTag":"Q60","QuestionType":"MC","Selector":"SAVR","SubSelector":"TX","Configuration":{"QuestionDescriptionOption":"UseText"},"QuestionDescription":"What is your household\nincome? Please check one.","Choices":{"1":{"Display":"<$20,000"},"2":{"Display":"$20,000-$39,999"},"3":{"Display":"$40,000-$59,999"},"4":{"Display":"$60,000-$99,999"},"5":{"Display":"$100,000-$199,999"},"6":{"Display":">$200,000"}},"ChoiceOrder":[1,2,3,4,5,6],"Validation":{"Settings":{"ForceResponse":"OFF","ForceResponseType":"ON","Type":"None"}},"Language":[],"QuestionID":"QID53"}}]}