{"SurveyEntry":{"SurveyID":"SV_cwh7k3BH4OpTRB3","SurveyName":"Incentive Compatible Attribute Spacing Ordinal Labels","SurveyDescription":"Intermediate Attributes - Sequential Presentation","SurveyOwnerID":"UR_2uzkzGG2fCl8GIl","SurveyBrandID":"erasmusuniversity","DivisionID":"DV_25WJXMjN3km5G3r","SurveyLanguage":"EN","SurveyActiveResponseSet":"RS_eFGKlNJ2egjHhWZ","SurveyStatus":"Active","SurveyStartDate":"0000-00-00 00:00:00","SurveyExpirationDate":"0000-00-00 00:00:00","SurveyCreationDate":"2020-03-02 01:46:22","CreatorID":"UR_2uzkzGG2fCl8GIl","LastModified":"2020-03-20 08:57:30","LastAccessed":"0000-00-00 00:00:00","LastActivated":"2020-03-02 01:47:03","Deleted":null},"SurveyElements":[{"SurveyID":"SV_cwh7k3BH4OpTRB3","Element":"BL","PrimaryAttribute":"Survey Blocks","SecondaryAttribute":null,"TertiaryAttribute":null,"Payload":{"1":{"Type":"Trash","Description":"Trash \/ Unused Questions","ID":"BL_08odRmRxbYBrhbv","BlockElements":[],"Options":{"BlockLocking":"false","RandomizeQuestions":"false","BlockVisibility":"Expanded"}},"6":{"Type":"Standard","SubType":"","Description":"Demographics _end of survey","ID":"BL_1RMqAw866MVKvxH","BlockElements":[{"Type":"Question","QuestionID":"QID62"},{"Type":"Question","QuestionID":"QID63"},{"Type":"Page Break"},{"Type":"Question","QuestionID":"QID67"},{"Type":"Question","QuestionID":"QID68"},{"Type":"Page Break"},{"Type":"Question","QuestionID":"QID69"}],"Options":{"BlockLocking":"false","RandomizeQuestions":"false","BlockVisibility":"Expanded"}},"9":{"Type":"Standard","SubType":"","Description":"Intro questions","ID":"BL_dmMHHZGqjBMKJql","BlockElements":[{"Type":"Question","QuestionID":"QID112"}],"Options":{"BlockLocking":"false","RandomizeQuestions":"false","BlockVisibility":"Expanded"}},"16":{"Type":"Standard","Description":"Study","ID":"BL_5c1lFxbO7POjnXT","BlockElements":[{"Type":"Question","QuestionID":"QID119"},{"Type":"Page Break"},{"Type":"Question","QuestionID":"QID265"},{"Type":"Page Break"},{"Type":"Question","QuestionID":"QID266"},{"Type":"Question","QuestionID":"QID270"},{"Type":"Page Break"},{"Type":"Question","QuestionID":"QID178"},{"Type":"Question","QuestionID":"QID267"},{"Type":"Question","QuestionID":"QID268"},{"Type":"Question","QuestionID":"QID269"},{"Type":"Question","QuestionID":"QID271"}],"Options":{"BlockLocking":false,"RandomizeQuestions":"false","Randomization":{"EvenPresentation":false},"BlockVisibility":"Expanded"}}}},{"SurveyID":"SV_cwh7k3BH4OpTRB3","Element":"BR","PrimaryAttribute":"FL_10","SecondaryAttribute":null,"TertiaryAttribute":null,"Payload":{"FL_12":0,"FL_15":0,"FL_14":0,"FL_11":0,"FL_13":0}},{"SurveyID":"SV_cwh7k3BH4OpTRB3","Element":"BR","PrimaryAttribute":"FL_20","SecondaryAttribute":null,"TertiaryAttribute":null,"Payload":{"FL_21":0,"FL_51":0,"FL_23":0,"FL_52":0,"ID":"FL_20"}},{"SurveyID":"SV_cwh7k3BH4OpTRB3","Element":"BR","PrimaryAttribute":"FL_40","SecondaryAttribute":null,"TertiaryAttribute":null,"Payload":{"FL_39":0,"FL_42":0,"FL_41":0,"FL_43":0,"FL_47":0,"FL_50":0,"FL_49":0,"FL_48":0,"ID":"FL_40"}},{"SurveyID":"SV_cwh7k3BH4OpTRB3","Element":"BR","PrimaryAttribute":"FL_53","SecondaryAttribute":null,"TertiaryAttribute":null,"Payload":{"FL_61":0}},{"SurveyID":"SV_cwh7k3BH4OpTRB3","Element":"BR","PrimaryAttribute":"FL_62","SecondaryAttribute":null,"TertiaryAttribute":null,"Payload":{"FL_67":0}},{"SurveyID":"SV_cwh7k3BH4OpTRB3","Element":"FL","PrimaryAttribute":"Survey Flow","SecondaryAttribute":null,"TertiaryAttribute":null,"Payload":{"Type":"Root","FlowID":"FL_1","Flow":[{"Type":"EmbeddedData","FlowID":"FL_33","EmbeddedData":[{"Description":"PROLIFIC_PID","Type":"Recipient","Field":"PROLIFIC_PID","VariableType":"Nominal","DataVisibility":[]}]},{"Type":"BlockRandomizer","FlowID":"FL_20","SubSet":1,"EvenPresentation":true,"Flow":[{"Type":"EmbeddedData","FlowID":"FL_21","EmbeddedData":[{"Description":"spacing","Type":"Custom","Field":"spacing","VariableType":"Nominal","DataVisibility":[],"Value":"decel"},{"Description":"labels","Type":"Custom","Field":"labels","VariableType":"String","DataVisibility":[],"AnalyzeText":false,"Value":"no"}]},{"Type":"EmbeddedData","FlowID":"FL_313","EmbeddedData":[{"Description":"spacing","Type":"Custom","Field":"spacing","VariableType":"Nominal","DataVisibility":[],"Value":"accel"},{"Description":"labels","Type":"Custom","Field":"labels","VariableType":"String","DataVisibility":[],"AnalyzeText":false,"Value":"no"}]},{"Type":"EmbeddedData","FlowID":"FL_314","EmbeddedData":[{"Description":"spacing","Type":"Custom","Field":"spacing","VariableType":"Nominal","DataVisibility":[],"Value":"decel"},{"Description":"labels","Type":"Custom","Field":"labels","VariableType":"String","DataVisibility":[],"AnalyzeText":false,"Value":"yes"}]},{"Type":"EmbeddedData","FlowID":"FL_315","EmbeddedData":[{"Description":"spacing","Type":"Custom","Field":"spacing","VariableType":"Nominal","DataVisibility":[],"Value":"accel"},{"Description":"labels","Type":"Custom","Field":"labels","VariableType":"String","DataVisibility":[],"AnalyzeText":false,"Value":"yes"}]}]},{"Type":"Block","ID":"BL_dmMHHZGqjBMKJql","FlowID":"FL_72"},{"Type":"Block","ID":"BL_5c1lFxbO7POjnXT","FlowID":"FL_310"},{"Type":"Block","ID":"BL_1RMqAw866MVKvxH","FlowID":"FL_309"}],"Properties":{"Count":315,"RemovedFieldsets":[]}}},{"SurveyID":"SV_cwh7k3BH4OpTRB3","Element":"SO","PrimaryAttribute":"Survey Options","SecondaryAttribute":null,"TertiaryAttribute":null,"Payload":{"BackButton":"false","SaveAndContinue":"true","SurveyProtection":"PublicSurvey","BallotBoxStuffingPrevention":"true","NoIndex":"Yes","SurveyExpiration":null,"SurveyTermination":"Redirect","Header":"","Footer":"","ProgressBarDisplay":"None","PartialData":"+1 week","ValidationMessage":null,"PreviousButton":"  &lt;&lt;  ","NextButton":"  &gt;&gt;  ","SkinLibrary":"erasmusuniversity","SkinType":"templated","Skin":{"brandingId":null,"templateId":"*base","overrides":null},"NewScoring":1,"PreferJFE":false,"ProtectSelectionIds":true,"EOSMessage":"MS_5bwt1iSzMA9I6xL","ShowExportTags":"false","CollectGeoLocation":"false","SurveyTitle":"Online Survey Software | Qualtrics Survey Solutions","SurveyMetaDescription":"Qualtrics sophisticated online survey software solutions make creating online surveys easy. Learn more about Research Suite and get a free account today.","PasswordProtection":"No","AnonymizeResponse":"No","Password":"","RefererCheck":"No","RefererURL":"http:\/\/","EOSMessageLibrary":"UR_8czR4ImaO7oxPpP","EOSRedirectURL":"https:\/\/app.prolific.co\/submissions\/complete?cc=274DAA4C","EmailThankYou":"false","ThankYouEmailMessageLibrary":null,"ThankYouEmailMessage":null,"ValidateMessage":"false","ValidationMessageLibrary":null,"InactiveSurvey":"DefaultMessage","InactiveMessageLibrary":"","InactiveMessage":"","AvailableLanguages":{"EN":[]},"SecureResponseFiles":"false","ActiveResponseSet":null,"SurveyName":"Incentive Compatible Attribute Spacing Ordinal Labels","libraryId":"","nextButtonMid":"","previousButtonMid":"","headerMid":"","footerMid":"","QuestionsPerPage":"","PageTransition":"Slide","Autofocus":"false","Autoadvance":"false","AutoadvancePages":"false","CustomStyles":{"customCSS":"\/* Place your CSS here *\/\n@import url(\"https:\/\/use.fontawesome.com\/releases\/v5.6.1\/css\/all.css\");\n\n#stim_table{\n  width: 100%;\n  font-size: 12px;\n  background-color: #f1f4f8;\n  padding: 25px;\n  border-radius: 10px;\n  border-collapse: separate;\n  border-spacing: 25px 0px;\n  text-align: center;\n  font-family: 'Open Sans', 'HelveticaNeue', 'Helvetica Neue', Helvetica, Arial, sans-serif;\n}\n\n.stim_box{\n  width: 31.5%;\n  background-color: #FFFFFF;\n  border-radius: 10px;\n  padding: 15px;\n  vertical-align: top;\n}\n\n.charity_name{\n  font-size: 32px;\n  height: 2em;\n  line-height: 1em;\n}\n\n.charity_label{\n  font-size: 14px;\n  margin-top: 20px;\n  line-height: 1em;\n}\n\n.charity_percentage{\n  font-size: 48px;\n  line-height: 1em;\n}\n\n.charity_mission{\n  font-size: 12px;\n  line-height: 1em;\n}\n\n.nontarget{\n  color: #D3D3D3;\n}\n\n#stim_container {\n\tfont-family: sans-serif;\n\t-ms-text-size-adjust: 100%;\n\t-webkit-text-size-adjust: 100%;\n\tfont-size: 14px;\n\tbox-sizing: border-box;\n\tposition: relative;\n\tmin-height: 100%;\n\tmargin: 0;\n\tfont-family: arial, sans-serif;\n\tfont-size: 1rem;\n\tline-height: 1.5;\n\tcolor: #111111;\n\tbackground-color: #fff;\n\tmargin-bottom: 2.21429rem\n}\n\n#stim_container h6 {\n\tmargin-bottom: 0.5rem;\n\tmargin-top: 0;\n\tfont-size: 0.642rem;\n\tfont-family: ember, arial, sans-serif;\n\tfont-weight: 400;\n\tline-height: 1.1;\n\tcolor: inherit\n}\n\n#stim_container p {\n\tmargin-top: 0;\n\tmargin-bottom: 1rem\n}\n\n#stim_container ol,\n#stim_container ul,\n#stim_container dl {\n\tmargin-top: 0;\n\tmargin-bottom: 1rem\n}\n\n#stim_container ol ol,\n#stim_container ul ul,\n#stim_container ol ul,\n#stim_container ul ol {\n\tmargin-bottom: 0\n}\n\n#stim_container ol.table-frame {\n\tmargin: 0;\n\tpadding: 0\n}\n\n#stim_container ol.table-frame li {\n\tpadding: 0;\n\tmargin: 0;\n\tdisplay: -webkit-box;\n\tdisplay: -webkit-flex;\n\tdisplay: -moz-flex;\n\tdisplay: -ms-flexbox;\n\tdisplay: flex\n}\n\n#stim_container ol.table-frame>li {\n\tborder-bottom: 1px solid #DDDDDD\n}\n\n#stim_container ol.table-frame .desktop-row {\n\theight: 2.8568rem;\n\tcursor: pointer\n}\n\n#stim_container ol.table-frame .expandable .desktop-row {\n}\n\n#stim_container hr {\n  clear: both;\n  box-sizing: content-box;\n  height: 0;\n  margin: 0;\n  margin-bottom: 1rem;\n  border: 0;\n  border-top: 1px solid rgba(0, 0, 0, 0.1)\n}\n\n#stim_container *,\n#stim_container *::before,\n#stim_container *::after {\n  box-sizing: inherit\n}\n\n#stim_container .hit-set-table .requester-column {\n  -webkit-box-flex: 2;\n  -webkit-flex: 2;\n  -moz-box-flex: 2;\n  -moz-flex: 2;\n  -ms-flex: 2;\n  flex: 2\n}\n\n@media (max-width: 1023px) {\n  #stim_container .hit-set-table .requester-column {\n    -webkit-box-flex: 3;\n    -webkit-flex: 3;\n    -moz-box-flex: 3;\n    -moz-flex: 3;\n    -ms-flex: 3;\n    flex: 3\n  }\n}\n\n#stim_container .hit-set-table .project-name-column {\n  -webkit-box-flex: 4.5;\n  -webkit-flex: 4.5;\n  -moz-box-flex: 4.5;\n  -moz-flex: 4.5;\n  -ms-flex: 4.5;\n  flex: 4.5\n}\n\n@media (max-width: 1023px) {\n  #stim_container .hit-set-table .project-name-column {\n    -webkit-box-flex: 4;\n    -webkit-flex: 4;\n    -moz-box-flex: 4;\n    -moz-flex: 4;\n    -ms-flex: 4;\n    flex: 4\n  }\n}\n\n#stim_container .hit-set-table .task-column {\n  width: 5.143rem\n}\n\n#stim_container .hit-set-table .reward-column {\n  width: 6rem\n}\n\n#stim_container .hit-set-table .created-column {\n  width: 6.428571429rem\n}\n\n#stim_container .hit-set-table .actions-column {\n  width: 12.857rem;\n  overflow: visible\n}\n\n@media (max-width: 767px) {\n  #stim_container .hit-set-table .actions-column {\n    width: 9.643rem\n  }\n}\n\n#stim_container .hit-set-table .column-header.created-column,\n#stim_container .hit-set-table .column-header.reward-column,\n#stim_container .hit-set-table .column-header.task-column {\n  -webkit-box-pack: end;\n  -ms-flex-pack: end;\n  -webkit-justify-content: flex-end;\n  -moz-justify-content: flex-end;\n  justify-content: flex-end\n}\n\n#stim_container .hit-set-table .column-header.actions-column {\n  -webkit-box-pack: center;\n  -ms-flex-pack: center;\n  -webkit-justify-content: center;\n  -moz-justify-content: center;\n  justify-content: center\n}\n\n#stim_container .hit-set-table .reward-column {\n  width: 6rem\n}\n\n#stim_container .hit-set-table .actions-column .preview {\n  font-size: 0.857rem\n}\n\n#stim_container .hit-set-table .actions-column .hit-set-qualify {\n  font-size: 0.857rem\n}\n\n#stim_container .hit-set-table .actions-column .action-container {\n  display: -webkit-box;\n  display: -webkit-flex;\n  display: -moz-flex;\n  display: -ms-flexbox;\n  display: flex;\n  -webkit-box-pack: justify;\n  -ms-flex-pack: justify;\n  -webkit-justify-content: space-between;\n  -moz-justify-content: space-between;\n  justify-content: space-between;\n  -webkit-box-align: center;\n  -ms-flex-align: center;\n  -webkit-align-items: center;\n  -moz-align-items: center;\n  align-items: center\n}\n\n#stim_container .hit-set-table .actions-column .action-container .accept-qualify-container {\n  -webkit-box-flex: 1;\n  -webkit-flex: 1;\n  -moz-box-flex: 1;\n  -moz-flex: 1;\n  -ms-flex: 1;\n  flex: 1;\n  text-align: center\n}\n\n#stim_container .hit-set-table-row .requester-column {\n  display: -webkit-box;\n  display: -webkit-flex;\n  display: -moz-flex;\n  display: -ms-flexbox;\n  display: flex;\n  -webkit-box-align: center;\n  -ms-flex-align: center;\n  -webkit-align-items: center;\n  -moz-align-items: center;\n  align-items: center\n}\n\n#stim_container .hit-set-table-row .fa-lock {\n  font-size: 0.857rem;\n  color: #767676\n}\n\n#stim_container .hit-set-table-row.user-not-qualified {\n  background-color: #f8f2e3\n}\n\n#stim_container .hit-set-table-row.user-not-qualified:hover,\n#stim_container .hit-set-table-row.user-not-qualified.expanded {\n  background-color: #f3ead2\n}\n\n@media (max-width: 767px) {\n  #stim_container .hit-set-table-row .requester-and-price {\n    display: -webkit-box;\n    display: -webkit-flex;\n    display: -moz-flex;\n    display: -ms-flexbox;\n    display: flex;\n    -webkit-box-pack: justify;\n    -ms-flex-pack: justify;\n    -webkit-justify-content: space-between;\n    -moz-justify-content: space-between;\n    justify-content: space-between\n  }\n  \n  #stim_container .hit-set-table-row .requester {\n    overflow: hidden;\n    margin-right: 0.7142rem\n  }\n  \n  #stim_container .hit-set-table-row .column {\n    display: inline\n  }\n}\n\n#stim_container .column-header {\n  display: -webkit-box;\n  display: -webkit-flex;\n  display: -moz-flex;\n  display: -ms-flexbox;\n  display: flex;\n  -webkit-box-align: center;\n  -ms-flex-align: center;\n  -webkit-align-items: center;\n  -moz-align-items: center;\n  align-items: center\n}\n\n#stim_container .column-header.sorted {\n  background-image: linear-gradient(to bottom, #ddd 0%, #f4f4f4 100%);\n  background-repeat: repeat-x;\n  filter: progid:DXImageTransform.Microsoft.gradient(startColorstr='#FFDDDDDD', endColorstr='#FFF4F4F4', GradientType=0)\n}\n\n#stim_container .column-header.sorted .fa-caret-up,\n#stim_container .column-header.sorted .fa-caret-down {\n  color: #29873B\n}\n\n#stim_container .column-header .fa-caret-up,\n#stim_container .column-header .fa-caret-down {\n  color: #999999;\n  font-size: 0.714rem\n}\n\n#stim_container .column-header:hover {\n  text-decoration: none;\n  color: #555555\n}\n\n#stim_container .column {\n  overflow: hidden\n}\n\n#stim_container .column-header,\n#stim_container table.mturk-table th {\n  line-height: 1.2;\n  background-image: linear-gradient(to bottom, #f4f4f4 0%, #ddd 100%);\n  background-repeat: repeat-x;\n  filter: progid:DXImageTransform.Microsoft.gradient(startColorstr='#FFF4F4F4', endColorstr='#FFDDDDDD', GradientType=0);\n  color: #555555;\n  border-top: 1px solid #DDDDDD;\n  border-left: 1px solid #DDDDDD;\n  border-right: 1px solid #FFF;\n  font-size: 0.642rem;\n  padding-top: 0.57175rem;\n  padding-bottom: 0.57175rem\n}\n\n#stim_container .column-header:first-child,\n#stim_container table.mturk-table th:first-child {\n  border-left: 0\n}\n\n#stim_container .column-header:last-child,\n#stim_container table.mturk-table th:last-child {\n  border-right: 0\n}\n\n#stim_container .p-x-sm {\n  padding-right: 0.7142rem !important;\n  padding-left: 0.7142rem !important\n}\n\n#stim_container .text-xs-center {\n  text-align: center !important\n}\n\n#stim_container .table-row,\n#stim_container .mturk-table {\n  font-size: 1rem;\n  color: #555555\n}\n\n#stim_container .expand-button {\n  font-size: 1.071rem;\n  margin-top: 2px;\n  padding-right: 0.7142rem\n}\n\n#stim_container .table-row>* {\n  display: -webkit-box;\n  display: -webkit-flex;\n  display: -moz-flex;\n  display: -ms-flexbox;\n  display: flex;\n  -webkit-box-align: center;\n  -ms-flex-align: center;\n  -webkit-align-items: center;\n  -moz-align-items: center;\n  align-items: center;\n  width: 100%\n}\n\n#stim_container .table-row.expanded {\n  background-color: #f4f4f4;\n  -webkit-box-direction: normal;\n  -webkit-box-orient: vertical;\n  -webkit-flex-direction: column;\n  -moz-flex-direction: column;\n  -ms-flex-direction: column;\n  flex-direction: column\n}\n\n#stim_container .table-row .expanded-row {\n  margin-left: auto;\n  margin-right: auto;\n  padding-left: 0.7142rem;\n  padding-right: 0.7142rem;\n  display: block;\n  font-size: 1rem;\n  color: #767676\n}\n\n#stim_container .table-row .expanded-row::after {\n  content: \"\";\n  display: table;\n  clear: both\n}\n\n#stim_container .table-row .expanded-row .indented-row {\n  padding-left: 1.643rem\n}\n\n#stim_container .table-row .expanded-row h6 {\n  font-size: 0.857rem;\n  color: #999999;\n  margin-bottom: 3px\n}\n\n#stim_container .text-truncate {\n  overflow: hidden;\n  text-overflow: ellipsis;\n  white-space: nowrap\n}\n\n#stim_container .p-b-sm {\n  padding-bottom: 0.7142rem !important\n}\n\n#stim_container .p-b-md {\n  padding-bottom: 1.0713rem !important;\n  width: 500px;\n}\n\n#stim_container .row {\n  margin-left: -0.7142rem;\n  margin-right: -0.7142rem\n}\n\n#stim_container .row::after {\n  content: \"\";\n  display: table;\n  clear: both\n}\n\n#stim_container .col {\n  position: relative;\n  min-height: 1px;\n  padding-left: 0.7142rem;\n  padding-right: 0.7142rem;\n  float: left\n}\n\n#stim_container .text-xs-right {\n  text-align: right !important\n}\n\n#stim_container .InputText {\n\twidth: 90%;\n}"},"HighlightQuestions":"off","ResponseSummary":"No","PartialDataCloseAfter":"LastActivity","UseCustomSurveyLinkCompletedMessage":null,"SurveyLinkCompletedMessage":"","SurveyLinkCompletedMessageLibrary":""}},{"SurveyID":"SV_cwh7k3BH4OpTRB3","Element":"SCO","PrimaryAttribute":"Scoring","SecondaryAttribute":null,"TertiaryAttribute":null,"Payload":{"ScoringCategories":[],"ScoringCategoryGroups":[],"ScoringSummaryCategory":null,"ScoringSummaryAfterQuestions":0,"ScoringSummaryAfterSurvey":0,"DefaultScoringCategory":null,"AutoScoringCategory":null}},{"SurveyID":"SV_cwh7k3BH4OpTRB3","Element":"PROJ","PrimaryAttribute":"CORE","SecondaryAttribute":null,"TertiaryAttribute":"1.1.0","Payload":{"ProjectCategory":"CORE","SchemaVersion":"1.1.0"}},{"SurveyID":"SV_cwh7k3BH4OpTRB3","Element":"STAT","PrimaryAttribute":"Survey Statistics","SecondaryAttribute":null,"TertiaryAttribute":null,"Payload":{"MobileCompatible":true,"ID":"Survey Statistics"}},{"SurveyID":"SV_cwh7k3BH4OpTRB3","Element":"QC","PrimaryAttribute":"Survey Question Count","SecondaryAttribute":"272","TertiaryAttribute":null,"Payload":null},{"SurveyID":"SV_cwh7k3BH4OpTRB3","Element":"SQ","PrimaryAttribute":"QID63","SecondaryAttribute":"Age:","TertiaryAttribute":null,"Payload":{"QuestionText":"Age:","DataExportTag":"age","QuestionType":"TE","Selector":"SL","Configuration":{"QuestionDescriptionOption":"UseText","InputWidth":110},"QuestionDescription":"Age:","Validation":{"Settings":{"ForceResponse":"OFF","ForceResponseType":"ON","Type":"ContentType","ContentType":"ValidNumber","ValidDateType":"DateWithFormat","ValidPhoneType":"ValidUSPhone","ValidZipType":"ValidUSZip"}},"GradingData":[],"Language":[],"QuestionID":"QID63"}},{"SurveyID":"SV_cwh7k3BH4OpTRB3","Element":"SQ","PrimaryAttribute":"QID112","SecondaryAttribute":"Dear participant: On the following pages, we will ask you to evaluate a set of charities. Your re...","TertiaryAttribute":null,"Payload":{"QuestionText":"<p>Dear participant:<\/p><p><br><\/p><p>On the following pages, we will ask you to evaluate a set of charities. Your responses will be combined with the responses of other participants, and eventually shared with other researchers and the public. No other information<span style=\"font-family: Calibri, sans-serif; font-size: 11pt; line-height: 15.6933px;\">\u2014<\/span>in particular no personally identifying information<span style=\"font-family: Calibri, sans-serif; font-size: 11pt; line-height: 15.6933px;\">\u2014<\/span>will be shared with others. This research has been approved by the Erasmus Research Institute of Management Internal Review Board, number 2019\/11\/04-58542dsc.<\/p><p><br><\/p><p>All payments will be processed within 7 days automatically.<\/p><p><br><\/p><p>In case you have any questions for this study, please contact us at&nbsp;<span style=\"font-weight: bolder;\">jdmreasearchlab@gmail.com<\/span><\/p><div>\n<\/div>","DefaultChoices":false,"DataExportTag":"Q112","QuestionType":"DB","Selector":"TB","Configuration":{"QuestionDescriptionOption":"UseText"},"QuestionDescription":"Dear participant: On the following pages, we will ask you to evaluate a set of charities. Your re...","ChoiceOrder":[],"Validation":{"Settings":{"Type":"None"}},"GradingData":[],"Language":[],"NextChoiceId":4,"NextAnswerId":1,"QuestionID":"QID112","DataVisibility":{"Private":false,"Hidden":false}}},{"SurveyID":"SV_cwh7k3BH4OpTRB3","Element":"RS","PrimaryAttribute":"RS_eFGKlNJ2egjHhWZ","SecondaryAttribute":"Default Response Set","TertiaryAttribute":null,"Payload":null},{"SurveyID":"SV_cwh7k3BH4OpTRB3","Element":"SQ","PrimaryAttribute":"QID268","SecondaryAttribute":"Defenders of Wildlife Program Percentage: 71% Program Percentage Grade: C Stated Mission: Dedicat...","TertiaryAttribute":null,"Payload":{"QuestionText":"<table id=\"stim_table\">\n\t<tbody>\n\t\t<tr>\n\t\t\t<td class=\"stim_box nontarget\">\n\t\t\t<div class=\"charity_name\">Defenders of Wildlife<\/div>\n\n\t\t\t<div class=\"charity_label\">Program Percentage:<\/div>\n\n\t\t\t<div class=\"charity_percentage\">71%<\/div>\n\n\t\t\t<div class=\"charity_label\">Program Percentage<br \/>\n\t\t\tGrade:<\/div>\n\n\t\t\t<div class=\"charity_percentage\"><span style=\"color:#dddddd;\"><strong>C<\/strong><\/span><\/div>\n\n\t\t\t<div class=\"charity_label\">Stated Mission:<\/div>\n\n\t\t\t<div class=\"charity_mission\">Dedicated to the protection of all native animals and plants in their natural communities.<\/div>\n\t\t\t<\/td>\n\t\t\t<td class=\"stim_box\">\n\t\t\t<div class=\"charity_name\">Earthworks<\/div>\n\n\t\t\t<div class=\"charity_label\">Program Percentage:<\/div>\n\n\t\t\t<div class=\"charity_percentage\">91%<\/div>\n\n\t\t\t<div class=\"charity_label\">Program Percentage<br \/>\n\t\t\tGrade:<\/div>\n\n\t\t\t<div class=\"charity_percentage\"><span style=\"color:#000000;\"><strong>B<\/strong><\/span><\/div>\n\n\t\t\t<div class=\"charity_label\">Stated Mission:<\/div>\n\n\t\t\t<div class=\"charity_mission\">To protect communities and the environment from the adverse impacts of irresponsible mineral and energy development while seeking sustainable solutions.<\/div>\n\t\t\t<\/td>\n\t\t\t<td class=\"stim_box nontarget\">\n\t\t\t<div class=\"charity_name\">Waterkeeper Alliance<\/div>\n\n\t\t\t<div class=\"charity_label\">Program Percentage:<\/div>\n\n\t\t\t<div class=\"charity_percentage\">98%<\/div>\n\n\t\t\t<div class=\"charity_label\">Program Percentage<br \/>\n\t\t\tGrade:<\/div>\n\n\t\t\t<div class=\"charity_percentage\"><span style=\"color:#dddddd;\"><strong>A<\/strong><\/span><\/div>\n\n\t\t\t<div class=\"charity_label\">Stated Mission:<\/div>\n\n\t\t\t<div class=\"charity_mission\">Strengthens and grows a global network of grassroots leaders protecting everyone&#39;s right to clean water.<\/div>\n\t\t\t<\/td>\n\t\t<\/tr>\n\t<\/tbody>\n<\/table>","DefaultChoices":false,"DataExportTag":"ordinal_dec","QuestionType":"DB","Selector":"TB","DataVisibility":{"Private":false,"Hidden":false},"Configuration":{"QuestionDescriptionOption":"UseText"},"QuestionDescription":"Defenders of Wildlife Program Percentage: 71% Program Percentage Grade: C Stated Mission: Dedicat...","ChoiceOrder":[],"Validation":{"Settings":{"Type":"None"}},"GradingData":[],"Language":[],"NextChoiceId":1,"NextAnswerId":1,"QuestionID":"QID268","DisplayLogic":{"0":{"0":{"LogicType":"EmbeddedField","LeftOperand":"spacing","Operator":"EqualTo","RightOperand":"decel","Type":"Expression","Description":"<span class=\"ConjDesc\">If<\/span>  <span class=\"LeftOpDesc\">spacing<\/span> <span class=\"OpDesc\">Is Equal to<\/span> <span class=\"RightOpDesc\"> decel <\/span>"},"1":{"LogicType":"EmbeddedField","LeftOperand":"labels","Operator":"EqualTo","RightOperand":"yes","Type":"Expression","Description":"<span class=\"ConjDesc\">And<\/span>  <span class=\"LeftOpDesc\">labels<\/span> <span class=\"OpDesc\">Is Equal to<\/span> <span class=\"RightOpDesc\"> yes <\/span>","Conjuction":"And"},"Type":"If"},"Type":"BooleanExpression","inPage":false}}},{"SurveyID":"SV_cwh7k3BH4OpTRB3","Element":"SQ","PrimaryAttribute":"QID269","SecondaryAttribute":"Defenders of Wildlife Program Percentage: 71% Program Percentage Grade: C Stated Mission: Dedicat...","TertiaryAttribute":null,"Payload":{"QuestionText":"<table id=\"stim_table\">\n\t<tbody>\n\t\t<tr>\n\t\t\t<td class=\"stim_box nontarget\">\n\t\t\t<div class=\"charity_name\">Defenders of Wildlife<\/div>\n\n\t\t\t<div class=\"charity_label\">Program Percentage:<\/div>\n\n\t\t\t<div class=\"charity_percentage\">71%<\/div>\n\n\t\t\t<div class=\"charity_label\">Program Percentage<br \/>\n\t\t\tGrade:<\/div>\n\n\t\t\t<div class=\"charity_percentage\"><span style=\"color:#dddddd;\"><strong>C<\/strong><\/span><\/div>\n\n\t\t\t<div class=\"charity_label\">Stated Mission:<\/div>\n\n\t\t\t<div class=\"charity_mission\">Dedicated to the protection of all native animals and plants in their natural communities.<\/div>\n\t\t\t<\/td>\n\t\t\t<td class=\"stim_box\">\n\t\t\t<div class=\"charity_name\">Earthworks<\/div>\n\n\t\t\t<div class=\"charity_label\">Program Percentage:<\/div>\n\n\t\t\t<div class=\"charity_percentage\">78%<\/div>\n\n\t\t\t<div class=\"charity_label\">Program Percentage<br \/>\n\t\t\tGrade:<\/div>\n\n\t\t\t<div class=\"charity_percentage\"><span style=\"color:#000000;\"><strong>B<\/strong><\/span><\/div>\n\n\t\t\t<div class=\"charity_label\">Stated Mission:<\/div>\n\n\t\t\t<div class=\"charity_mission\">To protect communities and the environment from the adverse impacts of irresponsible mineral and energy development while seeking sustainable solutions.<\/div>\n\t\t\t<\/td>\n\t\t\t<td class=\"stim_box nontarget\">\n\t\t\t<div class=\"charity_name\">Waterkeeper Alliance<\/div>\n\n\t\t\t<div class=\"charity_label\">Program Percentage:<\/div>\n\n\t\t\t<div class=\"charity_percentage\">98%<\/div>\n\n\t\t\t<div class=\"charity_label\">Program Percentage<br \/>\n\t\t\tGrade:<\/div>\n\n\t\t\t<div class=\"charity_percentage\"><span style=\"color:#dddddd;\"><strong>A<\/strong><\/span><\/div>\n\n\t\t\t<div class=\"charity_label\">Stated Mission:<\/div>\n\n\t\t\t<div class=\"charity_mission\">Strengthens and grows a global network of grassroots leaders protecting everyone&#39;s right to clean water.<\/div>\n\t\t\t<\/td>\n\t\t<\/tr>\n\t<\/tbody>\n<\/table>","DefaultChoices":false,"DataExportTag":"ordinal_acc","QuestionType":"DB","Selector":"TB","DataVisibility":{"Private":false,"Hidden":false},"Configuration":{"QuestionDescriptionOption":"UseText"},"QuestionDescription":"Defenders of Wildlife Program Percentage: 71% Program Percentage Grade: C Stated Mission: Dedicat...","ChoiceOrder":[],"Validation":{"Settings":{"Type":"None"}},"GradingData":[],"Language":[],"NextChoiceId":1,"NextAnswerId":1,"QuestionID":"QID269","DisplayLogic":{"0":{"0":{"LogicType":"EmbeddedField","LeftOperand":"spacing","Operator":"EqualTo","RightOperand":"accel","Type":"Expression","Description":"<span class=\"ConjDesc\">If<\/span>  <span class=\"LeftOpDesc\">spacing<\/span> <span class=\"OpDesc\">Is Equal to<\/span> <span class=\"RightOpDesc\"> accel <\/span>"},"1":{"LogicType":"EmbeddedField","LeftOperand":"labels","Operator":"EqualTo","RightOperand":"yes","Type":"Expression","Description":"<span class=\"ConjDesc\">And<\/span>  <span class=\"LeftOpDesc\">labels<\/span> <span class=\"OpDesc\">Is Equal to<\/span> <span class=\"RightOpDesc\"> yes <\/span>","Conjuction":"And"},"Type":"If"},"Type":"BooleanExpression","inPage":false}}},{"SurveyID":"SV_cwh7k3BH4OpTRB3","Element":"SQ","PrimaryAttribute":"QID178","SecondaryAttribute":"Defenders of Wildlife Program Percentage: 71% Stated Mission: Dedicated to the protection of all...","TertiaryAttribute":null,"Payload":{"QuestionText":"<table id=\"stim_table\">\n\t<tbody>\n\t\t<tr>\n\t\t\t<td class=\"stim_box nontarget\">\n\t\t\t<div class=\"charity_name\">Defenders of Wildlife<\/div>\n\n\t\t\t<div class=\"charity_label\">Program Percentage:<\/div>\n\n\t\t\t<div class=\"charity_percentage\">71%<\/div>\n\n\t\t\t<div class=\"charity_label\">Stated Mission:<\/div>\n\n\t\t\t<div class=\"charity_mission\">Dedicated to the protection of all native animals and plants in their natural communities.<\/div>\n\t\t\t<\/td>\n\t\t\t<td class=\"stim_box\">\n\t\t\t<div class=\"charity_name\">Earthworks<\/div>\n\n\t\t\t<div class=\"charity_label\">Program Percentage:<\/div>\n\n\t\t\t<div class=\"charity_percentage\">91%<\/div>\n\n\t\t\t<div class=\"charity_label\">Stated Mission:<\/div>\n\n\t\t\t<div class=\"charity_mission\">To protect communities and the environment from the adverse impacts of irresponsible mineral and energy development while seeking sustainable solutions.<\/div>\n\t\t\t<\/td>\n\t\t\t<td class=\"stim_box nontarget\">\n\t\t\t<div class=\"charity_name\">Waterkeeper Alliance<\/div>\n\n\t\t\t<div class=\"charity_label\">Program Percentage:<\/div>\n\n\t\t\t<div class=\"charity_percentage\">98%<\/div>\n\n\t\t\t<div class=\"charity_label\">Stated Mission:<\/div>\n\n\t\t\t<div class=\"charity_mission\">Strengthens and grows a global network of grassroots leaders protecting everyone&#39;s right to clean water.<\/div>\n\t\t\t<\/td>\n\t\t<\/tr>\n\t<\/tbody>\n<\/table>","DefaultChoices":false,"QuestionType":"DB","Selector":"TB","DataVisibility":{"Private":false,"Hidden":false},"Configuration":{"QuestionDescriptionOption":"UseText"},"QuestionDescription":"Defenders of Wildlife Program Percentage: 71% Stated Mission: Dedicated to the protection of all...","ChoiceOrder":[],"Validation":{"Settings":{"Type":"None"}},"GradingData":[],"Language":[],"NextChoiceId":1,"NextAnswerId":1,"QuestionText_Unsafe":"<p><span lang=\"en\">Thank you for your responses.&nbsp;<\/span><\/p><p><span lang=\"en\">&nbsp;<\/span><\/p><p><span lang=\"en\">We may have three more surveys for you to potentially participate in for additional payment. On the&nbsp;following page you will be presented some information about the surveys.&nbsp;For each survey, you will indicate the minimum amount we would have to pay you for your participation.<\/span><\/p><p><span lang=\"en\">&nbsp;<\/span><\/p><p><span lang=\"en\">If the prices you provide are acceptable to us, within 7 days you will receive a notification through your Mturk account with a link to participate. Upon completing the survey(s) you will be paid the amount you specified<span style=\"color: rgb(31, 73, 125);\">&nbsp;<\/span><span style=\"color: black;\">as a bonus payment to the current HIT<\/span>. It is possible for you to receive up to three invitations for additional surveys.<\/span><\/p><p><span lang=\"en\" style=\"color: rgb(31, 73, 125);\">&nbsp;<\/span><\/p><p><span lang=\"en\" style=\"color: black;\">If you want to take advantage of this opportunity please click \u201ccontinue.\u201d If you definitely do not want to participate in any additional surveys click \u201cnot interested\u201d and you will be routed to the end of this survey.<\/span><\/p>","DataExportTag":"control_dec","QuestionID":"QID178","DisplayLogic":{"0":{"0":{"LogicType":"EmbeddedField","LeftOperand":"spacing","Operator":"EqualTo","RightOperand":"decel","Type":"Expression","Description":"<span class=\"ConjDesc\">If<\/span>  <span class=\"LeftOpDesc\">spacing<\/span> <span class=\"OpDesc\">Is Equal to<\/span> <span class=\"RightOpDesc\"> decel <\/span>"},"1":{"LogicType":"EmbeddedField","LeftOperand":"labels","Operator":"EqualTo","RightOperand":"no","Type":"Expression","Description":"<span class=\"ConjDesc\">And<\/span>  <span class=\"LeftOpDesc\">labels<\/span> <span class=\"OpDesc\">Is Equal to<\/span> <span class=\"RightOpDesc\"> no <\/span>","Conjuction":"And"},"Type":"If"},"Type":"BooleanExpression","inPage":false}}},{"SurveyID":"SV_cwh7k3BH4OpTRB3","Element":"SQ","PrimaryAttribute":"QID267","SecondaryAttribute":"Defenders of Wildlife Program Percentage: 71% Stated Mission: Dedicated to the protection of all...","TertiaryAttribute":null,"Payload":{"QuestionText":"<table id=\"stim_table\">\n\t<tbody>\n\t\t<tr>\n\t\t\t<td class=\"stim_box nontarget\">\n\t\t\t<div class=\"charity_name\">Defenders of Wildlife<\/div>\n\n\t\t\t<div class=\"charity_label\">Program Percentage:<\/div>\n\n\t\t\t<div class=\"charity_percentage\">71%<\/div>\n\n\t\t\t<div class=\"charity_label\">Stated Mission:<\/div>\n\n\t\t\t<div class=\"charity_mission\">Dedicated to the protection of all native animals and plants in their natural communities.<\/div>\n\t\t\t<\/td>\n\t\t\t<td class=\"stim_box\">\n\t\t\t<div class=\"charity_name\">Earthworks<\/div>\n\n\t\t\t<div class=\"charity_label\">Program Percentage:<\/div>\n\n\t\t\t<div class=\"charity_percentage\">78%<\/div>\n\n\t\t\t<div class=\"charity_label\">Stated Mission:<\/div>\n\n\t\t\t<div class=\"charity_mission\">To protect communities and the environment from the adverse impacts of irresponsible mineral and energy development while seeking sustainable solutions.<\/div>\n\t\t\t<\/td>\n\t\t\t<td class=\"stim_box nontarget\">\n\t\t\t<div class=\"charity_name\">Waterkeeper Alliance<\/div>\n\n\t\t\t<div class=\"charity_label\">Program Percentage:<\/div>\n\n\t\t\t<div class=\"charity_percentage\">98%<\/div>\n\n\t\t\t<div class=\"charity_label\">Stated Mission:<\/div>\n\n\t\t\t<div class=\"charity_mission\">Strengthens and grows a global network of grassroots leaders protecting everyone&#39;s right to clean water.<\/div>\n\t\t\t<\/td>\n\t\t<\/tr>\n\t<\/tbody>\n<\/table>","DefaultChoices":false,"DataExportTag":"control_acc","QuestionType":"DB","Selector":"TB","DataVisibility":{"Private":false,"Hidden":false},"Configuration":{"QuestionDescriptionOption":"UseText"},"QuestionDescription":"Defenders of Wildlife Program Percentage: 71% Stated Mission: Dedicated to the protection of all...","ChoiceOrder":[],"Validation":{"Settings":{"Type":"None"}},"GradingData":[],"Language":[],"NextChoiceId":1,"NextAnswerId":1,"QuestionID":"QID267","DisplayLogic":{"0":{"0":{"LogicType":"EmbeddedField","LeftOperand":"spacing","Operator":"EqualTo","RightOperand":"accel","Type":"Expression","Description":"<span class=\"ConjDesc\">If<\/span>  <span class=\"LeftOpDesc\">spacing<\/span> <span class=\"OpDesc\">Is Equal to<\/span> <span class=\"RightOpDesc\"> accel <\/span>"},"1":{"LogicType":"EmbeddedField","LeftOperand":"labels","Operator":"EqualTo","RightOperand":"no","Type":"Expression","Description":"<span class=\"ConjDesc\">And<\/span>  <span class=\"LeftOpDesc\">labels<\/span> <span class=\"OpDesc\">Is Equal to<\/span> <span class=\"RightOpDesc\"> no <\/span>","Conjuction":"And"},"Type":"If"},"Type":"BooleanExpression","inPage":false}}},{"SurveyID":"SV_cwh7k3BH4OpTRB3","Element":"SQ","PrimaryAttribute":"QID67","SecondaryAttribute":"Did any elements of this survey seem familiar to you?","TertiaryAttribute":null,"Payload":{"QuestionText":"Did any elements of this survey seem familiar to you?","DataExportTag":"fam","QuestionType":"MC","Selector":"SAHR","SubSelector":"TX","Configuration":{"QuestionDescriptionOption":"UseText","LabelPosition":"BELOW"},"QuestionDescription":"Did any elements of this survey seem familiar to you?","Choices":{"1":{"Display":"Yes"},"2":{"Display":"No"}},"ChoiceOrder":[1,2],"Validation":{"Settings":{"ForceResponse":"OFF","ForceResponseType":"ON"}},"RecodeValues":{"1":1,"2":"0"},"Language":[],"QuestionID":"QID67"}},{"SurveyID":"SV_cwh7k3BH4OpTRB3","Element":"SQ","PrimaryAttribute":"QID62","SecondaryAttribute":"Gender:","TertiaryAttribute":null,"Payload":{"QuestionText":"Gender:","DataExportTag":"gender","QuestionType":"MC","Selector":"SAHR","SubSelector":"TX","Configuration":{"QuestionDescriptionOption":"UseText","LabelPosition":"BELOW"},"QuestionDescription":"Gender:","Choices":{"1":{"Display":"Male"},"2":{"Display":"Female"},"3":{"Display":"Prefer not to say"}},"ChoiceOrder":["1","2","3"],"Validation":{"Settings":{"ForceResponse":"OFF","ForceResponseType":"ON","Type":"None"}},"RecodeValues":{"1":"0","2":"1","3":"2"},"Language":[],"QuestionID":"QID62","DataVisibility":{"Private":false,"Hidden":false},"NextChoiceId":4,"NextAnswerId":1}},{"SurveyID":"SV_cwh7k3BH4OpTRB3","Element":"SQ","PrimaryAttribute":"QID271","SecondaryAttribute":"If we gave you\u00a0\u00a310, would you be willing to donate the \u00a310 to the charity or would you prefer to.","TertiaryAttribute":null,"Payload":{"QuestionText":"If we gave you&nbsp;\u00a310, would you be willing to donate the \u00a310 to the charity or would you prefer to keep it for yourself?<br>\n<br>\nRemember, we will randomly select 50 participants. If you are selected and choose to donate the money, we will actually donate the \u00a310 to the charity. If you are selected and choose to keep the money, we will actually deposit the \u00a310 to you as a bonus via your Prolific account within 7 days.&nbsp;","QuestionJS":false,"DefaultChoices":false,"DataExportTag":"Q271","QuestionID":"QID271","QuestionType":"MC","Selector":"SAHR","SubSelector":"TX","DataVisibility":{"Private":false,"Hidden":false},"Configuration":{"QuestionDescriptionOption":"UseText","LabelPosition":"BELOW"},"QuestionDescription":"If we gave you\u00a0\u00a310, would you be willing to donate the \u00a310 to the charity or would you prefer to...","Choices":{"4":{"Display":"Donate the&nbsp;&pound;10 to Earthworks"},"5":{"Display":"Keep the&nbsp;&pound;10 for yourself"}},"ChoiceOrder":["4","5"],"Validation":{"Settings":{"ForceResponse":"ON","ForceResponseType":"ON","Type":"None"}},"GradingData":[],"Language":[],"NextChoiceId":7,"NextAnswerId":1,"Randomization":{"Advanced":null,"Type":"All","TotalRandSubset":""},"RecodeValues":{"4":"1","5":"2"}}},{"SurveyID":"SV_cwh7k3BH4OpTRB3","Element":"SQ","PrimaryAttribute":"QID68","SecondaryAttribute":"If you answered yes to this question, please use the space below\n to describe what you have seen...","TertiaryAttribute":null,"Payload":{"QuestionText":"<br><div><br><\/div><div>If you answered yes to this question, please use the space below to describe what you have seen or done before.<\/div>","DataExportTag":"fam.open","QuestionType":"TE","Selector":"ML","Configuration":{"QuestionDescriptionOption":"UseText"},"QuestionDescription":"If you answered yes to this question, please use the space below\n to describe what you have seen...","Validation":{"Settings":{"ForceResponse":"OFF","ForceResponseType":"ON","Type":"None"}},"GradingData":[],"Language":[],"QuestionID":"QID68"}},{"SurveyID":"SV_cwh7k3BH4OpTRB3","Element":"SQ","PrimaryAttribute":"QID119","SecondaryAttribute":"In this task, we would like you to evaluate a charity. The charity you will evaluate was selected...","TertiaryAttribute":null,"Payload":{"QuestionText":"<p>In this task, we would like you to evaluate a charity. The charity you will evaluate was selected from a set of charities verified by Charitywatch.org (one of the leading charity comparison websites). The following task will only involve charities who focus on improving environmental and ecological outcomes across the planet. Their scope is not limited to a particular country and they do not have a religous affiliation.<\/p><div><br><\/div><p>\n<o:p><\/o:p><\/p><div>During this survey, please do not visit Charitywatch.org&nbsp; or the websites for the charity you are presented. We are interested in how you would evaluate the charity based only on the presented information.<br><br><\/div>","DefaultChoices":false,"DataExportTag":"introInstr","QuestionType":"DB","Selector":"TB","DataVisibility":{"Private":false,"Hidden":false},"Configuration":{"QuestionDescriptionOption":"UseText"},"QuestionDescription":"In this task, we would like you to evaluate a charity. The charity you will evaluate was selected...","ChoiceOrder":[],"Validation":{"Settings":{"Type":"None"}},"GradingData":[],"Language":[],"NextChoiceId":4,"NextAnswerId":1,"QuestionID":"QID119"}},{"SurveyID":"SV_cwh7k3BH4OpTRB3","Element":"SQ","PrimaryAttribute":"QID265","SecondaryAttribute":"On the following page, you will evaluate a charity. Imagine that we gave you \u00a310.\u00a0You can choose..","TertiaryAttribute":null,"Payload":{"QuestionText":"<div>On the following page, you will evaluate a charity. Imagine that we gave you \u00a310.&nbsp;You can choose to donate the \u00a310 to the charity or keep it for yourself.&nbsp;<\/div>\n\n<div>&nbsp;<\/div>\n\n<div>We will randomly select 50 participants. If you are selected and choose to donate the money, we will actually donate the \u00a310 to the charity. If you are selected and choose to keep the money, we will actually deposit the \u00a310 to you as a bonus via your Prolific account within 7 days.&nbsp;<\/div>","DefaultChoices":false,"DataExportTag":"Q265","QuestionID":"QID265","QuestionType":"DB","Selector":"TB","DataVisibility":{"Private":false,"Hidden":false},"Configuration":{"QuestionDescriptionOption":"UseText"},"QuestionDescription":"On the following page, you will evaluate a charity. Imagine that we gave you \u00a310.\u00a0You can choose...","ChoiceOrder":[],"Validation":{"Settings":{"Type":"None"}},"GradingData":[],"Language":[],"NextChoiceId":4,"NextAnswerId":1}},{"SurveyID":"SV_cwh7k3BH4OpTRB3","Element":"SQ","PrimaryAttribute":"QID69","SecondaryAttribute":"What do you think the purpose of this study was?","TertiaryAttribute":null,"Payload":{"QuestionText":"What do you think the purpose of this study was?","DefaultChoices":false,"DataExportTag":"purpose","QuestionType":"TE","Selector":"ML","Configuration":{"QuestionDescriptionOption":"UseText"},"QuestionDescription":"What do you think the purpose of this study was?","Validation":{"Settings":{"ForceResponse":"OFF","ForceResponseType":"ON","Type":"None"}},"GradingData":[],"Language":[],"QuestionID":"QID69"}},{"SurveyID":"SV_cwh7k3BH4OpTRB3","Element":"SQ","PrimaryAttribute":"QID266","SecondaryAttribute":"When evaluating charities, donors often care about how their donations are being spent. The most...","TertiaryAttribute":null,"Payload":{"QuestionText":"<div>When evaluating charities, donors often care about how their donations are being spent. The most common metric for this is the charity&#39;s program percentage: the amount of donations spent on the charities advertised programs relative to spending on overhead (i.e., administrative and fundraising expenses).&nbsp;<\/div>\n\n<div>&nbsp;<\/div>\n\n<div>To offer some context, from our set of charities selected from Charitywatch.org, the charity with the lowest program percentage is Defenders of Wildlife with a program percentage of 71. This means that if someone donated &pound;100 to the charity, &pound;71 would go&nbsp;to the charity&#39;s mission and the remaining &pound;29 to overhead.&nbsp;<\/div>\n\n<div>&nbsp;<\/div>\n\n<div>The charity with the highest program percentage is Waterkeeper Alliance with a program percentage of 98. This means that if someone donated &pound;100 to the charity, &pound;98 would go&nbsp;to the charity&#39;s mission and the remaining &pound;2 to overhead.&nbsp;<\/div>","DefaultChoices":false,"DataExportTag":"control_instructions","QuestionType":"DB","Selector":"TB","Configuration":{"QuestionDescriptionOption":"UseText"},"QuestionDescription":"When evaluating charities, donors often care about how their donations are being spent. The most...","ChoiceOrder":[],"Validation":{"Settings":{"Type":"None"}},"GradingData":[],"Language":[],"NextChoiceId":4,"NextAnswerId":1,"QuestionID":"QID266","DataVisibility":{"Private":false,"Hidden":false},"DisplayLogic":{"0":{"0":{"LogicType":"EmbeddedField","LeftOperand":"labels","Operator":"EqualTo","RightOperand":"no","Type":"Expression","Description":"<span class=\"ConjDesc\">If<\/span>  <span class=\"LeftOpDesc\">labels<\/span> <span class=\"OpDesc\">Is Equal to<\/span> <span class=\"RightOpDesc\"> no <\/span>"},"Type":"If"},"Type":"BooleanExpression","inPage":false}}},{"SurveyID":"SV_cwh7k3BH4OpTRB3","Element":"SQ","PrimaryAttribute":"QID270","SecondaryAttribute":"When evaluating charities, donors often care about how their donations are being spent. The most...","TertiaryAttribute":null,"Payload":{"QuestionText":"<div>When evaluating charities, donors often care about how their donations are being spent. The most common metric for this is the charity&#39;s program percentage: the amount of donations spent on the charities advertised programs relative to spending on overhead (i.e., administrative and fundraising expenses).&nbsp;<\/div>\n\n<div>&nbsp;<\/div>\n\n<div>To offer some context, from our set of charities selected from Charitywatch.org, the charity with the lowest program percentage is Defenders of Wildlife with a program percentage of 71.This means that if someone donated &pound;100 to the charity, &pound;71 would go&nbsp;to the charity&#39;s mission and the remaining &pound;29 to overhead.&nbsp;This charity has a program-percentage grade of <strong><span style=\"color:#000000;\">C<\/span><\/strong>.<br \/>\n<br \/>\nThe charity with the highest program percentage is Waterkeeper Alliance with a program percentage of 98. This means that if someone donated &pound;100 to the charity, &pound;98 would go&nbsp;to the charity&#39;s mission and the remaining &pound;2 to overhead.&nbsp;This charity has a program-percentage grade of <strong>A<\/strong>.<\/div>\n\n<div>&nbsp;<\/div>","DefaultChoices":false,"DataExportTag":"ordinal_instructions","QuestionType":"DB","Selector":"TB","DataVisibility":{"Private":false,"Hidden":false},"Configuration":{"QuestionDescriptionOption":"UseText"},"QuestionDescription":"When evaluating charities, donors often care about how their donations are being spent. The most...","ChoiceOrder":[],"Validation":{"Settings":{"Type":"None"}},"GradingData":[],"Language":[],"NextChoiceId":4,"NextAnswerId":1,"QuestionID":"QID270","DisplayLogic":{"0":{"0":{"LogicType":"EmbeddedField","LeftOperand":"labels","Operator":"EqualTo","RightOperand":"yes","Type":"Expression","Description":"<span class=\"ConjDesc\">If<\/span>  <span class=\"LeftOpDesc\">labels<\/span> <span class=\"OpDesc\">Is Equal to<\/span> <span class=\"RightOpDesc\"> yes <\/span>"},"Type":"If"},"Type":"BooleanExpression","inPage":false}}}]}