{"SurveyEntry":{"SurveyID":"SV_bJI9XwjQV3U7q6N","SurveyName":"Choice Study Ordinal Priming","SurveyDescription":null,"SurveyOwnerID":"URH_dnm0MTuAZukYnYg","SurveyBrandID":"osu","DivisionID":"DV_ebAsorNWF7UuYux","SurveyLanguage":"EN","SurveyActiveResponseSet":"RS_6WQcbN9oBTf9hZz","SurveyStatus":"Active","SurveyStartDate":"0000-00-00 00:00:00","SurveyExpirationDate":"0000-00-00 00:00:00","SurveyCreationDate":"2014-05-22 06:10:40","CreatorID":"URH_dnm0MTuAZukYnYg","LastModified":"2020-03-20 08:43:29","LastAccessed":"0000-00-00 00:00:00","LastActivated":"2014-05-22 06:35:08","Deleted":null},"SurveyElements":[{"SurveyID":"SV_bJI9XwjQV3U7q6N","Element":"BL","PrimaryAttribute":"Survey Blocks","SecondaryAttribute":null,"TertiaryAttribute":null,"Payload":{"1":{"Type":"Trash","Description":"Trash \/ Unused Questions","ID":"BL_d4D69rb4UH4oYAZ","BlockElements":[]},"4":{"Type":"Standard","Description":"Intro","ID":"BL_bHLc4k7jgtEU49D","BlockElements":[{"Type":"Question","QuestionID":"QID43"},{"Type":"Page Break"}]},"35":{"Type":"Standard","Description":"End","ID":"BL_cCoacOSMm0zKoPr","BlockElements":[{"Type":"Question","QuestionID":"QID763"},{"Type":"Page Break"},{"Type":"Question","QuestionID":"QID47"},{"Type":"Question","QuestionID":"QID49"},{"Type":"Question","QuestionID":"QID50"},{"Type":"Page Break"},{"Type":"Question","QuestionID":"QID233"}]},"55":{"Type":"Standard","SubType":"","Description":"Control","ID":"BL_8dkvqEDIt9jsWMJ","BlockElements":[{"Type":"Question","QuestionID":"QID741"},{"Type":"Question","QuestionID":"QID754"},{"Type":"Question","QuestionID":"QID755"}],"Options":{"BlockLocking":"false","RandomizeQuestions":"Advanced","Randomization":{"EvenPresentation":true,"Advanced":{"FixedOrder":["{~SubSet~}"],"RandomizeAll":[],"RandomSubSet":["QID741","QID754","QID755"],"Undisplayed":[],"TotalRandSubset":1,"QuestionsPerPage":0}}}},"56":{"Type":"Standard","SubType":"","Description":"Ordinal Prime","ID":"BL_cZwzgx9nQpYG2up","BlockElements":[{"Type":"Question","QuestionID":"QID758"},{"Type":"Question","QuestionID":"QID761"},{"Type":"Question","QuestionID":"QID762"}],"Options":{"BlockLocking":false,"RandomizeQuestions":"Advanced","Randomization":{"Advanced":{"FixedOrder":["{~SubSet~}"],"RandomizeAll":[],"RandomSubSet":["QID758","QID761","QID762"],"Undisplayed":[],"TotalRandSubset":1,"QuestionsPerPage":0},"EvenPresentation":false}}}}},{"SurveyID":"SV_bJI9XwjQV3U7q6N","Element":"BR","PrimaryAttribute":"FL_226","SecondaryAttribute":null,"TertiaryAttribute":null,"Payload":{"FL_228":255,"FL_227":254}},{"SurveyID":"SV_bJI9XwjQV3U7q6N","Element":"BR","PrimaryAttribute":"BL_8dkvqEDIt9jsWMJ","SecondaryAttribute":null,"TertiaryAttribute":null,"Payload":{"QID755":87,"QID741":88,"QID754":88}},{"SurveyID":"SV_bJI9XwjQV3U7q6N","Element":"FL","PrimaryAttribute":"Survey Flow","SecondaryAttribute":null,"TertiaryAttribute":null,"Payload":{"Type":"Root","FlowID":"FL_1","Flow":[{"Type":"WebService","FlowID":"FL_42","URL":"http:\/\/reporting.qualtrics.com\/projects\/randomNumGen.php","RequestParams":[{"key":"min","value":"1"},{"key":"max","value":"99999"}],"ResponseMap":[{"key":"random","value":"mturkcode"}]},{"Type":"Standard","ID":"BL_bHLc4k7jgtEU49D","FlowID":"FL_6"},{"Type":"BlockRandomizer","FlowID":"FL_226","SubSet":1,"EvenPresentation":true,"Flow":[{"Type":"Block","ID":"BL_8dkvqEDIt9jsWMJ","FlowID":"FL_227"},{"Type":"Block","ID":"BL_cZwzgx9nQpYG2up","FlowID":"FL_228"}]},{"Type":"Standard","ID":"BL_cCoacOSMm0zKoPr","FlowID":"FL_120"}],"Properties":{"Count":228}}},{"SurveyID":"SV_bJI9XwjQV3U7q6N","Element":"SO","PrimaryAttribute":"Survey Options","SecondaryAttribute":null,"TertiaryAttribute":null,"Payload":{"BackButton":"false","SaveAndContinue":"true","SurveyProtection":"PublicSurvey","BallotBoxStuffingPrevention":"true","OneCompletePerIP":"false","SurveyExpiration":null,"SurveyTermination":"DefaultMessage","Header":"","Footer":"","ProgressBarDisplay":"None","PartialData":"+1 week","ValidationMessage":null,"PreviousButton":"  <<  ","NextButton":"  >>  ","SkinLibrary":"casosu","SkinType":"MQ","Skin":"skin1","GradingCategories":null,"ScoringCategoryMap":null,"ScoringCategoryCounter":null,"DefaultScoringCategory":null,"ExternalCSS":null,"CustomStyles":{"errorStyles":{"selector":".Skin .ValidationError","styles":{"color":null,"backgroundColor":null,"borderColor":null}},"errorStylesBG":{"selector":".Skin .HeaderValidationError, .Skin .HeaderValidationError li a","styles":{"color":null,"backgroundColor":null}},"pageStyles":{"selector":"#SurveyEngineBody","styles":{"backgroundColor":null}},"textStyles":{"selector":".SkinInner","styles":{"fontFamily":"times new roman, times, serif","fontSize":"100%","fontWeight":null,"fontStyle":null,"textDecoration":null,"color":null}},"questionStyles":{"selector":".Skin .QuestionText","styles":{"fontFamily":"times new roman, times, serif","fontSize":"12pt","fontWeight":"normal","fontStyle":"normal","textDecoration":"none","color":null}},"choiceStyles":{"selector":".Skin .horizontalbar th.ylabel, .Skin .Matrix table td, .Skin .Matrix table th, .Skin .Matrix table thead th, .Skin .Matrix table thead td, .Skin .PGR .DragAndDrop .Items label, .Skin .QuestionBody ul.ChoiceStructure, .Skin .PGR .DragAndDrop .Group ul, .Skin .PGR .DragAndDrop .Group h2, .Skin .PGR .DragAndDrop .Items ul, .Skin .PGR .DragAndDrop .Items h2, .Skin .DD .QuestionBody table.ChoiceStructure, .Skin .PGR .DragAndDrop .NoColumns td.groupsContainerTd div ul, .Skin .PGR .DragAndDrop .NoColumns td.groupsContainerTd div h2, .Skin .SBS thead th, .Skin .SBS td, .Skin .SBS .Answers td, .Skin .SBS .Answers th, .SBS table.ChoiceStructure, .Skin .horizontalbar thead table.LabelDescriptions tr td, .Skin .horizontalbar thead tr td.NotApplicable, .QuestionBody th, .Skin .QuestionBody .MC .MAVR label, .Skin .QuestionBody .MC .SAVR label, .Skin .SBS thead th, .Skin .SBS td, .Skin .RO .DND ul li, .Skin .reg, .SkinInner .ChoiceStructure, .Skin thead, .Skin .GAP .ChoiceStructure thead th, .Skin .GAP .ChoiceStructure .c4, .Skin .GAP .ChoiceStructure th, .Skin .GAP .ChoiceStructure .WhyText, .SkinInner .ChoiceStructure .LightBG, .Skin .QuestionOuter.Highlight .Inner .reg, .Skin .QuestionOuter.Highlight .Inner .alt, .Skin .QuestionOuter.Highlight .Inner .ReadableAlt       ","styles":{"fontFamily":"times new roman, times, serif","fontSize":"12pt","fontWeight":"normal","fontStyle":"normal","textDecoration":"none","color":null}},"headerStyles":{"selector":".Skin div#Header","styles":{"color":null}},"footerStyles":{"selector":".Skin #Footer","styles":{"color":null}},"questionSeparatorStyles":{"selector":".Skin .Separator","styles":{"backgroundColor":null,"display":null}},"highlightStyles":{"selector":".Skin .QuestionOuter.Highlight .Inner, .Skin .QuestionOuter.Highlight .Inner .reg, .Skin .QuestionOuter.Highlight .Inner .alt, .Skin .QuestionOuter.Highlight .Inner .ReadableAlt","styles":{"backgroundColor":null}},"highlightStylesAlt":{"selector":".Skin .QuestionOuter.Highlight .Inner .ReadableAlt, .Skin .QuestionOuter.Highlight .Inner .LightBG","styles":{"backgroundColor":null}},"textEntryStyles":{"selector":".Skin select, .Skin .InputText","styles":{"color":null}},"borderStyles":{"selector":".Skin .CS .horizontalbar table.sliderGrid tr.xlabel th, .Skin .CS .horizontalbar .ylabel, .Skin .CS .horizontalbar table.sliderGrid tr td.value, .Skin .Slider .horizontalbar table.sliderGrid tr.xlabel th, .Skin .BorderColor, .Skin .DarkBorderColor, .Skin .Slider .horizontalbar table.sliderGrid tr td.value, .Skin thead, .Skin .GAP .ChoiceStructure thead th  ","styles":{"borderColor":null}},"altRowStyles":{"selector":".Skin .ReadableAlt, .Skin .LightBG","styles":{"backgroundColor":null}},"customCSS":null},"libraryId":"","nextButtonMid":"","previousButtonMid":"","headerMid":"","footerMid":"","QuestionsPerPage":"","HighlightQuestions":"off","EOSMessage":"MS_80t9AZEi3AfXeTz","ShowExportTags":"false","SurveyTitle":" Survey","SurveyMetaDescription":"Survey Software, Enterprise Survey software for enterprise feedback management and CRM solutions.  Enables high-quality data collection, panel management and results analysis. Perfect for market research or CRM solution (Customer Relationship Management) integration.  Free trial and consultation.","PasswordProtection":"No","AnonymizeResponse":"No","Password":"","RefererCheck":"No","NoIndex":"No","RefererURL":"http:\/\/","EOSMessageLibrary":"URH_dnm0MTuAZukYnYg","EOSRedirectURL":"http:\/\/","EmailThankYou":"false","ThankYouEmailMessageLibrary":null,"ThankYouEmailMessage":null,"ValidateMessage":"false","ValidationMessageLibrary":null,"InactiveSurvey":"DefaultMessage","InactiveMessageLibrary":"","InactiveMessage":"","AvailableLanguages":{"EN":[]},"SkinQuestionWidth":700,"SurveyCreationDate":"2013-01-07 08:38:49","NewScoring":1,"CollectGeoLocation":"false","ProtectSelectionIds":true}},{"SurveyID":"SV_bJI9XwjQV3U7q6N","Element":"SCO","PrimaryAttribute":"Scoring","SecondaryAttribute":null,"TertiaryAttribute":null,"Payload":{"ScoringCategories":[],"ScoringCategoryGroups":[],"ScoringSummaryCategory":null,"ScoringSummaryAfterQuestions":false,"ScoringSummaryAfterSurvey":false,"NextCategoryId":1,"NextGroupId":1,"DefaultScoringCategory":null,"ID":"Scoring"}},{"SurveyID":"SV_bJI9XwjQV3U7q6N","Element":"STAT","PrimaryAttribute":"Survey Statistics","SecondaryAttribute":null,"TertiaryAttribute":null,"Payload":{"MobileCompatible":true,"ID":"Survey Statistics"}},{"SurveyID":"SV_bJI9XwjQV3U7q6N","Element":"PROJ","PrimaryAttribute":"CORE","SecondaryAttribute":"1.0.0","TertiaryAttribute":null,"Payload":null},{"SurveyID":"SV_bJI9XwjQV3U7q6N","Element":"QC","PrimaryAttribute":"Survey Question Count","SecondaryAttribute":"763","TertiaryAttribute":null,"Payload":null},{"SurveyID":"SV_bJI9XwjQV3U7q6N","Element":"SQ","PrimaryAttribute":"QID763","SecondaryAttribute":"Are you a coffee drinker?","TertiaryAttribute":null,"Payload":{"QuestionText":"Are you a coffee drinker?","DataExportTag":"Q26","QuestionType":"MC","Selector":"SAVR","SubSelector":"TX","Configuration":{"QuestionDescriptionOption":"UseText"},"QuestionDescription":"Are you a coffee drinker?","Choices":{"1":{"Display":"Yes"},"2":{"Display":"No"}},"ChoiceOrder":["1","2"],"Validation":{"Settings":{"ForceResponse":"OFF","ForceResponseType":"ON","Type":"None"}},"Language":[],"QuestionID":"QID763"}},{"SurveyID":"SV_bJI9XwjQV3U7q6N","Element":"RS","PrimaryAttribute":"RS_6WQcbN9oBTf9hZz","SecondaryAttribute":"Default Response Set","TertiaryAttribute":null,"Payload":null},{"SurveyID":"SV_bJI9XwjQV3U7q6N","Element":"SQ","PrimaryAttribute":"QID47","SecondaryAttribute":"Finally, we would like you to answer a few\nquestions about yourself. This information will be very u","TertiaryAttribute":null,"Payload":{"QuestionText":"\n\n<p>Finally, we would like you to answer a few\nquestions about yourself. This information will be very useful in helping us\ndescribe the types of people who participated in our study.<\/p>\n\n","DefaultChoices":false,"DataExportTag":"Q48","QuestionType":"DB","Selector":"TB","Configuration":{"QuestionDescriptionOption":"UseText"},"QuestionDescription":"Finally, we would like you to answer a few\nquestions about yourself. This information will be very u...","ChoiceOrder":[],"Validation":{"Settings":{"Type":"None"}},"GradingData":[],"Language":[],"QuestionID":"QID47"}},{"SurveyID":"SV_bJI9XwjQV3U7q6N","Element":"SQ","PrimaryAttribute":"QID741","SecondaryAttribute":"Imagine that you were at a local coffee shop and wanted to\n purchase some coffee.\u00a0\n\n \n The coffee s","TertiaryAttribute":null,"Payload":{"QuestionText":"<div>Imagine that you were at a local coffee shop and wanted to purchase some coffee.&nbsp;<\/div><div><br><\/div><div>The coffee shop offers three different sizes shown below. Which of these three options would you choose?<br><\/div><div><br><\/div>","DefaultChoices":false,"DataExportTag":"Q67","QuestionID":"QID741","QuestionType":"MC","Selector":"SAVR","SubSelector":"TX","Configuration":{"QuestionDescriptionOption":"UseText","LabelPosition":"BELOW"},"QuestionDescription":"Imagine that you were at a local coffee shop and wanted to\n purchase some coffee.\u00a0\n\n \n The coffee shop offers three different sizes shown below. Which\n of these three options would you choose?","Choices":{"1":{"Display":"20 ounces for $2.99","InputWidth":50},"2":{"Display":"14 ounces for $2.49","InputWidth":50},"3":{"Display":"12 ounces for $1.99"}},"ChoiceOrder":["1","2","3"],"Validation":{"Settings":{"ForceResponse":"ON","ForceResponseType":"ON","Type":"None"}},"GradingData":[],"Language":[],"RecodeValues":{"1":"3","2":"2","3":"1"}}},{"SurveyID":"SV_bJI9XwjQV3U7q6N","Element":"SQ","PrimaryAttribute":"QID754","SecondaryAttribute":"Imagine that you were at a local coffee shop and wanted to\n purchase some coffee.\u00a0\n\n \n The coffee s","TertiaryAttribute":null,"Payload":{"QuestionText":"<div>Imagine that you were at a local coffee shop and wanted to purchase some coffee.&nbsp;<\/div><div><br><\/div><div>The coffee shop offers three different sizes shown below. Which of these three options would you choose?<br><\/div><div><br><\/div>","DefaultChoices":false,"DataExportTag":"Q17","QuestionType":"MC","Selector":"SAVR","SubSelector":"TX","Configuration":{"QuestionDescriptionOption":"UseText","LabelPosition":"BELOW"},"QuestionDescription":"Imagine that you were at a local coffee shop and wanted to\n purchase some coffee.\u00a0\n\n \n The coffee shop offers three different sizes shown below. Which\n of these three options would you choose?","Choices":{"1":{"Display":"20 ounces for $2.99","InputWidth":50},"2":{"Display":"16 ounces for $2.49","InputWidth":50},"3":{"Display":"12 ounces for $1.99"}},"ChoiceOrder":["1","2","3"],"Validation":{"Settings":{"ForceResponse":"ON","ForceResponseType":"ON","Type":"None"}},"RecodeValues":{"1":"3","2":"2","3":"1"},"GradingData":[],"Language":[],"QuestionID":"QID754"}},{"SurveyID":"SV_bJI9XwjQV3U7q6N","Element":"SQ","PrimaryAttribute":"QID755","SecondaryAttribute":"Imagine that you were at a local coffee shop and wanted to\n purchase some coffee.\u00a0\n\n \n The coffee s","TertiaryAttribute":null,"Payload":{"QuestionText":"<div>Imagine that you were at a local coffee shop and wanted to purchase some coffee.&nbsp;<\/div><div><br><\/div><div>The coffee shop offers three different sizes shown below. Which of these three options would you choose?<br><\/div><div><br><\/div>","DefaultChoices":false,"DataExportTag":"Q18","QuestionType":"MC","Selector":"SAVR","SubSelector":"TX","Configuration":{"QuestionDescriptionOption":"UseText","LabelPosition":"BELOW"},"QuestionDescription":"Imagine that you were at a local coffee shop and wanted to\n purchase some coffee.\u00a0\n\n \n The coffee shop offers three different sizes shown below. Which\n of these three options would you choose?","Choices":{"1":{"Display":"20 ounces for $2.99","InputWidth":50},"2":{"Display":"18 ounces for $2.49","InputWidth":50},"3":{"Display":"12 ounces for $1.99"}},"ChoiceOrder":["1","2","3"],"Validation":{"Settings":{"ForceResponse":"ON","ForceResponseType":"ON","Type":"None"}},"RecodeValues":{"1":"3","2":"2","3":"1"},"GradingData":[],"Language":[],"QuestionID":"QID755"}},{"SurveyID":"SV_bJI9XwjQV3U7q6N","Element":"SQ","PrimaryAttribute":"QID758","SecondaryAttribute":"Imagine that you were at a local coffee shop and wanted to\n purchase some coffee.\u00a0\n\n \n The coffee s","TertiaryAttribute":null,"Payload":{"QuestionText":"<div>Imagine that you were at a local coffee shop and wanted to purchase some coffee.&nbsp;<\/div><div><br><\/div><div>The coffee shop offers three different sizes shown below. Which of these three options would you choose?<br><\/div><div><br><\/div>","DefaultChoices":false,"QuestionType":"MC","Selector":"SAVR","SubSelector":"TX","Configuration":{"QuestionDescriptionOption":"UseText","LabelPosition":"BELOW"},"QuestionDescription":"Imagine that you were at a local coffee shop and wanted to\n purchase some coffee.\u00a0\n\n \n The coffee shop offers three different sizes shown below. Which\n of these three options would you choose?","Choices":{"1":{"Display":"<strong>Large:<\/strong>    20 ounces for $2.99","InputWidth":50},"2":{"Display":"<strong>Medium:<\/strong> 14 ounces for $2.49","InputWidth":50},"3":{"Display":"<strong>Small:<\/strong> 12 ounces for $1.99"}},"ChoiceOrder":["1","2","3"],"Validation":{"Settings":{"ForceResponse":"ON","ForceResponseType":"ON","Type":"None"}},"GradingData":[],"Language":[],"RecodeValues":{"1":"3","2":"2","3":"1"},"QuestionText_Unsafe":"<div>Imagine that you were at a local coffee shop and wanted to purchase some coffee.&nbsp;<\/div><div><br><\/div><div>The coffee shop offers three different sizes shown below. Which of these three sizes would you choose?<br><\/div><div><br><\/div>","DataExportTag":"Q758","QuestionID":"QID758"}},{"SurveyID":"SV_bJI9XwjQV3U7q6N","Element":"SQ","PrimaryAttribute":"QID761","SecondaryAttribute":"Imagine that you were at a local coffee shop and wanted to\n purchase some coffee.\u00a0\n\n \n The coffee s","TertiaryAttribute":null,"Payload":{"QuestionText":"<div>Imagine that you were at a local coffee shop and wanted to purchase some coffee.&nbsp;<\/div><div><br><\/div><div>The coffee shop offers three different sizes shown below. Which of these three options would you choose?<br><\/div><div><br><\/div>","DefaultChoices":false,"DataExportTag":"Q24","QuestionType":"MC","Selector":"SAVR","SubSelector":"TX","Configuration":{"QuestionDescriptionOption":"UseText","LabelPosition":"BELOW"},"QuestionDescription":"Imagine that you were at a local coffee shop and wanted to\n purchase some coffee.\u00a0\n\n \n The coffee shop offers three different sizes shown below. Which\n of these three options would you choose?","Choices":{"1":{"Display":"<strong>Large:<\/strong>    20 ounces for $2.99","InputWidth":50},"2":{"Display":"<strong>Medium:<\/strong> 16 ounces for $2.49","InputWidth":50},"3":{"Display":"<strong>Small:<\/strong> 12 ounces for $1.99"}},"ChoiceOrder":["1","2","3"],"Validation":{"Settings":{"ForceResponse":"ON","ForceResponseType":"ON","Type":"None"}},"RecodeValues":{"1":"3","2":"2","3":"1"},"GradingData":[],"Language":[],"QuestionID":"QID761"}},{"SurveyID":"SV_bJI9XwjQV3U7q6N","Element":"SQ","PrimaryAttribute":"QID762","SecondaryAttribute":"Imagine that you were at a local coffee shop and wanted to\n purchase some coffee.\u00a0\n\n \n The coffee s","TertiaryAttribute":null,"Payload":{"QuestionText":"<div>Imagine that you were at a local coffee shop and wanted to purchase some coffee.&nbsp;<\/div><div><br><\/div><div>The coffee shop offers three different sizes shown below. Which of these three options would you choose?<br><\/div><div><br><\/div>","DefaultChoices":false,"DataExportTag":"Q25","QuestionType":"MC","Selector":"SAVR","SubSelector":"TX","Configuration":{"QuestionDescriptionOption":"UseText","LabelPosition":"BELOW"},"QuestionDescription":"Imagine that you were at a local coffee shop and wanted to\n purchase some coffee.\u00a0\n\n \n The coffee shop offers three different sizes shown below. Which\n of these three options would you choose?","Choices":{"1":{"Display":"<strong>Large:<\/strong>    20 ounces for $2.99","InputWidth":50},"2":{"Display":"<strong>Medium:<\/strong> 18 ounces for $2.49","InputWidth":50},"3":{"Display":"<strong>Small:<\/strong> 12 ounces for $1.99"}},"ChoiceOrder":["1","2","3"],"Validation":{"Settings":{"ForceResponse":"ON","ForceResponseType":"ON","Type":"None"}},"RecodeValues":{"1":"3","2":"2","3":"1"},"GradingData":[],"Language":[],"QuestionID":"QID762"}},{"SurveyID":"SV_bJI9XwjQV3U7q6N","Element":"SQ","PrimaryAttribute":"QID233","SecondaryAttribute":"Thank you for completing this study. \n\n\t \n\tYour payment code for Mechanical Turk is: ...","TertiaryAttribute":null,"Payload":{"QuestionText":"Thank you for completing this study.<br>\n<div>\n\t<br>\n\tYour payment code for Mechanical Turk is:&nbsp;${e:\/\/Field\/mturkcode}<br>\n\t<br>\n\tPlease press the \"&gt;&gt;\" to finish up.<br>\n\t<br>\n\tYou MUST press the \"&gt;&gt;\" button or we will not receive your data and you will not receive payment.<\/div>","DefaultChoices":false,"DataExportTag":"Q233","QuestionID":"QID233","QuestionType":"DB","Selector":"TB","Configuration":{"QuestionDescriptionOption":"UseText"},"QuestionDescription":"Thank you for completing this study. \n\n\t \n\tYour payment code for Mechanical Turk is: ...","ChoiceOrder":[],"Validation":{"Settings":{"Type":"None"}},"GradingData":[],"Language":[]}},{"SurveyID":"SV_bJI9XwjQV3U7q6N","Element":"SQ","PrimaryAttribute":"QID43","SecondaryAttribute":"Welcome to the SchleyLabs survey. The current research is supported by the University of Colorado -.","TertiaryAttribute":null,"Payload":{"QuestionText":"Welcome to the SchleyLabs survey.&nbsp;<div><br><\/div><div>The current research is supported by the University of Colorado - Boulder and the Ohio State University.&nbsp;<div><br><\/div><div>Please read all instructions carefully before answering questions.&nbsp;<\/div><div><br><\/div><div>Thank you for your time and consideration.&nbsp;<\/div><div><br><\/div><div>Please press the \"&gt;&gt;\" button to begin.<\/div><\/div>","DefaultChoices":false,"DataExportTag":"Q44","QuestionType":"DB","Selector":"TB","Configuration":{"QuestionDescriptionOption":"UseText"},"QuestionDescription":"Welcome to the SchleyLabs survey. The current research is supported by the University of Colorado -...","ChoiceOrder":[],"Validation":{"Settings":{"Type":"None"}},"GradingData":[],"Language":[],"QuestionID":"QID43"}},{"SurveyID":"SV_bJI9XwjQV3U7q6N","Element":"SQ","PrimaryAttribute":"QID50","SecondaryAttribute":"What\nis your age in years?","TertiaryAttribute":null,"Payload":{"QuestionText":"What\nis your age in years? ","DefaultChoices":false,"DataExportTag":"Q54","QuestionType":"RO","Selector":"VR","SubSelector":"TX","Configuration":{"QuestionDescriptionOption":"UseText"},"QuestionDescription":"What\nis your age in years?","Choices":{"1":{"Display":"Years"}},"ChoiceOrder":[1],"Validation":{"Settings":{"ForceResponse":"OFF","Type":"None"}},"GradingData":[],"Language":[],"QuestionID":"QID50"}},{"SurveyID":"SV_bJI9XwjQV3U7q6N","Element":"SQ","PrimaryAttribute":"QID49","SecondaryAttribute":"What is your\nsex? Please check one.","TertiaryAttribute":null,"Payload":{"QuestionText":"\n\n<p>What is your\nsex? Please check one.<\/p>\n\n","DataExportTag":"Q52","QuestionType":"MC","Selector":"SAVR","SubSelector":"TX","Configuration":{"QuestionDescriptionOption":"UseText"},"QuestionDescription":"What is your\nsex? Please check one.","Choices":{"1":{"Display":"Male"},"2":{"Display":"Female"}},"ChoiceOrder":[1,2],"Validation":{"Settings":{"ForceResponse":"OFF","ForceResponseType":"ON","Type":"None"}},"Language":[],"QuestionID":"QID49"}}]}