{"SurveyEntry":{"SurveyID":"SV_4Oyn7P7vKUnHkRT","SurveyName":"Intermediate Attributes - Single\/Multiattribute - S, Inverse-S Shape","SurveyDescription":"Intermediate Attributes - Sequential Presentation","SurveyOwnerID":"UR_8czR4ImaO7oxPpP","SurveyBrandID":"leeds","DivisionID":null,"SurveyLanguage":"EN","SurveyActiveResponseSet":"RS_3sozditTOCzD2tL","SurveyStatus":"Active","SurveyStartDate":"0000-00-00 00:00:00","SurveyExpirationDate":"0000-00-00 00:00:00","SurveyCreationDate":"2016-08-29 10:45:09","CreatorID":"UR_8czR4ImaO7oxPpP","LastModified":"2020-03-20 09:18:00","LastAccessed":"0000-00-00 00:00:00","LastActivated":"2016-09-13 16:09:17","Deleted":null},"SurveyElements":[{"SurveyID":"SV_4Oyn7P7vKUnHkRT","Element":"BL","PrimaryAttribute":"Survey Blocks","SecondaryAttribute":null,"TertiaryAttribute":null,"Payload":{"0":{"Type":"Default","Description":"Apartments Single Attribute","ID":"BL_bEGLN4oHVwbKkVD","BlockElements":[{"Type":"Question","QuestionID":"QID54"},{"Type":"Page Break"},{"Type":"Question","QuestionID":"QID2"},{"Type":"Question","QuestionID":"QID3"},{"Type":"Question","QuestionID":"QID84"},{"Type":"Question","QuestionID":"QID112"},{"Type":"Question","QuestionID":"QID11"}],"Options":{"BlockLocking":"false","RandomizeQuestions":"false","Randomization":{"EvenPresentation":false},"BlockVisibility":"Expanded"}},"1":{"Type":"Trash","Description":"Trash \/ Unused Questions","ID":"BL_08odRmRxbYBrhbv","BlockElements":[]},"6":{"Type":"Standard","SubType":"","Description":"Demographics","ID":"BL_1RMqAw866MVKvxH","BlockElements":[{"Type":"Question","QuestionID":"QID62"},{"Type":"Question","QuestionID":"QID63"},{"Type":"Question","QuestionID":"QID59"},{"Type":"Question","QuestionID":"QID65"},{"Type":"Question","QuestionID":"QID64"},{"Type":"Question","QuestionID":"QID66"},{"Type":"Question","QuestionID":"QID70"},{"Type":"Question","QuestionID":"QID95"},{"Type":"Question","QuestionID":"QID97"},{"Type":"Page Break"},{"Type":"Question","QuestionID":"QID67"},{"Type":"Question","QuestionID":"QID68"},{"Type":"Page Break"},{"Type":"Question","QuestionID":"QID69"}]},"8":{"Type":"Standard","Description":"Apartments Multiattribute","ID":"BL_77B507xxbVJunFH","BlockElements":[{"Type":"Question","QuestionID":"QID110"},{"Type":"Page Break"},{"Type":"Question","QuestionID":"QID106"},{"Type":"Question","QuestionID":"QID107"},{"Type":"Question","QuestionID":"QID108"},{"Type":"Question","QuestionID":"QID113"},{"Type":"Question","QuestionID":"QID109"}],"Options":{"BlockLocking":false,"RandomizeQuestions":"false","Randomization":{"EvenPresentation":false},"BlockVisibility":"Expanded"}}}},{"SurveyID":"SV_4Oyn7P7vKUnHkRT","Element":"BR","PrimaryAttribute":"FL_10","SecondaryAttribute":null,"TertiaryAttribute":null,"Payload":{"FL_12":0,"FL_15":0,"FL_14":0,"FL_11":0,"FL_13":0}},{"SurveyID":"SV_4Oyn7P7vKUnHkRT","Element":"BR","PrimaryAttribute":"FL_20","SecondaryAttribute":null,"TertiaryAttribute":null,"Payload":{"FL_21":"0","FL_51":"0","FL_23":"0","FL_52":"0","ID":"FL_20"}},{"SurveyID":"SV_4Oyn7P7vKUnHkRT","Element":"BR","PrimaryAttribute":"FL_40","SecondaryAttribute":null,"TertiaryAttribute":null,"Payload":{"FL_39":0,"FL_42":0,"FL_41":0,"FL_43":0,"FL_47":0,"FL_50":0,"FL_49":0,"FL_48":0,"ID":"FL_40"}},{"SurveyID":"SV_4Oyn7P7vKUnHkRT","Element":"BR","PrimaryAttribute":"FL_53","SecondaryAttribute":null,"TertiaryAttribute":null,"Payload":{"FL_61":0}},{"SurveyID":"SV_4Oyn7P7vKUnHkRT","Element":"BR","PrimaryAttribute":"FL_62","SecondaryAttribute":null,"TertiaryAttribute":null,"Payload":{"FL_67":0}},{"SurveyID":"SV_4Oyn7P7vKUnHkRT","Element":"FL","PrimaryAttribute":"Survey Flow","SecondaryAttribute":null,"TertiaryAttribute":null,"Payload":{"Type":"Root","FlowID":"FL_1","Flow":[{"Type":"EmbeddedData","FlowID":"FL_33","EmbeddedData":[{"Description":"wid","Type":"Recipient","Field":"wid","VariableType":"Nominal"},{"Description":"sid","Type":"Recipient","Field":"sid","VariableType":"Nominal"}]},{"Type":"BlockRandomizer","FlowID":"FL_20","SubSet":1,"EvenPresentation":true,"Flow":[{"Type":"EmbeddedData","FlowID":"FL_21","EmbeddedData":[{"Description":"attributes","Type":"Custom","Field":"attributes","VariableType":"Nominal","Value":"single"},{"Description":"functionShape","Type":"Custom","Field":"functionShape","VariableType":"Nominal","Value":"s"}]},{"Type":"EmbeddedData","FlowID":"FL_51","EmbeddedData":[{"Description":"attributes","Type":"Custom","Field":"attributes","VariableType":"Nominal","Value":"single"},{"Description":"functionShape","Type":"Custom","Field":"functionShape","VariableType":"Nominal","Value":"inverseS"}]},{"Type":"EmbeddedData","FlowID":"FL_23","EmbeddedData":[{"Description":"attributes","Type":"Custom","Field":"attributes","VariableType":"Nominal","Value":"multi"},{"Description":"functionShape","Type":"Custom","Field":"functionShape","VariableType":"Nominal","Value":"s"}]},{"Type":"EmbeddedData","FlowID":"FL_52","EmbeddedData":[{"Description":"attributes","Type":"Custom","Field":"attributes","VariableType":"Nominal","Value":"multi"},{"Description":"functionShape","Type":"Custom","Field":"functionShape","VariableType":"Nominal","Value":"inverseS"}]}]},{"Type":"Branch","FlowID":"FL_71","Description":"New Branch","BranchLogic":{"0":{"0":{"LogicType":"EmbeddedField","LeftOperand":"functionShape","Operator":"EqualTo","RightOperand":"inverseS","_HiddenExpression":false,"Type":"Expression","Description":"<span class=\"ConjDesc\">If<\/span> <span class=\"QuestionDesc\"><\/span> <span class=\"LeftOpDesc\">functionShape<\/span> Is <span class=\"OpDesc\">Equal to<\/span> <span class=\"RightOpDesc\"> inverseS <\/span>"},"Type":"If"},"Type":"BooleanExpression"},"Flow":[{"Type":"EmbeddedData","FlowID":"FL_72","EmbeddedData":[{"Description":"mid1","Type":"Custom","Field":"mid1","VariableType":"Nominal","Value":"1,025"},{"Description":"mid2","Type":"Custom","Field":"mid2","VariableType":"Nominal","Value":"1,500"},{"Description":"mid3","Type":"Custom","Field":"mid3","VariableType":"Nominal","Value":"1,975"}]}]},{"Type":"Branch","FlowID":"FL_75","Description":"New Branch","BranchLogic":{"0":{"0":{"LogicType":"EmbeddedField","LeftOperand":"functionShape","Operator":"EqualTo","RightOperand":"s","_HiddenExpression":false,"Type":"Expression","Description":"<span class=\"ConjDesc\">If<\/span> <span class=\"QuestionDesc\"><\/span> <span class=\"LeftOpDesc\">functionShape<\/span> Is <span class=\"OpDesc\">Equal to<\/span> <span class=\"RightOpDesc\"> s <\/span>"},"Type":"If"},"Type":"BooleanExpression"},"Flow":[{"Type":"EmbeddedData","FlowID":"FL_76","EmbeddedData":[{"Description":"mid1","Type":"Custom","Field":"mid1","VariableType":"Nominal","Value":"1,475"},{"Description":"mid2","Type":"Custom","Field":"mid2","VariableType":"Nominal","Value":"1,500"},{"Description":"mid3","Type":"Custom","Field":"mid3","VariableType":"Nominal","Value":"1,525"}]}]},{"Type":"Branch","FlowID":"FL_46","Description":"New Branch","BranchLogic":{"0":{"0":{"LogicType":"EmbeddedField","LeftOperand":"attributes","Operator":"EqualTo","RightOperand":"multi","_HiddenExpression":false,"Type":"Expression","Description":"<span class=\"ConjDesc\">If<\/span> <span class=\"QuestionDesc\"><\/span> <span class=\"LeftOpDesc\">attributes<\/span> Is <span class=\"OpDesc\">Equal to<\/span> <span class=\"RightOpDesc\"> multi <\/span>"},"Type":"If"},"Type":"BooleanExpression"},"Flow":[{"Type":"BlockRandomizer","FlowID":"FL_40","SubSet":1,"EvenPresentation":true,"Flow":[{"Type":"EmbeddedData","FlowID":"FL_39","EmbeddedData":[{"Description":"flooring1","Type":"Custom","Field":"flooring1","VariableType":"Nominal","Value":"Carpet"},{"Description":"floor1","Type":"Custom","Field":"floor1","VariableType":"Nominal","Value":"First (bottom) floor"},{"Description":"levels1","Type":"Custom","Field":"levels1","VariableType":"Nominal","Value":"One-floor flat"}]},{"Type":"EmbeddedData","FlowID":"FL_42","EmbeddedData":[{"Description":"flooring1","Type":"Custom","Field":"flooring1","VariableType":"Nominal","Value":"Carpet"},{"Description":"floor1","Type":"Custom","Field":"floor1","VariableType":"Nominal","Value":"First (bottom) floor"},{"Description":"levels1","Type":"Custom","Field":"levels1","VariableType":"Nominal","Value":"Two-floor townhouse"}]},{"Type":"EmbeddedData","FlowID":"FL_41","EmbeddedData":[{"Description":"flooring1","Type":"Custom","Field":"flooring1","VariableType":"Nominal","Value":"Carpet"},{"Description":"floor1","Type":"Custom","Field":"floor1","VariableType":"Nominal","Value":"Fourth (top) floor"},{"Description":"levels1","Type":"Custom","Field":"levels1","VariableType":"Nominal","Value":"One-floor flat"}]},{"Type":"EmbeddedData","FlowID":"FL_43","EmbeddedData":[{"Description":"flooring1","Type":"Custom","Field":"flooring1","VariableType":"Nominal","Value":"Carpet"},{"Description":"floor1","Type":"Custom","Field":"floor1","VariableType":"Nominal","Value":"Fourth (top) floor"},{"Description":"levels1","Type":"Custom","Field":"levels1","VariableType":"Nominal","Value":"Two-floor townhouse"}]},{"Type":"EmbeddedData","FlowID":"FL_47","EmbeddedData":[{"Description":"flooring1","Type":"Custom","Field":"flooring1","VariableType":"Nominal","Value":"Laminate"},{"Description":"floor1","Type":"Custom","Field":"floor1","VariableType":"Nominal","Value":"First (bottom) floor"},{"Description":"levels1","Type":"Custom","Field":"levels1","VariableType":"Nominal","Value":"One-floor flat"}]},{"Type":"EmbeddedData","FlowID":"FL_50","EmbeddedData":[{"Description":"flooring1","Type":"Custom","Field":"flooring1","VariableType":"Nominal","Value":"Laminate"},{"Description":"floor1","Type":"Custom","Field":"floor1","VariableType":"Nominal","Value":"First (bottom) floor"},{"Description":"levels1","Type":"Custom","Field":"levels1","VariableType":"Nominal","Value":"Two-floor townhouse"}]},{"Type":"EmbeddedData","FlowID":"FL_49","EmbeddedData":[{"Description":"flooring1","Type":"Custom","Field":"flooring1","VariableType":"Nominal","Value":"Laminate"},{"Description":"floor1","Type":"Custom","Field":"floor1","VariableType":"Nominal","Value":"Fourth (top) floor"},{"Description":"levels1","Type":"Custom","Field":"levels1","VariableType":"Nominal","Value":"One-floor flat"}]},{"Type":"EmbeddedData","FlowID":"FL_48","EmbeddedData":[{"Description":"flooring1","Type":"Custom","Field":"flooring1","VariableType":"Nominal","Value":"Laminate"},{"Description":"floor1","Type":"Custom","Field":"floor1","VariableType":"Nominal","Value":"Fourth (top) floor"},{"Description":"levels1","Type":"Custom","Field":"levels1","VariableType":"Nominal","Value":"Two-floor townhouse"}]}]},{"Type":"BlockRandomizer","FlowID":"FL_62","SubSet":1,"EvenPresentation":true,"Flow":[{"Type":"EmbeddedData","FlowID":"FL_63","EmbeddedData":[{"Description":"flooring2","Type":"Custom","Field":"flooring2","VariableType":"Nominal","Value":"Carpet"},{"Description":"floor2","Type":"Custom","Field":"floor2","VariableType":"Nominal","Value":"First (bottom) floor"},{"Description":"levels2","Type":"Custom","Field":"levels2","VariableType":"Nominal","Value":"One-floor flat"}]},{"Type":"EmbeddedData","FlowID":"FL_64","EmbeddedData":[{"Description":"flooring2","Type":"Custom","Field":"flooring2","VariableType":"Nominal","Value":"Carpet"},{"Description":"floor2","Type":"Custom","Field":"floor2","VariableType":"Nominal","Value":"First (bottom) floor"},{"Description":"levels2","Type":"Custom","Field":"levels2","VariableType":"Nominal","Value":"Two-floor townhouse"}]},{"Type":"EmbeddedData","FlowID":"FL_65","EmbeddedData":[{"Description":"flooring2","Type":"Custom","Field":"flooring2","VariableType":"Nominal","Value":"Carpet"},{"Description":"floor2","Type":"Custom","Field":"floor2","VariableType":"Nominal","Value":"Fourth (top) floor"},{"Description":"levels2","Type":"Custom","Field":"levels2","VariableType":"Nominal","Value":"One-floor flat"}]},{"Type":"EmbeddedData","FlowID":"FL_66","EmbeddedData":[{"Description":"flooring2","Type":"Custom","Field":"flooring2","VariableType":"Nominal","Value":"Carpet"},{"Description":"floor2","Type":"Custom","Field":"floor2","VariableType":"Nominal","Value":"Fourth (top) floor"},{"Description":"levels2","Type":"Custom","Field":"levels2","VariableType":"Nominal","Value":"Two-floor townhouse"}]},{"Type":"EmbeddedData","FlowID":"FL_67","EmbeddedData":[{"Description":"flooring2","Type":"Custom","Field":"flooring2","VariableType":"Nominal","Value":"Laminate"},{"Description":"floor2","Type":"Custom","Field":"floor2","VariableType":"Nominal","Value":"First (bottom) floor"},{"Description":"levels2","Type":"Custom","Field":"levels2","VariableType":"Nominal","Value":"One-floor flat"}]},{"Type":"EmbeddedData","FlowID":"FL_68","EmbeddedData":[{"Description":"flooring2","Type":"Custom","Field":"flooring2","VariableType":"Nominal","Value":"Laminate"},{"Description":"floor2","Type":"Custom","Field":"floor2","VariableType":"Nominal","Value":"First (bottom) floor"},{"Description":"levels2","Type":"Custom","Field":"levels2","VariableType":"Nominal","Value":"Two-floor townhouse"}]},{"Type":"EmbeddedData","FlowID":"FL_69","EmbeddedData":[{"Description":"flooring2","Type":"Custom","Field":"flooring2","VariableType":"Nominal","Value":"Laminate"},{"Description":"floor2","Type":"Custom","Field":"floor2","VariableType":"Nominal","Value":"Fourth (top) floor"},{"Description":"levels2","Type":"Custom","Field":"levels2","VariableType":"Nominal","Value":"One-floor flat"}]},{"Type":"EmbeddedData","FlowID":"FL_70","EmbeddedData":[{"Description":"flooring2","Type":"Custom","Field":"flooring2","VariableType":"Nominal","Value":"Laminate"},{"Description":"floor2","Type":"Custom","Field":"floor2","VariableType":"Nominal","Value":"Fourth (top) floor"},{"Description":"levels2","Type":"Custom","Field":"levels2","VariableType":"Nominal","Value":"Two-floor townhouse"}]}]},{"Type":"BlockRandomizer","FlowID":"FL_53","SubSet":1,"EvenPresentation":true,"Flow":[{"Type":"EmbeddedData","FlowID":"FL_54","EmbeddedData":[{"Description":"flooring3","Type":"Custom","Field":"flooring3","VariableType":"Nominal","Value":"Carpet"},{"Description":"floor3","Type":"Custom","Field":"floor3","VariableType":"Nominal","Value":"First (bottom) floor"},{"Description":"levels3","Type":"Custom","Field":"levels3","VariableType":"Nominal","Value":"One-floor flat"}]},{"Type":"EmbeddedData","FlowID":"FL_55","EmbeddedData":[{"Description":"flooring3","Type":"Custom","Field":"flooring3","VariableType":"Nominal","Value":"Carpet"},{"Description":"floor3","Type":"Custom","Field":"floor3","VariableType":"Nominal","Value":"First (bottom) floor"},{"Description":"levels3","Type":"Custom","Field":"levels3","VariableType":"Nominal","Value":"Two-floor townhouse"}]},{"Type":"EmbeddedData","FlowID":"FL_56","EmbeddedData":[{"Description":"flooring3","Type":"Custom","Field":"flooring3","VariableType":"Nominal","Value":"Carpet"},{"Description":"floor3","Type":"Custom","Field":"floor3","VariableType":"Nominal","Value":"Fourth (top) floor"},{"Description":"levels3","Type":"Custom","Field":"levels3","VariableType":"Nominal","Value":"One-floor flat"}]},{"Type":"EmbeddedData","FlowID":"FL_57","EmbeddedData":[{"Description":"flooring3","Type":"Custom","Field":"flooring3","VariableType":"Nominal","Value":"Carpet"},{"Description":"floor3","Type":"Custom","Field":"floor3","VariableType":"Nominal","Value":"Fourth (top) floor"},{"Description":"levels3","Type":"Custom","Field":"levels3","VariableType":"Nominal","Value":"Two-floor townhouse"}]},{"Type":"EmbeddedData","FlowID":"FL_58","EmbeddedData":[{"Description":"flooring3","Type":"Custom","Field":"flooring3","VariableType":"Nominal","Value":"Laminate"},{"Description":"floor3","Type":"Custom","Field":"floor3","VariableType":"Nominal","Value":"First (bottom) floor"},{"Description":"levels3","Type":"Custom","Field":"levels3","VariableType":"Nominal","Value":"One-floor flat"}]},{"Type":"EmbeddedData","FlowID":"FL_59","EmbeddedData":[{"Description":"flooring3","Type":"Custom","Field":"flooring3","VariableType":"Nominal","Value":"Laminate"},{"Description":"floor3","Type":"Custom","Field":"floor3","VariableType":"Nominal","Value":"First (bottom) floor"},{"Description":"levels3","Type":"Custom","Field":"levels3","VariableType":"Nominal","Value":"Two-floor townhouse"}]},{"Type":"EmbeddedData","FlowID":"FL_60","EmbeddedData":[{"Description":"flooring3","Type":"Custom","Field":"flooring3","VariableType":"Nominal","Value":"Laminate"},{"Description":"floor3","Type":"Custom","Field":"floor3","VariableType":"Nominal","Value":"Fourth (top) floor"},{"Description":"levels3","Type":"Custom","Field":"levels3","VariableType":"Nominal","Value":"One-floor flat"}]},{"Type":"EmbeddedData","FlowID":"FL_61","EmbeddedData":[{"Description":"flooring3","Type":"Custom","Field":"flooring3","VariableType":"Nominal","Value":"Laminate"},{"Description":"floor3","Type":"Custom","Field":"floor3","VariableType":"Nominal","Value":"Fourth (top) floor"},{"Description":"levels3","Type":"Custom","Field":"levels3","VariableType":"Nominal","Value":"Two-floor townhouse"}]}]},{"Type":"BlockRandomizer","FlowID":"FL_86","SubSet":1,"EvenPresentation":true,"Flow":[{"Type":"EmbeddedData","FlowID":"FL_87","EmbeddedData":[{"Description":"flooring4","Type":"Custom","Field":"flooring4","VariableType":"Nominal","Value":"Carpet"},{"Description":"floor4","Type":"Custom","Field":"floor4","VariableType":"Nominal","Value":"First (bottom) floor"},{"Description":"levels4","Type":"Custom","Field":"levels4","VariableType":"Nominal","Value":"One-floor flat"}]},{"Type":"EmbeddedData","FlowID":"FL_88","EmbeddedData":[{"Description":"flooring4","Type":"Custom","Field":"flooring4","VariableType":"Nominal","Value":"Carpet"},{"Description":"floor4","Type":"Custom","Field":"floor4","VariableType":"Nominal","Value":"First (bottom) floor"},{"Description":"levels4","Type":"Custom","Field":"levels4","VariableType":"Nominal","Value":"Two-floor townhouse"}]},{"Type":"EmbeddedData","FlowID":"FL_89","EmbeddedData":[{"Description":"flooring4","Type":"Custom","Field":"flooring4","VariableType":"Nominal","Value":"Carpet"},{"Description":"floor4","Type":"Custom","Field":"floor4","VariableType":"Nominal","Value":"Fourth (top) floor"},{"Description":"levels4","Type":"Custom","Field":"levels4","VariableType":"Nominal","Value":"One-floor flat"}]},{"Type":"EmbeddedData","FlowID":"FL_90","EmbeddedData":[{"Description":"flooring4","Type":"Custom","Field":"flooring4","VariableType":"Nominal","Value":"Carpet"},{"Description":"floor4","Type":"Custom","Field":"floor4","VariableType":"Nominal","Value":"Fourth (top) floor"},{"Description":"levels4","Type":"Custom","Field":"levels4","VariableType":"Nominal","Value":"Two-floor townhouse"}]},{"Type":"EmbeddedData","FlowID":"FL_91","EmbeddedData":[{"Description":"flooring4","Type":"Custom","Field":"flooring4","VariableType":"Nominal","Value":"Laminate"},{"Description":"floor4","Type":"Custom","Field":"floor4","VariableType":"Nominal","Value":"First (bottom) floor"},{"Description":"levels4","Type":"Custom","Field":"levels4","VariableType":"Nominal","Value":"One-floor flat"}]},{"Type":"EmbeddedData","FlowID":"FL_92","EmbeddedData":[{"Description":"flooring4","Type":"Custom","Field":"flooring4","VariableType":"Nominal","Value":"Laminate"},{"Description":"floor4","Type":"Custom","Field":"floor4","VariableType":"Nominal","Value":"First (bottom) floor"},{"Description":"levels4","Type":"Custom","Field":"levels4","VariableType":"Nominal","Value":"Two-floor townhouse"}]},{"Type":"EmbeddedData","FlowID":"FL_93","EmbeddedData":[{"Description":"flooring4","Type":"Custom","Field":"flooring4","VariableType":"Nominal","Value":"Laminate"},{"Description":"floor4","Type":"Custom","Field":"floor4","VariableType":"Nominal","Value":"Fourth (top) floor"},{"Description":"levels4","Type":"Custom","Field":"levels4","VariableType":"Nominal","Value":"One-floor flat"}]},{"Type":"EmbeddedData","FlowID":"FL_94","EmbeddedData":[{"Description":"flooring4","Type":"Custom","Field":"flooring4","VariableType":"Nominal","Value":"Laminate"},{"Description":"floor4","Type":"Custom","Field":"floor4","VariableType":"Nominal","Value":"Fourth (top) floor"},{"Description":"levels4","Type":"Custom","Field":"levels4","VariableType":"Nominal","Value":"Two-floor townhouse"}]}]},{"Type":"BlockRandomizer","FlowID":"FL_77","SubSet":1,"EvenPresentation":true,"Flow":[{"Type":"EmbeddedData","FlowID":"FL_78","EmbeddedData":[{"Description":"flooring5","Type":"Custom","Field":"flooring5","VariableType":"Nominal","Value":"Carpet"},{"Description":"floor5","Type":"Custom","Field":"floor5","VariableType":"Nominal","Value":"First (bottom) floor"},{"Description":"levels5","Type":"Custom","Field":"levels5","VariableType":"Nominal","Value":"One-floor flat"}]},{"Type":"EmbeddedData","FlowID":"FL_79","EmbeddedData":[{"Description":"flooring5","Type":"Custom","Field":"flooring5","VariableType":"Nominal","Value":"Carpet"},{"Description":"floor5","Type":"Custom","Field":"floor5","VariableType":"Nominal","Value":"First (bottom) floor"},{"Description":"levels5","Type":"Custom","Field":"levels5","VariableType":"Nominal","Value":"Two-floor townhouse"}]},{"Type":"EmbeddedData","FlowID":"FL_80","EmbeddedData":[{"Description":"flooring5","Type":"Custom","Field":"flooring5","VariableType":"Nominal","Value":"Carpet"},{"Description":"floor5","Type":"Custom","Field":"floor5","VariableType":"Nominal","Value":"Fourth (top) floor"},{"Description":"levels5","Type":"Custom","Field":"levels5","VariableType":"Nominal","Value":"One-floor flat"}]},{"Type":"EmbeddedData","FlowID":"FL_81","EmbeddedData":[{"Description":"flooring5","Type":"Custom","Field":"flooring5","VariableType":"Nominal","Value":"Carpet"},{"Description":"floor5","Type":"Custom","Field":"floor5","VariableType":"Nominal","Value":"Fourth (top) floor"},{"Description":"levels5","Type":"Custom","Field":"levels5","VariableType":"Nominal","Value":"Two-floor townhouse"}]},{"Type":"EmbeddedData","FlowID":"FL_82","EmbeddedData":[{"Description":"flooring5","Type":"Custom","Field":"flooring5","VariableType":"Nominal","Value":"Laminate"},{"Description":"floor5","Type":"Custom","Field":"floor5","VariableType":"Nominal","Value":"First (bottom) floor"},{"Description":"levels5","Type":"Custom","Field":"levels5","VariableType":"Nominal","Value":"One-floor flat"}]},{"Type":"EmbeddedData","FlowID":"FL_83","EmbeddedData":[{"Description":"flooring5","Type":"Custom","Field":"flooring5","VariableType":"Nominal","Value":"Laminate"},{"Description":"floor5","Type":"Custom","Field":"floor5","VariableType":"Nominal","Value":"First (bottom) floor"},{"Description":"levels5","Type":"Custom","Field":"levels5","VariableType":"Nominal","Value":"Two-floor townhouse"}]},{"Type":"EmbeddedData","FlowID":"FL_84","EmbeddedData":[{"Description":"flooring5","Type":"Custom","Field":"flooring5","VariableType":"Nominal","Value":"Laminate"},{"Description":"floor5","Type":"Custom","Field":"floor5","VariableType":"Nominal","Value":"Fourth (top) floor"},{"Description":"levels5","Type":"Custom","Field":"levels5","VariableType":"Nominal","Value":"One-floor flat"}]},{"Type":"EmbeddedData","FlowID":"FL_85","EmbeddedData":[{"Description":"flooring5","Type":"Custom","Field":"flooring5","VariableType":"Nominal","Value":"Laminate"},{"Description":"floor5","Type":"Custom","Field":"floor5","VariableType":"Nominal","Value":"Fourth (top) floor"},{"Description":"levels5","Type":"Custom","Field":"levels5","VariableType":"Nominal","Value":"Two-floor townhouse"}]}]}]},{"Type":"Branch","FlowID":"FL_36","Description":"New Branch","BranchLogic":{"0":{"0":{"LogicType":"EmbeddedField","LeftOperand":"attributes","Operator":"EqualTo","RightOperand":"single","_HiddenExpression":false,"Type":"Expression","Description":"<span class=\"ConjDesc\">If<\/span> <span class=\"QuestionDesc\"><\/span> <span class=\"LeftOpDesc\">attributes<\/span> Is <span class=\"OpDesc\">Equal to<\/span> <span class=\"RightOpDesc\"> single <\/span>"},"Type":"If"},"Type":"BooleanExpression"},"Flow":[{"Type":"Block","ID":"BL_bEGLN4oHVwbKkVD","FlowID":"FL_11"}]},{"Type":"Branch","FlowID":"FL_37","Description":"New Branch","BranchLogic":{"0":{"0":{"LogicType":"EmbeddedField","LeftOperand":"attributes","Operator":"EqualTo","RightOperand":"multi","_HiddenExpression":false,"Type":"Expression","Description":"<span class=\"ConjDesc\">If<\/span> <span class=\"QuestionDesc\"><\/span> <span class=\"LeftOpDesc\">attributes<\/span> Is <span class=\"OpDesc\">Equal to<\/span> <span class=\"RightOpDesc\"> multi <\/span>"},"Type":"If"},"Type":"BooleanExpression"},"Flow":[{"Type":"Standard","ID":"BL_77B507xxbVJunFH","FlowID":"FL_35"}]},{"Type":"Standard","ID":"BL_1RMqAw866MVKvxH","FlowID":"FL_16"}],"Properties":{"Count":115}}},{"SurveyID":"SV_4Oyn7P7vKUnHkRT","Element":"SO","PrimaryAttribute":"Survey Options","SecondaryAttribute":null,"TertiaryAttribute":null,"Payload":{"BackButton":"false","SaveAndContinue":"false","SurveyProtection":"PublicSurvey","BallotBoxStuffingPrevention":"false","NoIndex":"Yes","SurveyExpiration":null,"SurveyTermination":"Redirect","Header":"","Footer":"","ProgressBarDisplay":"None","PartialData":"+1 week","ValidationMessage":null,"PreviousButton":"  <<  ","NextButton":"  >>  ","SkinLibrary":"leeds","SkinType":"MQ","Skin":"CacheCoLeeds","NewScoring":1,"PreferJFE":false,"ProtectSelectionIds":true,"EOSMessage":"MS_5bwt1iSzMA9I6xL","ShowExportTags":"false","CollectGeoLocation":"false","SurveyTitle":"Online Survey Software | Qualtrics Survey Solutions","SurveyMetaDescription":"Qualtrics sophisticated online survey software solutions make creating online surveys easy. Learn more about Research Suite and get a free account today.","PasswordProtection":"No","AnonymizeResponse":"No","Password":"","RefererCheck":"No","RefererURL":"http:\/\/","EOSMessageLibrary":"UR_8czR4ImaO7oxPpP","EOSRedirectURL":"https:\/\/carelab.colorado.edu\/turker\/thankyou.php?wid=${e:\/\/Field\/wid}&sid=${e:\/\/Field\/sid}","EmailThankYou":"false","ThankYouEmailMessageLibrary":null,"ThankYouEmailMessage":null,"ValidateMessage":"false","ValidationMessageLibrary":null,"InactiveSurvey":"DefaultMessage","InactiveMessageLibrary":"","InactiveMessage":"","AvailableLanguages":{"EN":[]},"SecureResponseFiles":"false","ActiveResponseSet":null,"SurveyName":"Intermediate Attributes - Single\/Multiattribute - S, Inverse-S Shape"}},{"SurveyID":"SV_4Oyn7P7vKUnHkRT","Element":"SCO","PrimaryAttribute":"Scoring","SecondaryAttribute":null,"TertiaryAttribute":null,"Payload":{"ScoringCategories":[],"ScoringCategoryGroups":[],"ScoringSummaryCategory":null,"ScoringSummaryAfterQuestions":0,"ScoringSummaryAfterSurvey":0,"DefaultScoringCategory":null,"AutoScoringCategory":null}},{"SurveyID":"SV_4Oyn7P7vKUnHkRT","Element":"STAT","PrimaryAttribute":"Survey Statistics","SecondaryAttribute":null,"TertiaryAttribute":null,"Payload":{"MobileCompatible":true,"ID":"Survey Statistics"}},{"SurveyID":"SV_4Oyn7P7vKUnHkRT","Element":"PROJ","PrimaryAttribute":"CORE","SecondaryAttribute":"1.0.0","TertiaryAttribute":null,"Payload":null},{"SurveyID":"SV_4Oyn7P7vKUnHkRT","Element":"QC","PrimaryAttribute":"Survey Question Count","SecondaryAttribute":"114","TertiaryAttribute":null,"Payload":null},{"SurveyID":"SV_4Oyn7P7vKUnHkRT","Element":"SQ","PrimaryAttribute":"QID63","SecondaryAttribute":"Age:","TertiaryAttribute":null,"Payload":{"QuestionText":"Age:","DataExportTag":"age","QuestionType":"TE","Selector":"SL","Configuration":{"QuestionDescriptionOption":"UseText","InputWidth":110},"QuestionDescription":"Age:","Validation":{"Settings":{"ForceResponse":"OFF","ForceResponseType":"ON","Type":"ContentType","ContentType":"ValidNumber","ValidDateType":"DateWithFormat","ValidPhoneType":"ValidUSPhone","ValidZipType":"ValidUSZip"}},"GradingData":[],"Language":[],"QuestionID":"QID63"}},{"SurveyID":"SV_4Oyn7P7vKUnHkRT","Element":"SQ","PrimaryAttribute":"QID2","SecondaryAttribute":"Based on the information below, how many dollars would you be willing to pay per month for this a...","TertiaryAttribute":null,"Payload":{"QuestionText":"Based on the information below, how many dollars would you be willing to pay per month for this apartment:<br \/>\n&nbsp;&nbsp;\n<table border=\"0\" cellpadding=\"1\" cellspacing=\"1\" style=\"width: 250px;\">\n <tbody>\n  <tr>\n   <th scope=\"row\" style=\"width:125px;\"><span style=\"font-weight: bold; text-align: center;\">Square Footage<\/span><\/th>\n   <td style=\"width:125px;\">1,000 sq. ft.<\/td>\n  <\/tr>\n <\/tbody>\n<\/table>\n\n<div>&nbsp;<\/div>","DefaultChoices":false,"DataExportTag":"single.l","QuestionType":"TE","Selector":"SL","Configuration":{"QuestionDescriptionOption":"UseText","InputWidth":200},"QuestionDescription":"Based on the information below, how many dollars would you be willing to pay per month for this a...","Validation":{"Settings":{"ForceResponse":"OFF","ForceResponseType":"ON","Type":"CustomValidation","ValidDateType":"DateWithFormat","ValidPhoneType":"ValidUSPhone","ValidZipType":"ValidUSZip","ValidNumber":{"Min":"0","Max":"10000","NumDecimals":"2"},"CustomValidation":{"Logic":{"0":{"0":{"QuestionID":"QID2","QuestionIsInLoop":"no","ChoiceLocator":"q:\/\/QID2\/ChoiceTextEntryValue","Operator":"MatchesRegex","QuestionIDFromLocator":"QID2","LeftOperand":"q:\/\/QID2\/ChoiceTextEntryValue","RightOperand":"^[+-]?\\$?[0-9]{1,3}(?:,?[0-9]{3})*(?:\\.[0-9]{2})?$","Type":"Expression","LogicType":"Question","Description":"<span class=\"ConjDesc\">If<\/span> <span class=\"QuestionDesc\">Based on the information below, how many dollars would you be\nwilling to pay per month for this a...<\/span> <span class=\"LeftOpDesc\">Text Response<\/span> Is <span class=\"OpDesc\">Matches Regex<\/span> <span class=\"RightOpDesc\"> ^[+-]?\\$?[0-9]{1,3}(?:,?[0-9]{3})*(?:\\.[0-9]{2})?$ <\/span>"},"Type":"If"},"Type":"BooleanExpression"},"Message":{"messageID":"MS_8oeF5rnVcEE2Y5L","subMessageID":"VE_VALIDNUMBER","libraryID":"UR_8czR4ImaO7oxPpP","description":"Require valid number"}}}},"GradingData":[],"Language":[],"QuestionID":"QID2","QuestionJS":"Qualtrics.SurveyEngine.addOnload(function()\n{\n\t\/*Place Your Javascript Below This Line*\/\nvar inputs = $(this.getQuestionContainer()).select('input[type=\"text\"]');\n\nfor (var i = 0; i < inputs.length; i++) {\n  var input = inputs[i];\n\n  $(input).insert({before: '$'});\n}\n});"}},{"SurveyID":"SV_4Oyn7P7vKUnHkRT","Element":"SQ","PrimaryAttribute":"QID3","SecondaryAttribute":"Based on the information below, how many dollars would you be willing to pay per month for this a...","TertiaryAttribute":null,"Payload":{"QuestionText":"Based on the information below, how many dollars would you be willing to pay per month for this apartment:<br>&nbsp;&nbsp;<table border=\"0\" cellpadding=\"1\" cellspacing=\"1\" style=\"width: 250px;\"><tbody>\n  <tr>\n   <th scope=\"row\" style=\"width:125px;\"><span style=\"font-weight: bold; text-align: center;\">Square Footage<\/span><\/th><td style=\"width:125px;\">${e:\/\/Field\/mid1} sq. ft.<\/td>\n  <\/tr>\n <\/tbody>\n<\/table>\n\n<div>&nbsp;<\/div>","DefaultChoices":false,"DataExportTag":"single.m1","QuestionType":"TE","Selector":"SL","Configuration":{"QuestionDescriptionOption":"UseText","InputWidth":200},"QuestionDescription":"Based on the information below, how many dollars would you be willing to pay per month for this a...","Validation":{"Settings":{"ForceResponse":"OFF","ForceResponseType":"ON","Type":"CustomValidation","ValidDateType":"DateWithFormat","ValidPhoneType":"ValidUSPhone","ValidZipType":"ValidUSZip","ValidNumber":{"Min":"0","Max":"10000","NumDecimals":"2"},"CustomValidation":{"Logic":{"0":{"0":{"QuestionID":"QID3","QuestionIsInLoop":"no","ChoiceLocator":"q:\/\/QID3\/ChoiceTextEntryValue","Operator":"MatchesRegex","QuestionIDFromLocator":"QID3","LeftOperand":"q:\/\/QID3\/ChoiceTextEntryValue","RightOperand":"^[+-]?\\$?[0-9]{1,3}(?:,?[0-9]{3})*(?:\\.[0-9]{2})?$","Type":"Expression","LogicType":"Question","Description":"<span class=\"ConjDesc\">If<\/span> <span class=\"QuestionDesc\">Based on the information below, how many dollars would you be\nwilling to pay per month for this a...<\/span> <span class=\"LeftOpDesc\">Text Response<\/span> Is <span class=\"OpDesc\">Matches Regex<\/span> <span class=\"RightOpDesc\"> ^[+-]?\\$?[0-9]{1,3}(?:,?[0-9]{3})*(?:\\.[0-9]{2})?$ <\/span>"},"Type":"If"},"Type":"BooleanExpression"},"Message":{"messageID":"MS_8oeF5rnVcEE2Y5L","subMessageID":"VE_VALIDNUMBER","libraryID":"UR_8czR4ImaO7oxPpP","description":"Require valid number"}}}},"GradingData":[],"Language":[],"QuestionID":"QID3","QuestionJS":"Qualtrics.SurveyEngine.addOnload(function()\n{\n\t\/*Place Your Javascript Below This Line*\/\nvar inputs = $(this.getQuestionContainer()).select('input[type=\"text\"]');\n\nfor (var i = 0; i < inputs.length; i++) {\n  var input = inputs[i];\n\n  $(input).insert({before: '$'});\n}\n});"}},{"SurveyID":"SV_4Oyn7P7vKUnHkRT","Element":"SQ","PrimaryAttribute":"QID11","SecondaryAttribute":"Based on the information below, how many dollars would you be willing to pay per month for this a...","TertiaryAttribute":null,"Payload":{"QuestionText":"Based on the information below, how many dollars would you be willing to pay per month for this apartment:<br>&nbsp;&nbsp;<table border=\"0\" cellpadding=\"1\" cellspacing=\"1\" style=\"width: 250px;\"><tbody>\n  <tr>\n   <th scope=\"row\" style=\"width:125px;\"><span style=\"font-weight: bold; text-align: center;\">Square Footage<\/span><\/th><td style=\"width:125px;\">2,000 sq. ft.<\/td>\n  <\/tr>\n <\/tbody>\n<\/table>\n\n<div>&nbsp;<\/div>","DefaultChoices":false,"DataExportTag":"single.h","QuestionType":"TE","Selector":"SL","Configuration":{"QuestionDescriptionOption":"UseText","InputWidth":200},"QuestionDescription":"Based on the information below, how many dollars would you be willing to pay per month for this a...","Validation":{"Settings":{"ForceResponse":"OFF","ForceResponseType":"ON","Type":"CustomValidation","ValidDateType":"DateWithFormat","ValidPhoneType":"ValidUSPhone","ValidZipType":"ValidUSZip","ValidNumber":{"Min":"0","Max":"10000","NumDecimals":"2"},"CustomValidation":{"Logic":{"0":{"0":{"QuestionID":"QID11","QuestionIsInLoop":"no","ChoiceLocator":"q:\/\/QID11\/ChoiceTextEntryValue","Operator":"MatchesRegex","QuestionIDFromLocator":"QID11","LeftOperand":"q:\/\/QID11\/ChoiceTextEntryValue","RightOperand":"^[+-]?\\$?[0-9]{1,3}(?:,?[0-9]{3})*(?:\\.[0-9]{2})?$","Type":"Expression","LogicType":"Question","Description":"<span class=\"ConjDesc\">If<\/span> <span class=\"QuestionDesc\">Based on the information below, how many dollars would you be willing to pay per month for this apartment:\n&amp;nbsp;&amp;nbsp;\n  \n   Square Footage\n   1,500 sq. ft.\n  \n \n\n\n&amp;nbsp;<\/span> <span class=\"LeftOpDesc\">Text Response<\/span> Is <span class=\"OpDesc\">Matches Regex<\/span> <span class=\"RightOpDesc\"> ^[+-]?\\$?[0-9]{1,3}(?:,?[0-9]{3})*(?:\\.[0-9]{2})?$ <\/span>"},"Type":"If"},"Type":"BooleanExpression"},"Message":{"messageID":"MS_8oeF5rnVcEE2Y5L","subMessageID":"VE_VALIDNUMBER","libraryID":"UR_8czR4ImaO7oxPpP","description":"Require valid number"}}}},"GradingData":[],"Language":[],"QuestionID":"QID11","QuestionJS":"Qualtrics.SurveyEngine.addOnload(function()\n{\n\t\/*Place Your Javascript Below This Line*\/\nvar inputs = $(this.getQuestionContainer()).select('input[type=\"text\"]');\n\nfor (var i = 0; i < inputs.length; i++) {\n  var input = inputs[i];\n\n  $(input).insert({before: '$'});\n}\n});"}},{"SurveyID":"SV_4Oyn7P7vKUnHkRT","Element":"SQ","PrimaryAttribute":"QID84","SecondaryAttribute":"Based on the information below, how many dollars would you be willing to pay per month for this a...","TertiaryAttribute":null,"Payload":{"QuestionText":"Based on the information below, how many dollars would you be willing to pay per month for this apartment:<br>&nbsp;&nbsp;<table border=\"0\" cellpadding=\"1\" cellspacing=\"1\" style=\"width: 250px;\"><tbody>\n  <tr>\n   <th scope=\"row\" style=\"width:125px;\"><span style=\"font-weight: bold; text-align: center;\">Square Footage<\/span><\/th><td style=\"width:125px;\">${e:\/\/Field\/mid2} sq. ft.<\/td>\n  <\/tr>\n <\/tbody>\n<\/table>\n\n<div>&nbsp;<\/div>","DefaultChoices":false,"DataExportTag":"single.m2","QuestionType":"TE","Selector":"SL","Configuration":{"QuestionDescriptionOption":"UseText","InputWidth":200},"QuestionDescription":"Based on the information below, how many dollars would you be willing to pay per month for this a...","Validation":{"Settings":{"ForceResponse":"OFF","ForceResponseType":"ON","Type":"CustomValidation","ValidDateType":"DateWithFormat","ValidPhoneType":"ValidUSPhone","ValidZipType":"ValidUSZip","ValidNumber":{"Min":"0","Max":"10000","NumDecimals":"2"},"CustomValidation":{"Logic":{"0":{"0":{"QuestionID":"QID84","QuestionIsInLoop":"no","ChoiceLocator":"q:\/\/QID84\/ChoiceTextEntryValue","Operator":"MatchesRegex","QuestionIDFromLocator":"QID84","LeftOperand":"q:\/\/QID84\/ChoiceTextEntryValue","RightOperand":"^[+-]?\\$?[0-9]{1,3}(?:,?[0-9]{3})*(?:\\.[0-9]{2})?$","Type":"Expression","LogicType":"Question","Description":"<span class=\"ConjDesc\">If<\/span> <span class=\"QuestionDesc\">Based on the information below, how many dollars would you be willing to pay per month for this a...<\/span> <span class=\"LeftOpDesc\">Text Response<\/span> Is <span class=\"OpDesc\">Matches Regex<\/span> <span class=\"RightOpDesc\"> ^[+-]?\\$?[0-9]{1,3}(?:,?[0-9]{3})*(?:\\.[0-9]{2})?$ <\/span>"},"Type":"If"},"Type":"BooleanExpression"},"Message":{"messageID":"MS_8oeF5rnVcEE2Y5L","subMessageID":"VE_VALIDNUMBER","libraryID":"UR_8czR4ImaO7oxPpP","description":"Require valid number"}}}},"GradingData":[],"Language":[],"QuestionID":"QID84","QuestionJS":"Qualtrics.SurveyEngine.addOnload(function()\n{\n\t\/*Place Your Javascript Below This Line*\/\nvar inputs = $(this.getQuestionContainer()).select('input[type=\"text\"]');\n\nfor (var i = 0; i < inputs.length; i++) {\n  var input = inputs[i];\n\n  $(input).insert({before: '$'});\n}\n});"}},{"SurveyID":"SV_4Oyn7P7vKUnHkRT","Element":"SQ","PrimaryAttribute":"QID106","SecondaryAttribute":"Based on the information below, how many dollars would you be willing to pay per month for this a...","TertiaryAttribute":null,"Payload":{"QuestionText":"Based on the information below, how many dollars would you be willing to pay per month for this apartment:<br \/>\n&nbsp;&nbsp;\n<table border=\"0\" cellpadding=\"1\" cellspacing=\"3\" style=\"width:400px;\">\n\t<tbody>\n\t\t<tr>\n\t\t\t<th scope=\"row\" style=\"text-align: left; width: 200px;\"><strong><span style=\"font-weight: bold; text-align: center;\">Square Footage<\/span><\/strong><\/th>\n\t\t\t<td style=\"width: 200px\">1,000 sq. ft.<\/td>\n\t\t<\/tr>\n\t\t<tr>\n\t\t\t<th scope=\"row\" style=\"text-align: left; width: 200px;\"><strong><span style=\"font-weight: bold; text-align: center;\">Flooring<\/span><\/strong><\/th>\n\t\t\t<td style=\"width: 200px\">${e:\/\/Field\/flooring1}<\/td>\n\t\t<\/tr>\n\t\t<tr>\n\t\t\t<th scope=\"row\" style=\"text-align: left; width: 200px;\"><b>Type of Apartment<\/b><\/th>\n\t\t\t<td style=\"width: 200px\">${e:\/\/Field\/levels1}<\/td>\n\t\t<\/tr>\n\t\t<tr>\n\t\t\t<th scope=\"row\" style=\"text-align: left; width: 200px;\"><strong>Floor of Building<\/strong><\/th>\n\t\t\t<td style=\"width: 200px\">${e:\/\/Field\/floor1}<\/td>\n\t\t<\/tr>\n\t<\/tbody>\n<\/table>\n\n<div>&nbsp;<\/div>","DefaultChoices":false,"QuestionType":"TE","Selector":"SL","Configuration":{"QuestionDescriptionOption":"UseText","InputWidth":200},"QuestionDescription":"Based on the information below, how many dollars would you be willing to pay per month for this a...","Validation":{"Settings":{"ForceResponse":"OFF","ForceResponseType":"ON","Type":"CustomValidation","ValidDateType":"DateWithFormat","ValidPhoneType":"ValidUSPhone","ValidZipType":"ValidUSZip","ValidNumber":{"Min":"0","Max":"10000","NumDecimals":"2"},"CustomValidation":{"Logic":{"0":{"0":{"QuestionID":"QID106","QuestionIsInLoop":"no","ChoiceLocator":"q:\/\/QID106\/ChoiceTextEntryValue","Operator":"MatchesRegex","QuestionIDFromLocator":"QID106","LeftOperand":"q:\/\/QID106\/ChoiceTextEntryValue","RightOperand":"^[+-]?\\$?[0-9]{1,3}(?:,?[0-9]{3})*(?:\\.[0-9]{2})?$","Type":"Expression","LogicType":"Question","Description":"<span class=\"ConjDesc\">If<\/span> <span class=\"QuestionDesc\">Based on the information below, how many dollars would you be\nwilling to pay per month for this a...<\/span> <span class=\"LeftOpDesc\">Text Response<\/span> Is <span class=\"OpDesc\">Matches Regex<\/span> <span class=\"RightOpDesc\"> ^[+-]?\\$?[0-9]{1,3}(?:,?[0-9]{3})*(?:\\.[0-9]{2})?$ <\/span>"},"Type":"If"},"Type":"BooleanExpression"},"Message":{"messageID":"MS_8oeF5rnVcEE2Y5L","subMessageID":"VE_VALIDNUMBER","libraryID":"UR_8czR4ImaO7oxPpP","description":"Require valid number"}}}},"GradingData":[],"Language":[],"QuestionJS":"Qualtrics.SurveyEngine.addOnload(function()\n{\n\t\/*Place Your Javascript Below This Line*\/\nvar inputs = $(this.getQuestionContainer()).select('input[type=\"text\"]');\n\nfor (var i = 0; i < inputs.length; i++) {\n  var input = inputs[i];\n\n  $(input).insert({before: '$'});\n}\n});","QuestionText_Unsafe":"Based on the information below, how many dollars would you be willing to pay per month for this apartment:<br>\n&nbsp;&nbsp;<table border=\"0\" cellpadding=\"1\" cellspacing=\"1\" style=\"width: 250px;\"><tbody>\n  <tr>\n   <th scope=\"row\"><span style=\"font-weight: bold; text-align: center;\">Square Footage<\/span><\/th>\n   <td>1,000 sq. ft.<\/td>\n  <\/tr>\n <\/tbody>\n<\/table>\n\n<div>&nbsp;<\/div>","DataExportTag":"multi.l","QuestionID":"QID106"}},{"SurveyID":"SV_4Oyn7P7vKUnHkRT","Element":"SQ","PrimaryAttribute":"QID107","SecondaryAttribute":"Based on the information below, how many dollars would you be willing to pay per month for this a...","TertiaryAttribute":null,"Payload":{"QuestionText":"Based on the information below, how many dollars would you be willing to pay per month for this apartment:<br \/>\n&nbsp;&nbsp;\n<table border=\"0\" cellpadding=\"1\" cellspacing=\"3\" style=\"width:400px;\">\n\t<tbody>\n\t\t<tr>\n\t\t\t<th scope=\"row\" style=\"text-align: left; width: 200px;\"><strong><span style=\"font-weight: bold; text-align: center;\">Square Footage<\/span><\/strong><\/th>\n\t\t\t<td style=\"width: 200px;\">${e:\/\/Field\/mid1} sq. ft.<\/td>\n\t\t<\/tr>\n\t\t<tr>\n\t\t\t<th scope=\"row\" style=\"text-align: left; width: 200px;\"><strong><span style=\"font-weight: bold; text-align: center;\">Flooring<\/span><\/strong><\/th>\n\t\t\t<td style=\"width: 200px;\">${e:\/\/Field\/flooring2}<\/td>\n\t\t<\/tr>\n\t\t<tr>\n\t\t\t<th scope=\"row\" style=\"text-align: left; width: 200px;\"><b>Type of Apartment<\/b><\/th>\n\t\t\t<td style=\"width: 200px;\">${e:\/\/Field\/levels2}<\/td>\n\t\t<\/tr>\n\t\t<tr>\n\t\t\t<th scope=\"row\" style=\"text-align: left; width: 200px;\"><strong>Floor of Building<\/strong><\/th>\n\t\t\t<td style=\"width: 200px;\">${e:\/\/Field\/floor2}<\/td>\n\t\t<\/tr>\n\t<\/tbody>\n<\/table>\n\n<div>&nbsp;<\/div>","DefaultChoices":false,"QuestionType":"TE","Selector":"SL","Configuration":{"QuestionDescriptionOption":"UseText","InputWidth":200},"QuestionDescription":"Based on the information below, how many dollars would you be willing to pay per month for this a...","Validation":{"Settings":{"ForceResponse":"OFF","ForceResponseType":"ON","Type":"CustomValidation","ValidDateType":"DateWithFormat","ValidPhoneType":"ValidUSPhone","ValidZipType":"ValidUSZip","ValidNumber":{"Min":"0","Max":"10000","NumDecimals":"2"},"CustomValidation":{"Logic":{"0":{"0":{"QuestionID":"QID107","QuestionIsInLoop":"no","ChoiceLocator":"q:\/\/QID107\/ChoiceTextEntryValue","Operator":"MatchesRegex","QuestionIDFromLocator":"QID107","LeftOperand":"q:\/\/QID107\/ChoiceTextEntryValue","RightOperand":"^[+-]?\\$?[0-9]{1,3}(?:,?[0-9]{3})*(?:\\.[0-9]{2})?$","Type":"Expression","LogicType":"Question","Description":"<span class=\"ConjDesc\">If<\/span> <span class=\"QuestionDesc\">Based on the information below, how many dollars would you be\nwilling to pay per month for this a...<\/span> <span class=\"LeftOpDesc\">Text Response<\/span> Is <span class=\"OpDesc\">Matches Regex<\/span> <span class=\"RightOpDesc\"> ^[+-]?\\$?[0-9]{1,3}(?:,?[0-9]{3})*(?:\\.[0-9]{2})?$ <\/span>"},"Type":"If"},"Type":"BooleanExpression"},"Message":{"messageID":"MS_8oeF5rnVcEE2Y5L","subMessageID":"VE_VALIDNUMBER","libraryID":"UR_8czR4ImaO7oxPpP","description":"Require valid number"}}}},"GradingData":[],"Language":[],"QuestionJS":"Qualtrics.SurveyEngine.addOnload(function()\n{\n\t\/*Place Your Javascript Below This Line*\/\nvar inputs = $(this.getQuestionContainer()).select('input[type=\"text\"]');\n\nfor (var i = 0; i < inputs.length; i++) {\n  var input = inputs[i];\n\n  $(input).insert({before: '$'});\n}\n});","QuestionText_Unsafe":"Based on the information below, how many dollars would you be willing to pay per month for this apartment:<br>\n&nbsp;&nbsp;<table border=\"0\" cellpadding=\"1\" cellspacing=\"1\" style=\"width: 250px;\"><tbody>\n  <tr>\n   <th scope=\"row\"><span style=\"font-weight: bold; text-align: center;\">Square Footage<\/span><\/th>\n   <td>1,150 sq. ft.<\/td>\n  <\/tr>\n <\/tbody>\n<\/table>\n\n<div>&nbsp;<\/div>","DataExportTag":"multi.m1","QuestionID":"QID107"}},{"SurveyID":"SV_4Oyn7P7vKUnHkRT","Element":"SQ","PrimaryAttribute":"QID108","SecondaryAttribute":"Based on the information below, how many dollars would you be willing to pay per month for this a...","TertiaryAttribute":null,"Payload":{"QuestionText":"Based on the information below, how many dollars would you be willing to pay per month for this apartment:<br \/>\n&nbsp;&nbsp;\n<table border=\"0\" cellpadding=\"1\" cellspacing=\"3\" style=\"width:400px;\">\n <tbody>\n  <tr>\n   <th scope=\"row\" style=\"text-align: left; width: 200px;\"><strong><span style=\"font-weight: bold; text-align: center;\">Square Footage<\/span><\/strong><\/th>\n   <td style=\"width: 200px;\">${e:\/\/Field\/mid2} sq. ft.<\/td>\n  <\/tr>\n  <tr>\n   <th scope=\"row\" style=\"text-align: left; width: 200px;\"><strong><span style=\"font-weight: bold; text-align: center;\">Flooring<\/span><\/strong><\/th>\n   <td style=\"width: 200px;\">${e:\/\/Field\/flooring3}<\/td>\n  <\/tr>\n  <tr>\n   <th scope=\"row\" style=\"text-align: left; width: 200px;\"><b>Type of Apartment<\/b><\/th>\n   <td style=\"width: 200px;\">${e:\/\/Field\/levels3}<\/td>\n  <\/tr>\n  <tr>\n   <th scope=\"row\" style=\"text-align: left; width: 200px;\"><strong>Floor of Building<\/strong><\/th>\n   <td style=\"width: 200px;\">${e:\/\/Field\/floor3}<\/td>\n  <\/tr>\n <\/tbody>\n<\/table>\n\n<div>&nbsp;<\/div>","DefaultChoices":false,"QuestionType":"TE","Selector":"SL","Configuration":{"QuestionDescriptionOption":"UseText","InputWidth":200},"QuestionDescription":"Based on the information below, how many dollars would you be willing to pay per month for this a...","Validation":{"Settings":{"ForceResponse":"OFF","ForceResponseType":"ON","Type":"CustomValidation","ValidDateType":"DateWithFormat","ValidPhoneType":"ValidUSPhone","ValidZipType":"ValidUSZip","ValidNumber":{"Min":"0","Max":"10000","NumDecimals":"2"},"CustomValidation":{"Logic":{"0":{"0":{"QuestionID":"QID108","QuestionIsInLoop":"no","ChoiceLocator":"q:\/\/QID108\/ChoiceTextEntryValue","Operator":"MatchesRegex","QuestionIDFromLocator":"QID108","LeftOperand":"q:\/\/QID108\/ChoiceTextEntryValue","RightOperand":"^[+-]?\\$?[0-9]{1,3}(?:,?[0-9]{3})*(?:\\.[0-9]{2})?$","Type":"Expression","LogicType":"Question","Description":"<span class=\"ConjDesc\">If<\/span> <span class=\"QuestionDesc\">Based on the information below, how many dollars would you be willing to pay per month for this apartment:\n&amp;nbsp;&amp;nbsp;\n\n \n  \n   Square Footage\n   ${e:\/\/Field\/mid2} sq. ft.\n  \n  \n   Flooring\n   ${e...<\/span> <span class=\"LeftOpDesc\">Text Response<\/span> Is <span class=\"OpDesc\">Matches Regex<\/span> <span class=\"RightOpDesc\"> ^[+-]?\\$?[0-9]{1,3}(?:,?[0-9]{3})*(?:\\.[0-9]{2})?$ <\/span>"},"Type":"If"},"Type":"BooleanExpression"},"Message":{"messageID":"MS_8oeF5rnVcEE2Y5L","subMessageID":"VE_VALIDNUMBER","libraryID":"UR_8czR4ImaO7oxPpP","description":"Require valid number"}}}},"GradingData":[],"Language":[],"QuestionJS":"Qualtrics.SurveyEngine.addOnload(function()\n{\n\t\/*Place Your Javascript Below This Line*\/\nvar inputs = $(this.getQuestionContainer()).select('input[type=\"text\"]');\n\nfor (var i = 0; i < inputs.length; i++) {\n  var input = inputs[i];\n\n  $(input).insert({before: '$'});\n}\n});","QuestionText_Unsafe":"Based on the information below, how many dollars would you be willing to pay per month for this apartment:<br>\n&nbsp;&nbsp;<table border=\"0\" cellpadding=\"1\" cellspacing=\"1\" style=\"width: 250px;\"><tbody>\n  <tr>\n   <th scope=\"row\"><span style=\"font-weight: bold; text-align: center;\">Square Footage<\/span><\/th>\n   <td>1,350 sq. ft.<\/td>\n  <\/tr>\n <\/tbody>\n<\/table>\n\n<div>&nbsp;<\/div>","DataExportTag":"mult.m2","QuestionID":"QID108"}},{"SurveyID":"SV_4Oyn7P7vKUnHkRT","Element":"SQ","PrimaryAttribute":"QID109","SecondaryAttribute":"Based on the information below, how many dollars would you be willing to pay per month for this a...","TertiaryAttribute":null,"Payload":{"QuestionText":"Based on the information below, how many dollars would you be willing to pay per month for this apartment:<br \/>\n&nbsp;&nbsp;\n<table border=\"0\" cellpadding=\"1\" cellspacing=\"3\" style=\"width:400px;\">\n <tbody>\n  <tr>\n   <th scope=\"row\" style=\"text-align: left; width: 200px;\"><strong><span style=\"font-weight: bold; text-align: center;\">Square Footage<\/span><\/strong><\/th>\n   <td style=\"width: 200px;\">2,000 sq. ft.<\/td>\n  <\/tr>\n  <tr>\n   <th scope=\"row\" style=\"text-align: left; width: 200px;\"><strong><span style=\"font-weight: bold; text-align: center;\">Flooring<\/span><\/strong><\/th>\n   <td style=\"width: 200px;\">${e:\/\/Field\/flooring5}<\/td>\n  <\/tr>\n  <tr>\n   <th scope=\"row\" style=\"text-align: left; width: 200px;\"><b>Type of Apartment<\/b><\/th>\n   <td style=\"width: 200px;\">${e:\/\/Field\/levels5}<\/td>\n  <\/tr>\n  <tr>\n   <th scope=\"row\" style=\"text-align: left; width: 200px;\"><strong>Floor of Building<\/strong><\/th>\n   <td style=\"width: 200px;\">${e:\/\/Field\/floor5}<\/td>\n  <\/tr>\n <\/tbody>\n<\/table>\n\n<div>&nbsp;<\/div>","DefaultChoices":false,"QuestionType":"TE","Selector":"SL","Configuration":{"QuestionDescriptionOption":"UseText","InputWidth":200},"QuestionDescription":"Based on the information below, how many dollars would you be willing to pay per month for this a...","Validation":{"Settings":{"ForceResponse":"OFF","ForceResponseType":"ON","Type":"CustomValidation","ValidDateType":"DateWithFormat","ValidPhoneType":"ValidUSPhone","ValidZipType":"ValidUSZip","ValidNumber":{"Min":"0","Max":"10000","NumDecimals":"2"},"CustomValidation":{"Logic":{"0":{"0":{"QuestionID":"QID109","QuestionIsInLoop":"no","ChoiceLocator":"q:\/\/QID109\/ChoiceTextEntryValue","Operator":"MatchesRegex","QuestionIDFromLocator":"QID109","LeftOperand":"q:\/\/QID109\/ChoiceTextEntryValue","RightOperand":"^[+-]?\\$?[0-9]{1,3}(?:,?[0-9]{3})*(?:\\.[0-9]{2})?$","Type":"Expression","LogicType":"Question","Description":"<span class=\"ConjDesc\">If<\/span> <span class=\"QuestionDesc\">Based on the information below, how many dollars would you be\nwilling to pay per month for this a...<\/span> <span class=\"LeftOpDesc\">Text Response<\/span> Is <span class=\"OpDesc\">Matches Regex<\/span> <span class=\"RightOpDesc\"> ^[+-]?\\$?[0-9]{1,3}(?:,?[0-9]{3})*(?:\\.[0-9]{2})?$ <\/span>"},"Type":"If"},"Type":"BooleanExpression"},"Message":{"messageID":"MS_8oeF5rnVcEE2Y5L","subMessageID":"VE_VALIDNUMBER","libraryID":"UR_8czR4ImaO7oxPpP","description":"Require valid number"}}}},"GradingData":[],"Language":[],"QuestionJS":"Qualtrics.SurveyEngine.addOnload(function()\n{\n\t\/*Place Your Javascript Below This Line*\/\nvar inputs = $(this.getQuestionContainer()).select('input[type=\"text\"]');\n\nfor (var i = 0; i < inputs.length; i++) {\n  var input = inputs[i];\n\n  $(input).insert({before: '$'});\n}\n});","QuestionText_Unsafe":"Based on the information below, how many dollars would you be willing to pay per month for this apartment:<br>\n&nbsp;&nbsp;<table border=\"0\" cellpadding=\"1\" cellspacing=\"1\" style=\"width: 250px;\"><tbody>\n  <tr>\n   <th scope=\"row\"><span style=\"font-weight: bold; text-align: center;\">Square Footage<\/span><\/th>\n   <td>1,500 sq. ft.<\/td>\n  <\/tr>\n <\/tbody>\n<\/table>\n\n<div>&nbsp;<\/div>","DataExportTag":"multi.h","QuestionID":"QID109"}},{"SurveyID":"SV_4Oyn7P7vKUnHkRT","Element":"SQ","PrimaryAttribute":"QID112","SecondaryAttribute":"Based on the information below, how many dollars would you be willing to pay per month for this a...","TertiaryAttribute":null,"Payload":{"QuestionText":"Based on the information below, how many dollars would you be willing to pay per month for this apartment:<br>&nbsp;&nbsp;<table border=\"0\" cellpadding=\"1\" cellspacing=\"1\" style=\"width: 250px;\"><tbody>\n  <tr>\n   <th scope=\"row\" style=\"width:125px;\"><span style=\"font-weight: bold; text-align: center;\">Square Footage<\/span><\/th><td style=\"width:125px;\">${e:\/\/Field\/mid3} sq. ft.<\/td>\n  <\/tr>\n <\/tbody>\n<\/table>\n\n<div>&nbsp;<\/div>","QuestionJS":"Qualtrics.SurveyEngine.addOnload(function()\n{\n\t\/*Place Your Javascript Below This Line*\/\nvar inputs = $(this.getQuestionContainer()).select('input[type=\"text\"]');\n\nfor (var i = 0; i < inputs.length; i++) {\n  var input = inputs[i];\n\n  $(input).insert({before: '$'});\n}\n});","DefaultChoices":false,"DataExportTag":"single.m3","QuestionType":"TE","Selector":"SL","Configuration":{"QuestionDescriptionOption":"UseText","InputWidth":200},"QuestionDescription":"Based on the information below, how many dollars would you be willing to pay per month for this a...","Validation":{"Settings":{"ForceResponse":"OFF","ForceResponseType":"ON","Type":"CustomValidation","ValidDateType":"DateWithFormat","ValidPhoneType":"ValidUSPhone","ValidZipType":"ValidUSZip","ValidNumber":{"Min":"0","Max":"10000","NumDecimals":"2"},"CustomValidation":{"Logic":{"0":{"0":{"QuestionID":"QID112","QuestionIsInLoop":"no","ChoiceLocator":"q:\/\/QID112\/ChoiceTextEntryValue","Operator":"MatchesRegex","QuestionIDFromLocator":"QID112","LeftOperand":"q:\/\/QID112\/ChoiceTextEntryValue","RightOperand":"^[+-]?\\$?[0-9]{1,3}(?:,?[0-9]{3})*(?:\\.[0-9]{2})?$","Type":"Expression","LogicType":"Question","Description":"<span class=\"ConjDesc\">If<\/span> <span class=\"QuestionDesc\">Based on the information below, how many dollars would you be willing to pay per month for this apartment:&amp;nbsp;&amp;nbsp;\n  \n   Square Footage${e:\/\/Field\/mid3} sq. ft.\n  \n \n\n\n&amp;nbsp;<\/span> <span class=\"LeftOpDesc\">Text Response<\/span> Is <span class=\"OpDesc\">Matches Regex<\/span> <span class=\"RightOpDesc\"> ^[+-]?\\$?[0-9]{1,3}(?:,?[0-9]{3})*(?:\\.[0-9]{2})?$ <\/span>"},"Type":"If"},"Type":"BooleanExpression"},"Message":{"messageID":"MS_8oeF5rnVcEE2Y5L","subMessageID":"VE_VALIDNUMBER","libraryID":"UR_8czR4ImaO7oxPpP","description":"Require valid number"}}}},"GradingData":[],"Language":[],"QuestionID":"QID112"}},{"SurveyID":"SV_4Oyn7P7vKUnHkRT","Element":"SQ","PrimaryAttribute":"QID113","SecondaryAttribute":"Based on the information below, how many dollars would you be willing to pay per month for this a...","TertiaryAttribute":null,"Payload":{"QuestionText":"Based on the information below, how many dollars would you be willing to pay per month for this apartment:<br \/>\n&nbsp;&nbsp;\n<table border=\"0\" cellpadding=\"1\" cellspacing=\"3\" style=\"width:400px;\">\n <tbody>\n  <tr>\n   <th scope=\"row\" style=\"text-align: left; width: 200px;\"><strong><span style=\"font-weight: bold; text-align: center;\">Square Footage<\/span><\/strong><\/th>\n   <td style=\"width: 200px;\">${e:\/\/Field\/mid3} sq. ft.<\/td>\n  <\/tr>\n  <tr>\n   <th scope=\"row\" style=\"text-align: left; width: 200px;\"><strong><span style=\"font-weight: bold; text-align: center;\">Flooring<\/span><\/strong><\/th>\n   <td style=\"width: 200px;\">${e:\/\/Field\/flooring4}<\/td>\n  <\/tr>\n  <tr>\n   <th scope=\"row\" style=\"text-align: left; width: 200px;\"><b>Type of Apartment<\/b><\/th>\n   <td style=\"width: 200px;\">${e:\/\/Field\/levels4}<\/td>\n  <\/tr>\n  <tr>\n   <th scope=\"row\" style=\"text-align: left; width: 200px;\"><strong>Floor of Building<\/strong><\/th>\n   <td style=\"width: 200px;\">${e:\/\/Field\/floor4}<\/td>\n  <\/tr>\n <\/tbody>\n<\/table>\n\n<div>&nbsp;<\/div>","QuestionJS":"Qualtrics.SurveyEngine.addOnload(function()\n{\n\t\/*Place Your Javascript Below This Line*\/\nvar inputs = $(this.getQuestionContainer()).select('input[type=\"text\"]');\n\nfor (var i = 0; i < inputs.length; i++) {\n  var input = inputs[i];\n\n  $(input).insert({before: '$'});\n}\n});","DefaultChoices":false,"DataExportTag":"mult.m3","QuestionType":"TE","Selector":"SL","Configuration":{"QuestionDescriptionOption":"UseText","InputWidth":200},"QuestionDescription":"Based on the information below, how many dollars would you be willing to pay per month for this a...","Validation":{"Settings":{"ForceResponse":"OFF","ForceResponseType":"ON","Type":"CustomValidation","ValidDateType":"DateWithFormat","ValidPhoneType":"ValidUSPhone","ValidZipType":"ValidUSZip","ValidNumber":{"Min":"0","Max":"10000","NumDecimals":"2"},"CustomValidation":{"Logic":{"0":{"0":{"QuestionID":"QID113","QuestionIsInLoop":"no","ChoiceLocator":"q:\/\/QID113\/ChoiceTextEntryValue","Operator":"MatchesRegex","QuestionIDFromLocator":"QID113","LeftOperand":"q:\/\/QID113\/ChoiceTextEntryValue","RightOperand":"^[+-]?\\$?[0-9]{1,3}(?:,?[0-9]{3})*(?:\\.[0-9]{2})?$","Type":"Expression","LogicType":"Question","Description":"<span class=\"ConjDesc\">If<\/span> <span class=\"QuestionDesc\">Based on the information below, how many dollars would you be willing to pay per month for this apartment:&amp;nbsp;&amp;nbsp;\n \n  \n   Square Footage\n   ${e:\/\/Field\/mid3} sq. ft.\n  \n  \n   Flooring\n   ${e:\/...<\/span> <span class=\"LeftOpDesc\">Text Response<\/span> Is <span class=\"OpDesc\">Matches Regex<\/span> <span class=\"RightOpDesc\"> ^[+-]?\\$?[0-9]{1,3}(?:,?[0-9]{3})*(?:\\.[0-9]{2})?$ <\/span>"},"Type":"If"},"Type":"BooleanExpression"},"Message":{"messageID":"MS_8oeF5rnVcEE2Y5L","subMessageID":"VE_VALIDNUMBER","libraryID":"UR_8czR4ImaO7oxPpP","description":"Require valid number"}}}},"GradingData":[],"Language":[],"QuestionID":"QID113"}},{"SurveyID":"SV_4Oyn7P7vKUnHkRT","Element":"RS","PrimaryAttribute":"RS_3sozditTOCzD2tL","SecondaryAttribute":"Default Response Set","TertiaryAttribute":null,"Payload":null},{"SurveyID":"SV_4Oyn7P7vKUnHkRT","Element":"SQ","PrimaryAttribute":"QID67","SecondaryAttribute":"Did any elements of this survey seem familiar to you?","TertiaryAttribute":null,"Payload":{"QuestionText":"Did any elements of this survey seem familiar to you?","DataExportTag":"fam","QuestionType":"MC","Selector":"SAHR","SubSelector":"TX","Configuration":{"QuestionDescriptionOption":"UseText","LabelPosition":"BELOW"},"QuestionDescription":"Did any elements of this survey seem familiar to you?","Choices":{"1":{"Display":"Yes"},"2":{"Display":"No"}},"ChoiceOrder":[1,2],"Validation":{"Settings":{"ForceResponse":"OFF","ForceResponseType":"ON"}},"RecodeValues":{"1":1,"2":"0"},"Language":[],"QuestionID":"QID67"}},{"SurveyID":"SV_4Oyn7P7vKUnHkRT","Element":"SQ","PrimaryAttribute":"QID95","SecondaryAttribute":"Do you rent or own your apartment\/house?","TertiaryAttribute":null,"Payload":{"QuestionText":"Do you rent or own your apartment\/house?","DataExportTag":"rentown","QuestionType":"MC","Selector":"SAVR","SubSelector":"TX","Configuration":{"QuestionDescriptionOption":"UseText"},"QuestionDescription":"Do you rent or own your apartment\/house?","Choices":{"1":{"Display":"Rent"},"2":{"Display":"Own"}},"ChoiceOrder":["1","2"],"Validation":{"Settings":{"ForceResponse":"OFF","ForceResponseType":"ON","Type":"None"}},"Language":[],"QuestionID":"QID95"}},{"SurveyID":"SV_4Oyn7P7vKUnHkRT","Element":"SQ","PrimaryAttribute":"QID62","SecondaryAttribute":"Gender:","TertiaryAttribute":null,"Payload":{"QuestionText":"Gender:","DataExportTag":"gender","QuestionType":"MC","Selector":"SAHR","SubSelector":"TX","Configuration":{"QuestionDescriptionOption":"UseText","LabelPosition":"BELOW"},"QuestionDescription":"Gender:","Choices":{"1":{"Display":"Male"},"2":{"Display":"Female"}},"ChoiceOrder":["1","2"],"Validation":{"Settings":{"ForceResponse":"OFF","ForceResponseType":"ON","Type":"None"}},"RecodeValues":{"1":"0","2":"1"},"Language":[],"QuestionID":"QID62"}},{"SurveyID":"SV_4Oyn7P7vKUnHkRT","Element":"SQ","PrimaryAttribute":"QID70","SecondaryAttribute":"How many people live in your household?","TertiaryAttribute":null,"Payload":{"QuestionText":"How many people live in your household?","DefaultChoices":false,"DataExportTag":"hhsize","QuestionType":"TE","Selector":"SL","Configuration":{"QuestionDescriptionOption":"UseText","InputWidth":130},"QuestionDescription":"How many people live in your household?","Validation":{"Settings":{"ForceResponse":"OFF","ForceResponseType":"ON","Type":"ContentType","ContentType":"ValidNumber","ValidDateType":"DateWithFormat","ValidPhoneType":"ValidUSPhone","ValidZipType":"ValidUSZip","ValidNumber":{"Min":"1","Max":"100","NumDecimals":"0"}}},"GradingData":[],"Language":[],"QuestionID":"QID70"}},{"SurveyID":"SV_4Oyn7P7vKUnHkRT","Element":"SQ","PrimaryAttribute":"QID68","SecondaryAttribute":"If you answered yes to this question, please use the space below\n to describe what you have seen...","TertiaryAttribute":null,"Payload":{"QuestionText":"<br><div><br><\/div><div>If you answered yes to this question, please use the space below to describe what you have seen or done before.<\/div>","DataExportTag":"fam.open","QuestionType":"TE","Selector":"ML","Configuration":{"QuestionDescriptionOption":"UseText"},"QuestionDescription":"If you answered yes to this question, please use the space below\n to describe what you have seen...","Validation":{"Settings":{"ForceResponse":"OFF","ForceResponseType":"ON","Type":"None"}},"GradingData":[],"Language":[],"QuestionID":"QID68"}},{"SurveyID":"SV_4Oyn7P7vKUnHkRT","Element":"SQ","PrimaryAttribute":"QID64","SecondaryAttribute":"List of Countries","TertiaryAttribute":null,"Payload":{"QuestionText":"In which country do you reside?","DataExportTag":"country","QuestionType":"MC","Selector":"DL","Configuration":{"QuestionDescriptionOption":"SpecifyLabel","NumColumns":2,"LabelPosition":"BELOW"},"QuestionDescription":"List of Countries","Choices":{"1":{"Display":"Afghanistan"},"2":{"Display":"Albania"},"3":{"Display":"Algeria"},"4":{"Display":"Andorra"},"5":{"Display":"Angola"},"6":{"Display":"Antigua and Barbuda"},"7":{"Display":"Argentina"},"8":{"Display":"Armenia"},"9":{"Display":"Australia"},"10":{"Display":"Austria"},"11":{"Display":"Azerbaijan"},"12":{"Display":"Bahamas"},"13":{"Display":"Bahrain"},"14":{"Display":"Bangladesh"},"15":{"Display":"Barbados"},"16":{"Display":"Belarus"},"17":{"Display":"Belgium"},"18":{"Display":"Belize"},"19":{"Display":"Benin"},"20":{"Display":"Bhutan"},"21":{"Display":"Bolivia"},"22":{"Display":"Bosnia and Herzegovina"},"23":{"Display":"Botswana"},"24":{"Display":"Brazil"},"25":{"Display":"Brunei Darussalam"},"26":{"Display":"Bulgaria"},"27":{"Display":"Burkina Faso"},"28":{"Display":"Burundi"},"29":{"Display":"Cambodia"},"30":{"Display":"Cameroon"},"31":{"Display":"Canada"},"32":{"Display":"Cape Verde"},"33":{"Display":"Central African Republic"},"34":{"Display":"Chad"},"35":{"Display":"Chile"},"36":{"Display":"China"},"37":{"Display":"Colombia"},"38":{"Display":"Comoros"},"39":{"Display":"Congo, Republic of the..."},"40":{"Display":"Costa Rica"},"41":{"Display":"C\u00f4te d'Ivoire"},"42":{"Display":"Croatia"},"43":{"Display":"Cuba"},"44":{"Display":"Cyprus"},"45":{"Display":"Czech Republic"},"46":{"Display":"Democratic People's Republic of Korea"},"47":{"Display":"Democratic Republic of the Congo"},"48":{"Display":"Denmark"},"49":{"Display":"Djibouti"},"50":{"Display":"Dominica"},"51":{"Display":"Dominican Republic"},"52":{"Display":"Ecuador"},"53":{"Display":"Egypt"},"54":{"Display":"El Salvador"},"55":{"Display":"Equatorial Guinea"},"56":{"Display":"Eritrea"},"57":{"Display":"Estonia"},"58":{"Display":"Ethiopia"},"59":{"Display":"Fiji"},"60":{"Display":"Finland"},"61":{"Display":"France"},"62":{"Display":"Gabon"},"63":{"Display":"Gambia"},"64":{"Display":"Georgia"},"65":{"Display":"Germany"},"66":{"Display":"Ghana"},"67":{"Display":"Greece"},"68":{"Display":"Grenada"},"69":{"Display":"Guatemala"},"70":{"Display":"Guinea"},"71":{"Display":"Guinea-Bissau"},"72":{"Display":"Guyana"},"73":{"Display":"Haiti"},"74":{"Display":"Honduras"},"75":{"Display":"Hong Kong (S.A.R.)"},"76":{"Display":"Hungary"},"77":{"Display":"Iceland"},"78":{"Display":"India"},"79":{"Display":"Indonesia"},"80":{"Display":"Iran, Islamic Republic of..."},"81":{"Display":"Iraq"},"82":{"Display":"Ireland"},"83":{"Display":"Israel"},"84":{"Display":"Italy"},"85":{"Display":"Jamaica"},"86":{"Display":"Japan"},"87":{"Display":"Jordan"},"88":{"Display":"Kazakhstan"},"89":{"Display":"Kenya"},"90":{"Display":"Kiribati"},"91":{"Display":"Kuwait"},"92":{"Display":"Kyrgyzstan"},"93":{"Display":"Lao People's Democratic Republic"},"94":{"Display":"Latvia"},"95":{"Display":"Lebanon"},"96":{"Display":"Lesotho"},"97":{"Display":"Liberia"},"98":{"Display":"Libyan Arab Jamahiriya"},"99":{"Display":"Liechtenstein"},"100":{"Display":"Lithuania"},"101":{"Display":"Luxembourg"},"102":{"Display":"Madagascar"},"103":{"Display":"Malawi"},"104":{"Display":"Malaysia"},"105":{"Display":"Maldives"},"106":{"Display":"Mali"},"107":{"Display":"Malta"},"108":{"Display":"Marshall Islands"},"109":{"Display":"Mauritania"},"110":{"Display":"Mauritius"},"111":{"Display":"Mexico"},"112":{"Display":"Micronesia, Federated States of..."},"113":{"Display":"Monaco"},"114":{"Display":"Mongolia"},"115":{"Display":"Montenegro"},"116":{"Display":"Morocco"},"117":{"Display":"Mozambique"},"118":{"Display":"Myanmar"},"119":{"Display":"Namibia"},"120":{"Display":"Nauru"},"121":{"Display":"Nepal"},"122":{"Display":"Netherlands"},"123":{"Display":"New Zealand"},"124":{"Display":"Nicaragua"},"125":{"Display":"Niger"},"126":{"Display":"Nigeria"},"127":{"Display":"North Korea"},"128":{"Display":"Norway"},"129":{"Display":"Oman"},"130":{"Display":"Pakistan"},"131":{"Display":"Palau"},"132":{"Display":"Panama"},"133":{"Display":"Papua New Guinea"},"134":{"Display":"Paraguay"},"135":{"Display":"Peru"},"136":{"Display":"Philippines"},"137":{"Display":"Poland"},"138":{"Display":"Portugal"},"139":{"Display":"Qatar"},"140":{"Display":"Republic of Korea"},"141":{"Display":"Republic of Moldova"},"142":{"Display":"Romania"},"143":{"Display":"Russian Federation"},"144":{"Display":"Rwanda"},"145":{"Display":"Saint Kitts and Nevis"},"146":{"Display":"Saint Lucia"},"147":{"Display":"Saint Vincent and the Grenadines"},"148":{"Display":"Samoa"},"149":{"Display":"San Marino"},"150":{"Display":"Sao Tome and Principe"},"151":{"Display":"Saudi Arabia"},"152":{"Display":"Senegal"},"153":{"Display":"Serbia"},"154":{"Display":"Seychelles"},"155":{"Display":"Sierra Leone"},"156":{"Display":"Singapore"},"157":{"Display":"Slovakia"},"158":{"Display":"Slovenia"},"159":{"Display":"Solomon Islands"},"160":{"Display":"Somalia"},"161":{"Display":"South Africa"},"162":{"Display":"South Korea"},"163":{"Display":"Spain"},"164":{"Display":"Sri Lanka"},"165":{"Display":"Sudan"},"166":{"Display":"Suriname"},"167":{"Display":"Swaziland"},"168":{"Display":"Sweden"},"169":{"Display":"Switzerland"},"170":{"Display":"Syrian Arab Republic"},"171":{"Display":"Tajikistan"},"172":{"Display":"Thailand"},"173":{"Display":"The former Yugoslav Republic of Macedonia"},"174":{"Display":"Timor-Leste"},"175":{"Display":"Togo"},"176":{"Display":"Tonga"},"177":{"Display":"Trinidad and Tobago"},"178":{"Display":"Tunisia"},"179":{"Display":"Turkey"},"180":{"Display":"Turkmenistan"},"181":{"Display":"Tuvalu"},"182":{"Display":"Uganda"},"183":{"Display":"Ukraine"},"184":{"Display":"United Arab Emirates"},"185":{"Display":"United Kingdom of Great Britain and Northern Ireland"},"186":{"Display":"United Republic of Tanzania"},"187":{"Display":"United States of America"},"188":{"Display":"Uruguay"},"189":{"Display":"Uzbekistan"},"190":{"Display":"Vanuatu"},"191":{"Display":"Venezuela, Bolivarian Republic of..."},"192":{"Display":"Viet Nam"},"193":{"Display":"Yemen"},"194":{"Display":"Zambia"},"195":{"Display":"Zimbabwe"}},"ChoiceOrder":[1,2,3,4,5,6,7,8,9,10,11,12,13,14,15,16,17,18,19,20,21,22,23,24,25,26,27,28,29,30,31,32,33,34,35,36,37,38,39,40,41,42,43,44,45,46,47,48,49,50,51,52,53,54,55,56,57,58,59,60,61,62,63,64,65,66,67,68,69,70,71,72,73,74,75,76,77,78,79,80,81,82,83,84,85,86,87,88,89,90,91,92,93,94,95,96,97,98,99,100,101,102,103,104,105,106,107,108,109,110,111,112,113,114,115,116,117,118,119,120,121,122,123,124,125,126,127,128,129,130,131,132,133,134,135,136,137,138,139,140,141,142,143,144,145,146,147,148,149,150,151,152,153,154,155,156,157,158,159,160,161,162,163,164,165,166,167,168,169,170,171,172,173,174,175,176,177,178,179,180,181,182,183,184,185,186,187,188,189,190,191,192,193,194,195],"Validation":{"Settings":{"ForceResponse":"OFF","ForceResponseType":"ON","Type":"None"}},"RecodeValues":{"1":"1","2":"2","3":"3","4":"4","5":"5","6":"6","7":"7","8":"8","9":"9","10":"10","11":"11","12":"12","13":"13","14":"14","15":"15","16":"16","17":"17","18":"18","19":"19","20":"20","21":"21","22":"22","23":"23","24":"24","25":"25","26":"26","27":"27","28":"28","29":"29","30":"30","31":"31","32":"32","33":"33","34":"34","35":"35","36":"36","37":"37","38":"38","39":"39","40":"40","41":"41","42":"42","43":"43","44":"44","45":"45","46":"46","47":"47","48":"48","49":"49","50":"50","51":"51","52":"52","53":"53","54":"54","55":"55","56":"56","57":"57","58":"58","59":"59","60":"60","61":"61","62":"62","63":"63","64":"64","65":"65","66":"66","67":"67","68":"68","69":"69","70":"70","71":"71","72":"72","73":"73","74":"74","75":"75","76":"76","77":"77","78":"78","79":"79","80":"80","81":"81","82":"82","83":"83","84":"84","85":"85","86":"86","87":"87","88":"88","89":"89","90":"90","91":"91","92":"92","93":"93","94":"94","95":"95","96":"96","97":"97","98":"98","99":"99","100":"100","101":"101","102":"102","103":"103","104":"104","105":"105","106":"106","107":"107","108":"108","109":"109","110":"110","111":"111","112":"112","113":"113","114":"114","115":"115","116":"116","117":"117","118":"118","119":"119","120":"120","121":"121","122":"122","123":"123","124":"124","125":"125","126":"126","127":"127","128":"128","129":"129","130":"130","131":"131","132":"132","133":"133","134":"134","135":"135","136":"136","137":"137","138":"138","139":"139","140":"140","141":"141","142":"142","143":"143","144":"144","145":"145","146":"146","147":"147","148":"148","149":"149","150":"150","151":"151","152":"152","153":"153","154":"154","155":"155","156":"156","157":"157","158":"158","159":"159","160":"160","161":"161","162":"162","163":"163","164":"164","165":"165","166":"166","167":"167","168":"168","169":"169","170":"170","171":"171","172":"172","173":"173","174":"174","175":"175","176":"176","177":"177","178":"178","179":"179","180":"180","181":"181","182":"182","183":"183","184":"184","185":"185","186":"186","187":"0","188":"188","189":"189","190":"190","191":"191","192":"192","193":"193","194":"580","195":"1357"},"GradingData":[],"Language":[],"QuestionID":"QID64"}},{"SurveyID":"SV_4Oyn7P7vKUnHkRT","Element":"SQ","PrimaryAttribute":"QID65","SecondaryAttribute":"Race\/Ethnicity (click ALL that apply):","TertiaryAttribute":null,"Payload":{"QuestionText":"Race\/Ethnicity (click&nbsp;ALL that apply):","DataExportTag":"ethnicity","QuestionType":"MC","Selector":"MAVR","SubSelector":"TX","Configuration":{"QuestionDescriptionOption":"UseText"},"QuestionDescription":"Race\/Ethnicity (click ALL that apply):","Choices":{"1":{"Display":"Black or African American"},"2":{"Display":"Asian\/Pacific Islander"},"3":{"Display":"White or European American"},"4":{"Display":"Hispanic\/Latino"},"5":{"Display":"Native American"},"6":{"Display":"Other\/Unknown"}},"ChoiceOrder":["1","2","3","4","5","6"],"Validation":{"Settings":{"ForceResponse":"OFF","ForceResponseType":"ON","Type":"None"}},"Language":[],"QuestionID":"QID65"}},{"SurveyID":"SV_4Oyn7P7vKUnHkRT","Element":"SQ","PrimaryAttribute":"QID54","SecondaryAttribute":"Thank you for participating.\u00a0 Imagine you are shopping around for an apartment to live in. You wi..","TertiaryAttribute":null,"Payload":{"QuestionText":"<div>Thank you for participating.&nbsp;<\/div><div><br><\/div><div>Imagine you are shopping around for an apartment to live in. You will be presented with 5 potential apartments. The apartments are all in a four-story building. Assume that the apartments are identical in every way (e.g. same number of rooms and location) and only differ in the size of the apartment (in square feet). For each apartment, you will be asked how much you would be willing to pay per month for that particular apartment.<\/div>","DefaultChoices":false,"DataExportTag":"single.instr","QuestionID":"QID54","QuestionType":"DB","Selector":"TB","Configuration":{"QuestionDescriptionOption":"UseText"},"QuestionDescription":"Thank you for participating.\u00a0 Imagine you are shopping around for an apartment to live in. You wi...","ChoiceOrder":[],"Validation":{"Settings":{"Type":"None"}},"GradingData":[],"Language":[]}},{"SurveyID":"SV_4Oyn7P7vKUnHkRT","Element":"SQ","PrimaryAttribute":"QID110","SecondaryAttribute":"Thank you for participating.\u00a0 Imagine you are shopping around for an apartment to live in. You wi..","TertiaryAttribute":null,"Payload":{"QuestionText":"<div>Thank you for participating.&nbsp;<\/div><div><br><\/div><div>Imagine you are shopping around for an apartment to live in. You will be presented with 3 potential apartments. The apartments are all in a four-story building. Assume that the apartments are identical in every way (e.g. same number of rooms and location) and only differ in the four attributes described. The attributes are square footage (a common metric of the size of the apartment), flooring (carpet or laminate), apartment format (one-floor flat or two-floor townhouse), and which floor of the building the apartment is on. For each apartment you will be asked how much you would be willing to pay per month for that particular apartment.<\/div>","DefaultChoices":false,"DataExportTag":"multi.instr","QuestionType":"DB","Selector":"TB","Configuration":{"QuestionDescriptionOption":"UseText"},"QuestionDescription":"Thank you for participating.\u00a0 Imagine you are shopping around for an apartment to live in. You wi...","ChoiceOrder":[],"Validation":{"Settings":{"Type":"None"}},"GradingData":[],"Language":[],"QuestionID":"QID110"}},{"SurveyID":"SV_4Oyn7P7vKUnHkRT","Element":"SQ","PrimaryAttribute":"QID69","SecondaryAttribute":"What do you think the purpose of this study was?","TertiaryAttribute":null,"Payload":{"QuestionText":"What do you think the purpose of this study was?","DefaultChoices":false,"DataExportTag":"purpose","QuestionType":"TE","Selector":"ML","Configuration":{"QuestionDescriptionOption":"UseText"},"QuestionDescription":"What do you think the purpose of this study was?","Validation":{"Settings":{"ForceResponse":"OFF","ForceResponseType":"ON","Type":"None"}},"GradingData":[],"Language":[],"QuestionID":"QID69"}},{"SurveyID":"SV_4Oyn7P7vKUnHkRT","Element":"SQ","PrimaryAttribute":"QID66","SecondaryAttribute":"What is your current education level?","TertiaryAttribute":null,"Payload":{"QuestionText":"What is your current education level?","DataExportTag":"edu","QuestionType":"MC","Selector":"SAVR","SubSelector":"TX","Configuration":{"QuestionDescriptionOption":"UseText"},"QuestionDescription":"What is your current education level?","Choices":{"1":{"Display":"Some high school"},"2":{"Display":"High school diploma"},"3":{"Display":"Some college"},"4":{"Display":"Associate's degree"},"5":{"Display":"Bachelor's degree"},"6":{"Display":"Master's degree"},"7":{"Display":"Professional degree"},"8":{"Display":"Ph.D."}},"ChoiceOrder":["1","2","3","4","5","6","7","8"],"Validation":{"Settings":{"ForceResponse":"OFF","ForceResponseType":"ON","Type":"None"}},"Language":[],"QuestionID":"QID66","RecodeValues":{"1":"1","2":"2","3":"3","4":"4","5":"5","6":"6","7":"7","8":"8"}}},{"SurveyID":"SV_4Oyn7P7vKUnHkRT","Element":"SQ","PrimaryAttribute":"QID59","SecondaryAttribute":"What is your household annual income range?","TertiaryAttribute":null,"Payload":{"QuestionText":"What is your household annual income range?","DataExportTag":"income","QuestionType":"MC","Selector":"SAVR","SubSelector":"TX","Configuration":{"QuestionDescriptionOption":"UseText"},"QuestionDescription":"What is your household annual income range?","Choices":{"1":{"Display":"Below $20,000"},"2":{"Display":"$20,000 - $29,999"},"3":{"Display":"$30,000 - $39,999"},"4":{"Display":"$40,000 - $49,999"},"5":{"Display":"$50,000 - $59,999"},"6":{"Display":"$60,000 - $69,999"},"7":{"Display":"$70,000 - $79,999"},"8":{"Display":"$80,000 - $89,999"},"9":{"Display":"$90,000 or more"}},"ChoiceOrder":["1","2","3","4","5","6","7","8","9"],"Validation":{"Settings":{"ForceResponse":"OFF","ForceResponseType":"ON","Type":"None"}},"Language":[],"QuestionID":"QID59"}},{"SurveyID":"SV_4Oyn7P7vKUnHkRT","Element":"SQ","PrimaryAttribute":"QID97","SecondaryAttribute":"What is your monthly rent\/monthly mortgage payment?","TertiaryAttribute":null,"Payload":{"QuestionText":"What is your monthly rent\/monthly mortgage payment?","DefaultChoices":false,"DataExportTag":"rentamount","QuestionType":"TE","Selector":"SL","Configuration":{"QuestionDescriptionOption":"UseText","InputWidth":180},"QuestionDescription":"What is your monthly rent\/monthly mortgage payment?","Validation":{"Settings":{"ForceResponse":"OFF","ForceResponseType":"ON","Type":"None"}},"GradingData":[],"Language":[],"QuestionID":"QID97"}}]}