{"SurveyEntry":{"SurveyID":"SV_bw8WJKm5K3RIwBv","SurveyName":"Ordinal labels uniformity bias","SurveyDescription":null,"SurveyOwnerID":"URH_dnm0MTuAZukYnYg","SurveyBrandID":"osu","DivisionID":"DV_ebAsorNWF7UuYux","SurveyLanguage":"EN","SurveyActiveResponseSet":"RS_5hgsYrFIXpFDO1D","SurveyStatus":"Active","SurveyStartDate":"0000-00-00 00:00:00","SurveyExpirationDate":"0000-00-00 00:00:00","SurveyCreationDate":"2013-12-16 13:38:23","CreatorID":"URH_dnm0MTuAZukYnYg","LastModified":"2020-03-20 08:55:28","LastAccessed":"0000-00-00 00:00:00","LastActivated":"2013-12-16 18:19:02","Deleted":null},"SurveyElements":[{"SurveyID":"SV_bw8WJKm5K3RIwBv","Element":"BL","PrimaryAttribute":"Survey Blocks","SecondaryAttribute":null,"TertiaryAttribute":null,"Payload":{"1":{"Type":"Trash","Description":"Trash \/ Unused Questions","ID":"BL_d4D69rb4UH4oYAZ","BlockElements":[]},"4":{"Type":"Standard","Description":"Intro","ID":"BL_bHLc4k7jgtEU49D","BlockElements":[{"Type":"Question","QuestionID":"QID43"},{"Type":"Page Break"},{"Type":"Question","QuestionID":"QID598"}]},"35":{"Type":"Standard","Description":"End","ID":"BL_cCoacOSMm0zKoPr","BlockElements":[{"Type":"Question","QuestionID":"QID47"},{"Type":"Question","QuestionID":"QID49"},{"Type":"Question","QuestionID":"QID50"},{"Type":"Question","QuestionID":"QID51"},{"Type":"Question","QuestionID":"QID52"},{"Type":"Question","QuestionID":"QID53"},{"Type":"Question","QuestionID":"QID55"},{"Type":"Page Break"},{"Type":"Question","QuestionID":"QID233"}]},"53":{"Type":"Standard","SubType":"","Description":"No label Dec Pizza","ID":"BL_ePW4PKPjzpm28vj","BlockElements":[{"Type":"Question","QuestionID":"QID743"}]},"54":{"Type":"Standard","SubType":"","Description":"No label Uni Pizza","ID":"BL_aWN471J1Dm2DSol","BlockElements":[{"Type":"Question","QuestionID":"QID742"}]},"55":{"Type":"Standard","SubType":"","Description":"No label acc Pizza","ID":"BL_8dkvqEDIt9jsWMJ","BlockElements":[{"Type":"Question","QuestionID":"QID741"}]},"56":{"Type":"Standard","SubType":"","Description":"Verb Labels acc Pizza","ID":"BL_82GzAurbBM5SgPH","BlockElements":[{"Type":"Question","QuestionID":"QID731"}]},"57":{"Type":"Standard","SubType":"","Description":"Verbal Labels uni Pizza","ID":"BL_6fJuRqDxyKsuwU5","BlockElements":[{"Type":"Question","QuestionID":"QID734"}]},"58":{"Type":"Standard","SubType":"","Description":"Verbal Labels dec Pizza","ID":"BL_6haGsWUQRe9SbYh","BlockElements":[{"Type":"Question","QuestionID":"QID735"}]},"59":{"Type":"Standard","SubType":"","Description":"Numeric Labels acc Pizza","ID":"BL_dg4uZvHxSKFXJPv","BlockElements":[{"Type":"Question","QuestionID":"QID736"}]},"60":{"Type":"Standard","SubType":"","Description":"Numeric Labels Uni Pizza","ID":"BL_beYaWIZRODLyMe1","BlockElements":[{"Type":"Question","QuestionID":"QID739"}]},"61":{"Type":"Standard","SubType":"","Description":"Numeric Labels dec Pizza","ID":"BL_b8Ecu9IJL2F5WIJ","BlockElements":[{"Type":"Question","QuestionID":"QID740"}]}}},{"SurveyID":"SV_bw8WJKm5K3RIwBv","Element":"BR","PrimaryAttribute":"FL_211","SecondaryAttribute":null,"TertiaryAttribute":null,"Payload":{"FL_212":52,"FL_213":51,"FL_214":51,"FL_215":51,"FL_216":51,"FL_217":51,"FL_218":51,"FL_219":52,"FL_220":52,"ID":"FL_211"}},{"SurveyID":"SV_bw8WJKm5K3RIwBv","Element":"FL","PrimaryAttribute":"Survey Flow","SecondaryAttribute":null,"TertiaryAttribute":null,"Payload":{"Type":"Root","FlowID":"FL_1","Flow":[{"Type":"WebService","FlowID":"FL_42","URL":"http:\/\/reporting.qualtrics.com\/projects\/randomNumGen.php","RequestParams":[{"key":"min","value":"1"},{"key":"max","value":"99999"}],"ResponseMap":[{"key":"random","value":"mturkcode"}]},{"Type":"Standard","ID":"BL_bHLc4k7jgtEU49D","FlowID":"FL_6"},{"Type":"BlockRandomizer","FlowID":"FL_211","SubSet":1,"EvenPresentation":true,"Flow":[{"Type":"Block","ID":"BL_8dkvqEDIt9jsWMJ","FlowID":"FL_212"},{"Type":"Block","ID":"BL_aWN471J1Dm2DSol","FlowID":"FL_213"},{"Type":"Block","ID":"BL_ePW4PKPjzpm28vj","FlowID":"FL_214"},{"Type":"Block","ID":"BL_82GzAurbBM5SgPH","FlowID":"FL_215"},{"Type":"Block","ID":"BL_6fJuRqDxyKsuwU5","FlowID":"FL_216"},{"Type":"Block","ID":"BL_6haGsWUQRe9SbYh","FlowID":"FL_217"},{"Type":"Block","ID":"BL_dg4uZvHxSKFXJPv","FlowID":"FL_218"},{"Type":"Block","ID":"BL_beYaWIZRODLyMe1","FlowID":"FL_219"},{"Type":"Block","ID":"BL_b8Ecu9IJL2F5WIJ","FlowID":"FL_220"}]},{"Type":"Standard","ID":"BL_cCoacOSMm0zKoPr","FlowID":"FL_120"}],"Properties":{"Count":221}}},{"SurveyID":"SV_bw8WJKm5K3RIwBv","Element":"SO","PrimaryAttribute":"Survey Options","SecondaryAttribute":null,"TertiaryAttribute":null,"Payload":{"BackButton":"false","SaveAndContinue":"true","SurveyProtection":"PublicSurvey","BallotBoxStuffingPrevention":"true","OneCompletePerIP":"false","SurveyExpiration":null,"SurveyTermination":"DefaultMessage","Header":"","Footer":"","ProgressBarDisplay":"None","PartialData":"+1 week","ValidationMessage":null,"PreviousButton":"  <<  ","NextButton":"  >>  ","SkinLibrary":"casosu","SkinType":"MQ","Skin":"skin1","GradingCategories":null,"ScoringCategoryMap":null,"ScoringCategoryCounter":null,"DefaultScoringCategory":null,"ExternalCSS":null,"CustomStyles":{"errorStyles":{"selector":".Skin .ValidationError","styles":{"color":null,"backgroundColor":null,"borderColor":null}},"errorStylesBG":{"selector":".Skin .HeaderValidationError, .Skin .HeaderValidationError li a","styles":{"color":null,"backgroundColor":null}},"pageStyles":{"selector":"#SurveyEngineBody","styles":{"backgroundColor":null}},"textStyles":{"selector":".SkinInner","styles":{"fontFamily":"times new roman, times, serif","fontSize":"100%","fontWeight":null,"fontStyle":null,"textDecoration":null,"color":null}},"questionStyles":{"selector":".Skin .QuestionText","styles":{"fontFamily":"times new roman, times, serif","fontSize":"12pt","fontWeight":"normal","fontStyle":"normal","textDecoration":"none","color":null}},"choiceStyles":{"selector":".Skin .horizontalbar th.ylabel, .Skin .Matrix table td, .Skin .Matrix table th, .Skin .Matrix table thead th, .Skin .Matrix table thead td, .Skin .PGR .DragAndDrop .Items label, .Skin .QuestionBody ul.ChoiceStructure, .Skin .PGR .DragAndDrop .Group ul, .Skin .PGR .DragAndDrop .Group h2, .Skin .PGR .DragAndDrop .Items ul, .Skin .PGR .DragAndDrop .Items h2, .Skin .DD .QuestionBody table.ChoiceStructure, .Skin .PGR .DragAndDrop .NoColumns td.groupsContainerTd div ul, .Skin .PGR .DragAndDrop .NoColumns td.groupsContainerTd div h2, .Skin .SBS thead th, .Skin .SBS td, .Skin .SBS .Answers td, .Skin .SBS .Answers th, .SBS table.ChoiceStructure, .Skin .horizontalbar thead table.LabelDescriptions tr td, .Skin .horizontalbar thead tr td.NotApplicable, .QuestionBody th, .Skin .QuestionBody .MC .MAVR label, .Skin .QuestionBody .MC .SAVR label, .Skin .SBS thead th, .Skin .SBS td, .Skin .RO .DND ul li, .Skin .reg, .SkinInner .ChoiceStructure, .Skin thead, .Skin .GAP .ChoiceStructure thead th, .Skin .GAP .ChoiceStructure .c4, .Skin .GAP .ChoiceStructure th, .Skin .GAP .ChoiceStructure .WhyText, .SkinInner .ChoiceStructure .LightBG, .Skin .QuestionOuter.Highlight .Inner .reg, .Skin .QuestionOuter.Highlight .Inner .alt, .Skin .QuestionOuter.Highlight .Inner .ReadableAlt       ","styles":{"fontFamily":"times new roman, times, serif","fontSize":"12pt","fontWeight":"normal","fontStyle":"normal","textDecoration":"none","color":null}},"headerStyles":{"selector":".Skin div#Header","styles":{"color":null}},"footerStyles":{"selector":".Skin #Footer","styles":{"color":null}},"questionSeparatorStyles":{"selector":".Skin .Separator","styles":{"backgroundColor":null,"display":null}},"highlightStyles":{"selector":".Skin .QuestionOuter.Highlight .Inner, .Skin .QuestionOuter.Highlight .Inner .reg, .Skin .QuestionOuter.Highlight .Inner .alt, .Skin .QuestionOuter.Highlight .Inner .ReadableAlt","styles":{"backgroundColor":null}},"highlightStylesAlt":{"selector":".Skin .QuestionOuter.Highlight .Inner .ReadableAlt, .Skin .QuestionOuter.Highlight .Inner .LightBG","styles":{"backgroundColor":null}},"textEntryStyles":{"selector":".Skin select, .Skin .InputText","styles":{"color":null}},"borderStyles":{"selector":".Skin .CS .horizontalbar table.sliderGrid tr.xlabel th, .Skin .CS .horizontalbar .ylabel, .Skin .CS .horizontalbar table.sliderGrid tr td.value, .Skin .Slider .horizontalbar table.sliderGrid tr.xlabel th, .Skin .BorderColor, .Skin .DarkBorderColor, .Skin .Slider .horizontalbar table.sliderGrid tr td.value, .Skin thead, .Skin .GAP .ChoiceStructure thead th  ","styles":{"borderColor":null}},"altRowStyles":{"selector":".Skin .ReadableAlt, .Skin .LightBG","styles":{"backgroundColor":null}},"customCSS":null},"libraryId":"","nextButtonMid":"","previousButtonMid":"","headerMid":"","footerMid":"","QuestionsPerPage":"","HighlightQuestions":"off","EOSMessage":"MS_80t9AZEi3AfXeTz","ShowExportTags":"false","SurveyTitle":" Survey","SurveyMetaDescription":"Survey Software, Enterprise Survey software for enterprise feedback management and CRM solutions.  Enables high-quality data collection, panel management and results analysis. Perfect for market research or CRM solution (Customer Relationship Management) integration.  Free trial and consultation.","PasswordProtection":"No","AnonymizeResponse":"No","Password":"","RefererCheck":"No","NoIndex":"No","RefererURL":"http:\/\/","EOSMessageLibrary":"URH_dnm0MTuAZukYnYg","EOSRedirectURL":"http:\/\/","EmailThankYou":"false","ThankYouEmailMessageLibrary":null,"ThankYouEmailMessage":null,"ValidateMessage":"false","ValidationMessageLibrary":null,"InactiveSurvey":"DefaultMessage","InactiveMessageLibrary":"","InactiveMessage":"","AvailableLanguages":{"EN":[]},"SkinQuestionWidth":700,"SurveyCreationDate":"2013-01-07 08:38:49","NewScoring":1,"CollectGeoLocation":"false","ProtectSelectionIds":true,"SurveyName":"Ordinal labels uniformity bias"}},{"SurveyID":"SV_bw8WJKm5K3RIwBv","Element":"SCO","PrimaryAttribute":"Scoring","SecondaryAttribute":null,"TertiaryAttribute":null,"Payload":{"ScoringCategories":[],"ScoringCategoryGroups":[],"ScoringSummaryCategory":null,"ScoringSummaryAfterQuestions":false,"ScoringSummaryAfterSurvey":false,"NextCategoryId":1,"NextGroupId":1,"DefaultScoringCategory":null,"ID":"Scoring"}},{"SurveyID":"SV_bw8WJKm5K3RIwBv","Element":"STAT","PrimaryAttribute":"Survey Statistics","SecondaryAttribute":null,"TertiaryAttribute":null,"Payload":{"MobileCompatible":true,"ID":"Survey Statistics"}},{"SurveyID":"SV_bw8WJKm5K3RIwBv","Element":"PROJ","PrimaryAttribute":"CORE","SecondaryAttribute":"1.0.0","TertiaryAttribute":null,"Payload":null},{"SurveyID":"SV_bw8WJKm5K3RIwBv","Element":"QC","PrimaryAttribute":"Survey Question Count","SecondaryAttribute":"743","TertiaryAttribute":null,"Payload":null},{"SurveyID":"SV_bw8WJKm5K3RIwBv","Element":"RS","PrimaryAttribute":"RS_5hgsYrFIXpFDO1D","SecondaryAttribute":"Default Response Set","TertiaryAttribute":null,"Payload":null},{"SurveyID":"SV_bw8WJKm5K3RIwBv","Element":"SQ","PrimaryAttribute":"QID47","SecondaryAttribute":"Finally, we would like you to answer a few\nquestions about yourself. This information will be very u","TertiaryAttribute":null,"Payload":{"QuestionText":"\n\n<p>Finally, we would like you to answer a few\nquestions about yourself. This information will be very useful in helping us\ndescribe the types of people who participated in our study.<\/p>\n\n","DefaultChoices":false,"DataExportTag":"Q48","QuestionType":"DB","Selector":"TB","Configuration":{"QuestionDescriptionOption":"UseText"},"QuestionDescription":"Finally, we would like you to answer a few\nquestions about yourself. This information will be very u...","ChoiceOrder":[],"Validation":{"Settings":{"Type":"None"}},"GradingData":[],"Language":[],"QuestionID":"QID47"}},{"SurveyID":"SV_bw8WJKm5K3RIwBv","Element":"SQ","PrimaryAttribute":"QID51","SecondaryAttribute":"How would you\ndescribe your race? Please check all\nthat apply.","TertiaryAttribute":null,"Payload":{"QuestionText":"\n\n<p>How would you\ndescribe your race? Please check all\nthat apply.<\/p>\n\n","DataExportTag":"Q56","QuestionType":"MC","Selector":"MAVR","SubSelector":"TX","Configuration":{"QuestionDescriptionOption":"UseText"},"QuestionDescription":"How would you\ndescribe your race? Please check all\nthat apply.","Choices":{"1":{"Display":"American Indian or Alaska Native"},"2":{"Display":"Asian"},"3":{"Display":"Black or African American"},"4":{"Display":"Native Hawaiian or Other Pacific Islander"},"5":{"Display":"White"},"6":{"Display":"Other"}},"ChoiceOrder":[1,2,3,4,5,6],"Validation":{"Settings":{"ForceResponse":"OFF","ForceResponseType":"ON","Type":"None"}},"Language":[],"QuestionID":"QID51"}},{"SurveyID":"SV_bw8WJKm5K3RIwBv","Element":"SQ","PrimaryAttribute":"QID731","SecondaryAttribute":"Imagine a local pizzeria where they sell pizzas in three different sizes. For each size please in...","TertiaryAttribute":null,"Payload":{"QuestionText":"Imagine a local pizzeria where they sell pizzas in three different sizes.<div><br><\/div><div>For each size please indicate the most you would be willing to pay for a pizza.<\/div>","DefaultChoices":false,"QuestionType":"TE","Selector":"FORM","Configuration":{"QuestionDescriptionOption":"UseText"},"QuestionDescription":"Imagine a local pizzeria where they sell pizzas in three different sizes. For each size please in...","Choices":{"1":{"Display":"Small: &nbsp;&nbsp; 10 inch  &nbsp; &nbsp; &nbsp; &nbsp; &nbsp; &nbsp; &nbsp; &nbsp; $","TextEntry":"on","InputWidth":50},"2":{"Display":"Medium: 12 inch &nbsp; &nbsp; &nbsp; &nbsp; &nbsp; &nbsp; &nbsp; <span style=\"font-size:11px;\">&nbsp;&nbsp;<\/span>$","TextEntry":"on","InputWidth":50},"3":{"Display":"Large:&nbsp; &nbsp; 18 inch &nbsp; &nbsp;  &nbsp; &nbsp; &nbsp; &nbsp; &nbsp; &nbsp; $","TextEntry":"on","InputWidth":50}},"ChoiceOrder":["1","2","3"],"Validation":{"Settings":{"ForceResponse":"ON","ForceResponseType":"ON","Type":null}},"GradingData":[],"Language":[],"QuestionText_Unsafe":"Imagine a local coffee shop where they sell coffee in three different cup sizes.<div><br><\/div><div>For each size please indicate the most you would be willing to pay for a coffee.<\/div>","QuestionText_Safe":"Imagine a local coffee shop where they sell coffee in three different cup sizes.<div><br \/><\/div><div>For each size please indicate the most you would be willing to pay for a coffee.<\/div>","DataExportTag":"Q731","QuestionID":"QID731","DataVisibility":{"Private":false,"Hidden":false},"NextChoiceId":4,"NextAnswerId":1,"SearchSource":{"AllowFreeResponse":"false"}}},{"SurveyID":"SV_bw8WJKm5K3RIwBv","Element":"SQ","PrimaryAttribute":"QID734","SecondaryAttribute":"Imagine a local pizzeria where they sell pizzas in three different sizes. For each size please in...","TertiaryAttribute":null,"Payload":{"QuestionText":"Imagine a local pizzeria where they sell pizzas in three different sizes.<div><br><\/div><div>For each size please indicate the most you would be willing to pay for a pizza.<\/div>","DefaultChoices":false,"DataExportTag":"Q60","QuestionType":"TE","Selector":"FORM","Configuration":{"QuestionDescriptionOption":"UseText"},"QuestionDescription":"Imagine a local pizzeria where they sell pizzas in three different sizes. For each size please in...","Choices":{"1":{"Display":"Small: &nbsp;&nbsp; 10 inch  &nbsp; &nbsp; &nbsp; &nbsp; &nbsp; &nbsp; &nbsp; &nbsp; $","TextEntry":"on","InputWidth":50},"2":{"Display":"Medium: 14 inch &nbsp; &nbsp; &nbsp; &nbsp; &nbsp; &nbsp; &nbsp; <span style=\"font-size:11px;\">&nbsp;&nbsp;<\/span>$","TextEntry":"on","InputWidth":50},"3":{"Display":"Large:&nbsp; &nbsp; 18 inch &nbsp; &nbsp; &nbsp; &nbsp; &nbsp; &nbsp; &nbsp; &nbsp; $","TextEntry":"on","InputWidth":50}},"ChoiceOrder":["1","2","3"],"Validation":{"Settings":{"ForceResponse":"ON","ForceResponseType":"ON","Type":null}},"GradingData":[],"Language":[],"QuestionID":"QID734","DataVisibility":{"Private":false,"Hidden":false},"NextChoiceId":4,"NextAnswerId":1,"SearchSource":{"AllowFreeResponse":"false"}}},{"SurveyID":"SV_bw8WJKm5K3RIwBv","Element":"SQ","PrimaryAttribute":"QID735","SecondaryAttribute":"Imagine a local pizzeria where they sell pizzas in three different sizes. For each size please in...","TertiaryAttribute":null,"Payload":{"QuestionText":"Imagine a local pizzeria where they sell pizzas in three different sizes.<div><br><\/div><div>For each size please indicate the most you would be willing to pay for a pizza.<\/div>","DefaultChoices":false,"DataExportTag":"Q61","QuestionType":"TE","Selector":"FORM","Configuration":{"QuestionDescriptionOption":"UseText"},"QuestionDescription":"Imagine a local pizzeria where they sell pizzas in three different sizes. For each size please in...","Choices":{"1":{"Display":"Small: &nbsp;&nbsp; 10 inch  &nbsp; &nbsp; &nbsp; &nbsp; &nbsp; &nbsp; &nbsp; &nbsp; $","TextEntry":"on","InputWidth":50},"2":{"Display":"Medium: 16 inch &nbsp; &nbsp; &nbsp; &nbsp; &nbsp; &nbsp; &nbsp; <span style=\"font-size:11px;\">&nbsp;&nbsp;<\/span>$","TextEntry":"on","InputWidth":50},"3":{"Display":"Large:&nbsp; &nbsp; 18 inch &nbsp; &nbsp; &nbsp; &nbsp; &nbsp; &nbsp; &nbsp; &nbsp; $","TextEntry":"on","InputWidth":50}},"ChoiceOrder":["1","2","3"],"Validation":{"Settings":{"ForceResponse":"ON","ForceResponseType":"ON","Type":null}},"GradingData":[],"Language":[],"QuestionID":"QID735","DataVisibility":{"Private":false,"Hidden":false},"NextChoiceId":4,"NextAnswerId":1,"SearchSource":{"AllowFreeResponse":"false"}}},{"SurveyID":"SV_bw8WJKm5K3RIwBv","Element":"SQ","PrimaryAttribute":"QID736","SecondaryAttribute":"Imagine a local pizzeria where they sell pizzas in three different sizes. For each size please in...","TertiaryAttribute":null,"Payload":{"QuestionText":"Imagine a local pizzeria where they sell pizzas in three different sizes.<div><br><\/div><div>For each size please indicate the most you would be willing to pay for a pizza.<\/div>","DefaultChoices":false,"QuestionType":"TE","Selector":"FORM","Configuration":{"QuestionDescriptionOption":"UseText"},"QuestionDescription":"Imagine a local pizzeria where they sell pizzas in three different sizes. For each size please in...","Choices":{"1":{"Display":"Option 1: 10 inch  &nbsp; &nbsp; &nbsp; &nbsp; &nbsp; &nbsp; &nbsp; &nbsp; &nbsp;  $","TextEntry":"on","InputWidth":50},"2":{"Display":"Option 2: 12 inch &nbsp; &nbsp; &nbsp; &nbsp; &nbsp; &nbsp; &nbsp; &nbsp;  &nbsp;  $","TextEntry":"on","InputWidth":50},"3":{"Display":"Option 3: 18 inch  &nbsp; &nbsp; &nbsp; &nbsp; &nbsp; &nbsp; &nbsp; &nbsp;  &nbsp;  $","TextEntry":"on","InputWidth":50}},"ChoiceOrder":["1","2","3"],"Validation":{"Settings":{"ForceResponse":"ON","ForceResponseType":"ON","Type":null}},"GradingData":[],"Language":[],"QuestionText_Unsafe":"Imagine a local pizzeria where they sell pizzas in three different sizes.<div><br><\/div><div>For each size please indicate the most you would be willing to pay for a pizza.<\/div>","QuestionText_Safe":"Imagine a local pizzeria where they sell pizzas in three different sizes.<div><br \/><\/div><div>For each size please indicate the most you would be willing to pay for a pizza.<\/div>","DataExportTag":"Q736","QuestionID":"QID736","DataVisibility":{"Private":false,"Hidden":false},"NextChoiceId":4,"NextAnswerId":1,"SearchSource":{"AllowFreeResponse":"false"}}},{"SurveyID":"SV_bw8WJKm5K3RIwBv","Element":"SQ","PrimaryAttribute":"QID739","SecondaryAttribute":"Imagine a local pizzeria where they sell pizzas in three different sizes. For each size please in...","TertiaryAttribute":null,"Payload":{"QuestionText":"Imagine a local pizzeria where they sell pizzas in three different sizes.<div><br><\/div><div>For each size please indicate the most you would be willing to pay for a pizza.<\/div>","DefaultChoices":false,"DataExportTag":"Q65","QuestionType":"TE","Selector":"FORM","Configuration":{"QuestionDescriptionOption":"UseText"},"QuestionDescription":"Imagine a local pizzeria where they sell pizzas in three different sizes. For each size please in...","Choices":{"1":{"Display":"Option 1: 10 inch  &nbsp; &nbsp; &nbsp; &nbsp; &nbsp; &nbsp; &nbsp; &nbsp; &nbsp;  $","TextEntry":"on","InputWidth":50},"2":{"Display":"Option 2: 14 inch  &nbsp; &nbsp; &nbsp; &nbsp; &nbsp; &nbsp; &nbsp; &nbsp; &nbsp;  $","TextEntry":"on","InputWidth":50},"3":{"Display":"Option 3: 18 inch  &nbsp; &nbsp; &nbsp; &nbsp; &nbsp; &nbsp; &nbsp; &nbsp; &nbsp;  $","TextEntry":"on","InputWidth":50}},"ChoiceOrder":["1","2","3"],"Validation":{"Settings":{"ForceResponse":"ON","ForceResponseType":"ON","Type":null}},"GradingData":[],"Language":[],"QuestionID":"QID739","DataVisibility":{"Private":false,"Hidden":false},"NextChoiceId":4,"NextAnswerId":1,"SearchSource":{"AllowFreeResponse":"false"}}},{"SurveyID":"SV_bw8WJKm5K3RIwBv","Element":"SQ","PrimaryAttribute":"QID740","SecondaryAttribute":"Imagine a local pizzeria where they sell pizzas in three different sizes. For each size please in...","TertiaryAttribute":null,"Payload":{"QuestionText":"Imagine a local pizzeria where they sell pizzas in three different sizes.<div><br><\/div><div>For each size please indicate the most you would be willing to pay for a pizza.<\/div>","DefaultChoices":false,"DataExportTag":"Q66","QuestionType":"TE","Selector":"FORM","Configuration":{"QuestionDescriptionOption":"UseText"},"QuestionDescription":"Imagine a local pizzeria where they sell pizzas in three different sizes. For each size please in...","Choices":{"1":{"Display":"Option 1: 10 inch  &nbsp; &nbsp; &nbsp; &nbsp; &nbsp; &nbsp; &nbsp; &nbsp; &nbsp;  $","TextEntry":"on","InputWidth":50},"2":{"Display":"Option 2: 16 inch  &nbsp; &nbsp; &nbsp; &nbsp; &nbsp; &nbsp; &nbsp; &nbsp; &nbsp;  $","TextEntry":"on","InputWidth":50},"3":{"Display":"Option 3: 18 inch  &nbsp; &nbsp; &nbsp; &nbsp; &nbsp; &nbsp; &nbsp; &nbsp; &nbsp;  $","TextEntry":"on","InputWidth":50}},"ChoiceOrder":["1","2","3"],"Validation":{"Settings":{"ForceResponse":"ON","ForceResponseType":"ON","Type":null}},"GradingData":[],"Language":[],"QuestionID":"QID740","DataVisibility":{"Private":false,"Hidden":false},"NextChoiceId":4,"NextAnswerId":1,"SearchSource":{"AllowFreeResponse":"false"}}},{"SurveyID":"SV_bw8WJKm5K3RIwBv","Element":"SQ","PrimaryAttribute":"QID741","SecondaryAttribute":"Imagine a local pizzeria where they sell pizzas in three different sizes.For each size please indica","TertiaryAttribute":null,"Payload":{"QuestionText":"Imagine a local pizzeria where they sell pizzas in three different sizes.<div><br><\/div><div>For each size please indicate the most you would be willing to pay for a pizza.<\/div>","DefaultChoices":false,"DataExportTag":"Q67","QuestionType":"TE","Selector":"FORM","Configuration":{"QuestionDescriptionOption":"UseText"},"QuestionDescription":"Imagine a local pizzeria where they sell pizzas in three different sizes.For each size please indicate the most you would be willing to pay for a pizza.","Choices":{"1":{"Display":"10 inch  &nbsp;  &nbsp;  &nbsp;  &nbsp;  &nbsp; &nbsp; &nbsp; &nbsp;  &nbsp;  &nbsp;  &nbsp; &nbsp; &nbsp; &nbsp; &nbsp; &nbsp; &nbsp;   $","TextEntry":"on","InputWidth":50},"2":{"Display":"12 inch  &nbsp;  &nbsp;  &nbsp;  &nbsp;  &nbsp; &nbsp; &nbsp; &nbsp;  &nbsp;  &nbsp;  &nbsp; &nbsp; &nbsp; &nbsp; &nbsp; &nbsp; &nbsp;   $","TextEntry":"on","InputWidth":50},"3":{"Display":"18 inch  &nbsp;  &nbsp;  &nbsp;  &nbsp;  &nbsp; &nbsp; &nbsp; &nbsp;  &nbsp;  &nbsp;  &nbsp; &nbsp; &nbsp; &nbsp; &nbsp; &nbsp; &nbsp;   $","TextEntry":"on","InputWidth":50}},"ChoiceOrder":["1","2","3"],"Validation":{"Settings":{"ForceResponse":"ON","ForceResponseType":"ON","Type":null}},"GradingData":[],"Language":[],"QuestionID":"QID741"}},{"SurveyID":"SV_bw8WJKm5K3RIwBv","Element":"SQ","PrimaryAttribute":"QID742","SecondaryAttribute":"Imagine a local pizzeria where they sell pizzas in three different sizes.For each size please indica","TertiaryAttribute":null,"Payload":{"QuestionText":"Imagine a local pizzeria where they sell pizzas in three different sizes.<div><br><\/div><div>For each size please indicate the most you would be willing to pay for a pizza.<\/div>","DefaultChoices":false,"DataExportTag":"Q68","QuestionType":"TE","Selector":"FORM","Configuration":{"QuestionDescriptionOption":"UseText"},"QuestionDescription":"Imagine a local pizzeria where they sell pizzas in three different sizes.For each size please indicate the most you would be willing to pay for a pizza.","Choices":{"1":{"Display":"10 inch  &nbsp;  &nbsp;  &nbsp;  &nbsp;  &nbsp; &nbsp; &nbsp; &nbsp;  &nbsp;  &nbsp;  &nbsp; &nbsp; &nbsp; &nbsp; &nbsp; &nbsp; &nbsp;   $","TextEntry":"on","InputWidth":50},"2":{"Display":"14 inch  &nbsp;  &nbsp;  &nbsp;  &nbsp;  &nbsp; &nbsp; &nbsp; &nbsp;  &nbsp;  &nbsp;  &nbsp; &nbsp; &nbsp; &nbsp; &nbsp; &nbsp; &nbsp;   $","TextEntry":"on","InputWidth":50},"3":{"Display":"18 inch  &nbsp;  &nbsp;  &nbsp;  &nbsp;  &nbsp; &nbsp; &nbsp; &nbsp;  &nbsp;  &nbsp;  &nbsp; &nbsp; &nbsp; &nbsp; &nbsp; &nbsp; &nbsp;   $","TextEntry":"on","InputWidth":50}},"ChoiceOrder":["1","2","3"],"Validation":{"Settings":{"ForceResponse":"ON","ForceResponseType":"ON","Type":null}},"GradingData":[],"Language":[],"QuestionID":"QID742"}},{"SurveyID":"SV_bw8WJKm5K3RIwBv","Element":"SQ","PrimaryAttribute":"QID743","SecondaryAttribute":"Imagine a local pizzeria where they sell pizzas in three different sizes.For each size please indica","TertiaryAttribute":null,"Payload":{"QuestionText":"Imagine a local pizzeria where they sell pizzas in three different sizes.<div><br><\/div><div>For each size please indicate the most you would be willing to pay for a pizza.<\/div>","DefaultChoices":false,"DataExportTag":"Q69","QuestionType":"TE","Selector":"FORM","Configuration":{"QuestionDescriptionOption":"UseText"},"QuestionDescription":"Imagine a local pizzeria where they sell pizzas in three different sizes.For each size please indicate the most you would be willing to pay for a pizza.","Choices":{"1":{"Display":"10 inch  &nbsp;  &nbsp;  &nbsp;  &nbsp;  &nbsp; &nbsp; &nbsp; &nbsp;  &nbsp;  &nbsp;  &nbsp; &nbsp; &nbsp; &nbsp; &nbsp; &nbsp; &nbsp;   $","TextEntry":"on","InputWidth":50},"2":{"Display":"16 inch  &nbsp;  &nbsp;  &nbsp;  &nbsp;  &nbsp; &nbsp; &nbsp; &nbsp;  &nbsp;  &nbsp;  &nbsp; &nbsp; &nbsp; &nbsp; &nbsp; &nbsp; &nbsp;   $","TextEntry":"on","InputWidth":50},"3":{"Display":"18 inch  &nbsp;  &nbsp;  &nbsp;  &nbsp;  &nbsp; &nbsp; &nbsp; &nbsp;  &nbsp;  &nbsp;  &nbsp; &nbsp; &nbsp; &nbsp; &nbsp; &nbsp; &nbsp;   $","TextEntry":"on","InputWidth":50}},"ChoiceOrder":["1","2","3"],"Validation":{"Settings":{"ForceResponse":"ON","ForceResponseType":"ON","Type":null}},"GradingData":[],"Language":[],"QuestionID":"QID743"}},{"SurveyID":"SV_bw8WJKm5K3RIwBv","Element":"SQ","PrimaryAttribute":"QID55","SecondaryAttribute":"Is English your first language? Please check one.","TertiaryAttribute":null,"Payload":{"QuestionText":"Is English your first language? Please check one.","DataExportTag":"Q64","QuestionType":"MC","Selector":"SAVR","SubSelector":"TX","Configuration":{"QuestionDescriptionOption":"UseText"},"QuestionDescription":"Is English your first language? Please check one.","Choices":{"1":{"Display":"Yes"},"2":{"Display":"No"}},"ChoiceOrder":[1,2],"Validation":{"Settings":{"ForceResponse":"OFF","ForceResponseType":"ON","Type":"None"}},"Language":[],"QuestionID":"QID55"}},{"SurveyID":"SV_bw8WJKm5K3RIwBv","Element":"SQ","PrimaryAttribute":"QID598","SecondaryAttribute":"Many companies offer different versions of the same product. These versions often differ in terms...","TertiaryAttribute":null,"Payload":{"QuestionText":"Many companies offer different versions of the same product. These versions often differ in terms of the level of one product attribute.&nbsp;<br>\n&nbsp;<br>\nIn the subsequent task, you will be asked to make choices and judgments about hypothetical products.","DefaultChoices":false,"DataExportTag":"Q109","QuestionType":"DB","Selector":"TB","Configuration":{"QuestionDescriptionOption":"UseText"},"QuestionDescription":"Many companies offer different versions of the same product. These versions often differ in terms...","ChoiceOrder":[],"Validation":{"Settings":{"Type":"None"}},"GradingData":[],"Language":[],"QuestionID":"QID598","DataVisibility":{"Private":false,"Hidden":false},"NextChoiceId":1,"NextAnswerId":1}},{"SurveyID":"SV_bw8WJKm5K3RIwBv","Element":"SQ","PrimaryAttribute":"QID233","SecondaryAttribute":"Thank you for completing this study. \n\n\t \n\tYour payment code for Mechanical Turk is: ...","TertiaryAttribute":null,"Payload":{"QuestionText":"Thank you for completing this study.<br>\n<div>\n\t<br>\n\tYour payment code for Mechanical Turk is:&nbsp;${e:\/\/Field\/mturkcode}<br>\n\t<br>\n\tPlease press the \"&gt;&gt;\" to finish up.<br>\n\t<br>\n\tYou MUST press the \"&gt;&gt;\" button or we will not receive your data and you will not receive payment.<\/div>","DefaultChoices":false,"DataExportTag":"Q233","QuestionID":"QID233","QuestionType":"DB","Selector":"TB","Configuration":{"QuestionDescriptionOption":"UseText"},"QuestionDescription":"Thank you for completing this study. \n\n\t \n\tYour payment code for Mechanical Turk is: ...","ChoiceOrder":[],"Validation":{"Settings":{"Type":"None"}},"GradingData":[],"Language":[]}},{"SurveyID":"SV_bw8WJKm5K3RIwBv","Element":"SQ","PrimaryAttribute":"QID43","SecondaryAttribute":"Welcome to the SchleyLabs survey. The current research is supported by the University of Colorado -.","TertiaryAttribute":null,"Payload":{"QuestionText":"Welcome to the SchleyLabs survey.&nbsp;<div><br><\/div><div>The current research is supported by the University of Colorado - Boulder and the Ohio State University.&nbsp;<div><br><\/div><div>Please read all instructions carefully before answering questions.&nbsp;<\/div><div><br><\/div><div>Thank you for your time and consideration.&nbsp;<\/div><div><br><\/div><div>Please press the \"&gt;&gt;\" button to begin.<\/div><\/div>","DefaultChoices":false,"DataExportTag":"Q44","QuestionType":"DB","Selector":"TB","Configuration":{"QuestionDescriptionOption":"UseText"},"QuestionDescription":"Welcome to the SchleyLabs survey. The current research is supported by the University of Colorado -...","ChoiceOrder":[],"Validation":{"Settings":{"Type":"None"}},"GradingData":[],"Language":[],"QuestionID":"QID43"}},{"SurveyID":"SV_bw8WJKm5K3RIwBv","Element":"SQ","PrimaryAttribute":"QID50","SecondaryAttribute":"What\nis your age in years?","TertiaryAttribute":null,"Payload":{"QuestionText":"What\nis your age in years? ","DefaultChoices":false,"DataExportTag":"Q54","QuestionType":"RO","Selector":"VR","SubSelector":"TX","Configuration":{"QuestionDescriptionOption":"UseText"},"QuestionDescription":"What\nis your age in years?","Choices":{"1":{"Display":"Years"}},"ChoiceOrder":[1],"Validation":{"Settings":{"ForceResponse":"OFF","Type":"None"}},"GradingData":[],"Language":[],"QuestionID":"QID50"}},{"SurveyID":"SV_bw8WJKm5K3RIwBv","Element":"SQ","PrimaryAttribute":"QID52","SecondaryAttribute":"What is your\nhighest level of education completed? Please check one.","TertiaryAttribute":null,"Payload":{"QuestionText":"\n\n<p>What is your\nhighest level of education completed? Please check one.<\/p>\n\n","DataExportTag":"Q58","QuestionType":"MC","Selector":"SAVR","SubSelector":"TX","Configuration":{"QuestionDescriptionOption":"UseText"},"QuestionDescription":"What is your\nhighest level of education completed? Please check one.","Choices":{"1":{"Display":"Some Highschool"},"2":{"Display":"Highschool\/ GED"},"3":{"Display":"Some College\/ 2 Year Degree"},"4":{"Display":"4 Year Degree"},"5":{"Display":"Some Graduate School"},"6":{"Display":"Graduate Degree"}},"ChoiceOrder":[1,2,3,4,5,6],"Validation":{"Settings":{"ForceResponse":"OFF","ForceResponseType":"ON","Type":"None"}},"Language":[],"QuestionID":"QID52"}},{"SurveyID":"SV_bw8WJKm5K3RIwBv","Element":"SQ","PrimaryAttribute":"QID49","SecondaryAttribute":"What is your\nsex? Please check one.","TertiaryAttribute":null,"Payload":{"QuestionText":"\n\n<p>What is your\nsex? Please check one.<\/p>\n\n","DataExportTag":"Q52","QuestionType":"MC","Selector":"SAVR","SubSelector":"TX","Configuration":{"QuestionDescriptionOption":"UseText"},"QuestionDescription":"What is your\nsex? Please check one.","Choices":{"1":{"Display":"Male"},"2":{"Display":"Female"}},"ChoiceOrder":[1,2],"Validation":{"Settings":{"ForceResponse":"OFF","ForceResponseType":"ON","Type":"None"}},"Language":[],"QuestionID":"QID49"}},{"SurveyID":"SV_bw8WJKm5K3RIwBv","Element":"SQ","PrimaryAttribute":"QID53","SecondaryAttribute":"What is your household\nincome? Please check one.","TertiaryAttribute":null,"Payload":{"QuestionText":"\n\n<p>What is your household\nincome? Please check one.<\/p>\n\n","DataExportTag":"Q60","QuestionType":"MC","Selector":"SAVR","SubSelector":"TX","Configuration":{"QuestionDescriptionOption":"UseText"},"QuestionDescription":"What is your household\nincome? Please check one.","Choices":{"1":{"Display":"<$20,000"},"2":{"Display":"$20,000-$39,999"},"3":{"Display":"$40,000-$59,999"},"4":{"Display":"$60,000-$99,999"},"5":{"Display":"$100,000-$199,999"},"6":{"Display":">$200,000"}},"ChoiceOrder":[1,2,3,4,5,6],"Validation":{"Settings":{"ForceResponse":"OFF","ForceResponseType":"ON","Type":"None"}},"Language":[],"QuestionID":"QID53"}}]}